
Microsoft Visual Studio Solution File, Format Version 12.00
# Visual Studio Version 16
VisualStudioVersion = 16.0.31321.278
MinimumVisualStudioVersion = 10.0.40219.1
Project("{FAE04EC0-301F-11D3-BF4B-00C04F79EFBC}") = "TestTcpServer", "TestTcpServer.csproj", "{2871C125-C918-4D8D-9842-2BAC68027F1A}"
EndProject
Global
	GlobalSection(SolutionConfigurationPlatforms) = preSolution
		Debug|Any CPU = Debug|Any CPU
		Release|Any CPU = Release|Any CPU
	EndGlobalSection
	GlobalSection(ProjectConfigurationPlatforms) = postSolution
		{2871C125-C918-4D8D-9842-2BAC68027F1A}.Debug|Any CPU.ActiveCfg = Debug|Any CPU
		{2871C125-C918-4D8D-9842-2BAC68027F1A}.Debug|Any CPU.Build.0 = Debug|Any CPU
		{2871C125-C918-4D8D-9842-2BAC68027F1A}.Release|Any CPU.ActiveCfg = Release|Any CPU
		{2871C125-C918-4D8D-9842-2BAC68027F1A}.Release|Any CPU.Build.0 = Release|Any CPU
	EndGlobalSection
	GlobalSection(SolutionProperties) = preSolution
		HideSolutionNode = FALSE
	EndGlobalSection
	GlobalSection(ExtensibilityGlobals) = postSolution
		SolutionGuid = {B56926DA-7456-4DED-A74C-5A6D7F4B87A1}
	EndGlobalSection
EndGlobal
