
Microsoft Visual Studio Solution File, Format Version 12.00
# Visual Studio Version 17
VisualStudioVersion = 17.10.35027.167
MinimumVisualStudioVersion = 10.0.40219.1
Project("{9A19103F-16F7-4668-BE54-9A1E7A4F7556}") = "AutoComplete", "AutoComplete.csproj", "{F808AAF1-7B6E-4C54-873B-1B19E5CAFF1D}"
EndProject
Project("{9A19103F-16F7-4668-BE54-9A1E7A4F7556}") = "MonkeyPaste.Common", "..\..\..\Common\MonkeyPaste.Common\MonkeyPaste.Common.csproj", "{043E9D3B-2871-4C79-A077-2FAEEB99B8B1}"
EndProject
Project("{9A19103F-16F7-4668-BE54-9A1E7A4F7556}") = "MonkeyPaste.Common.Plugin", "..\..\..\Common\MonkeyPaste.Common.Plugin\MonkeyPaste.Common.Plugin.csproj", "{A7221E29-EE63-4C92-BF58-451DAA3EFE8D}"
EndProject
Global
	GlobalSection(SolutionConfigurationPlatforms) = preSolution
		Debug|Any CPU = Debug|Any CPU
		Release|Any CPU = Release|Any CPU
	EndGlobalSection
	GlobalSection(ProjectConfigurationPlatforms) = postSolution
		{F808AAF1-7B6E-4C54-873B-1B19E5CAFF1D}.Debug|Any CPU.ActiveCfg = Debug|Any CPU
		{F808AAF1-7B6E-4C54-873B-1B19E5CAFF1D}.Debug|Any CPU.Build.0 = Debug|Any CPU
		{F808AAF1-7B6E-4C54-873B-1B19E5CAFF1D}.Release|Any CPU.ActiveCfg = Release|Any CPU
		{F808AAF1-7B6E-4C54-873B-1B19E5CAFF1D}.Release|Any CPU.Build.0 = Release|Any CPU
		{043E9D3B-2871-4C79-A077-2FAEEB99B8B1}.Debug|Any CPU.ActiveCfg = Debug|Any CPU
		{043E9D3B-2871-4C79-A077-2FAEEB99B8B1}.Debug|Any CPU.Build.0 = Debug|Any CPU
		{043E9D3B-2871-4C79-A077-2FAEEB99B8B1}.Release|Any CPU.ActiveCfg = Release|Any CPU
		{043E9D3B-2871-4C79-A077-2FAEEB99B8B1}.Release|Any CPU.Build.0 = Release|Any CPU
		{A7221E29-EE63-4C92-BF58-451DAA3EFE8D}.Debug|Any CPU.ActiveCfg = Debug|Any CPU
		{A7221E29-EE63-4C92-BF58-451DAA3EFE8D}.Debug|Any CPU.Build.0 = Debug|Any CPU
		{A7221E29-EE63-4C92-BF58-451DAA3EFE8D}.Release|Any CPU.ActiveCfg = Release|Any CPU
		{A7221E29-EE63-4C92-BF58-451DAA3EFE8D}.Release|Any CPU.Build.0 = Release|Any CPU
	EndGlobalSection
	GlobalSection(SolutionProperties) = preSolution
		HideSolutionNode = FALSE
	EndGlobalSection
	GlobalSection(ExtensibilityGlobals) = postSolution
		SolutionGuid = {E9C10689-3D05-4B29-9918-0A03B29D718E}
	EndGlobalSection
EndGlobal
