
Microsoft Visual Studio Solution File, Format Version 12.00
# Visual Studio Version 16
VisualStudioVersion = 16.0.31624.102
MinimumVisualStudioVersion = 10.0.40219.1
Project("{2150E333-8FDC-42A3-9474-1A3956D46DE8}") = "Solution Items", "Solution Items", "{C56184B6-D260-4411-B257-A11BD4E8DD31}"
	ProjectSection(SolutionItems) = preProject
		.editorconfig = .editorconfig
	EndProjectSection
EndProject
Project("{FAE04EC0-301F-11D3-BF4B-00C04F79EFBC}") = "MonkeyPaste.iOS", "MonkeyPaste.iOS\MonkeyPaste.iOS.csproj", "{1808457D-E1B4-42B1-9647-BF47B23C6166}"
EndProject
Project("{9A19103F-16F7-4668-BE54-9A1E7A4F7556}") = "MonkeyPaste", "MonkeyPaste\MonkeyPaste.csproj", "{EFFA9E68-C567-4F5A-AE60-0BA2937CF5FA}"
EndProject
Project("{FAE04EC0-301F-11D3-BF4B-00C04F79EFBC}") = "MonkeyPaste.Mac", "MonkeyPaste.Mac\MonkeyPaste.Mac.csproj", "{77F70064-C0B4-40FF-88FA-CA6795C1B89B}"
EndProject
Project("{FAE04EC0-301F-11D3-BF4B-00C04F79EFBC}") = "RtfTest", "RtfTest\RtfTest.csproj", "{5978A5F3-07CD-48B7-B250-4EDA9A70052E}"
EndProject
Project("{FAE04EC0-301F-11D3-BF4B-00C04F79EFBC}") = "MonkeyPaste.Android", "MonkeyPaste.Android\MonkeyPaste.Android.csproj", "{8E3CDCB7-18C2-41E6-8D36-B949BF7300DD}"
	ProjectSection(ProjectDependencies) = postProject
		{FAF48E9E-E646-44D0-BE02-AD1A9E9DFCD8} = {FAF48E9E-E646-44D0-BE02-AD1A9E9DFCD8}
	EndProjectSection
EndProject
Project("{FAE04EC0-301F-11D3-BF4B-00C04F79EFBC}") = "MonkeyPaste.iOS.KeyboardExtension", "MonkeyPaste.iOS.KeyboardExtension\MonkeyPaste.iOS.KeyboardExtension.csproj", "{7D6DFA97-AF05-44A5-9C4B-EEC0B107AFC6}"
EndProject
Project("{FAE04EC0-301F-11D3-BF4B-00C04F79EFBC}") = "MonkeyPaste.GTK", "MonkeyPaste.GTK\MonkeyPaste.GTK.csproj", "{D37EC76C-A341-4C44-8156-282EDFA01588}"
EndProject
Project("{FAE04EC0-301F-11D3-BF4B-00C04F79EFBC}") = "MonkeyPaste.iOS.ShareExtension", "MonkeyPaste.iOS.ShareExtension\MonkeyPaste.iOS.ShareExtension.csproj", "{FA7569F2-FE28-474D-A0D6-D7DCDEE2072D}"
EndProject
Project("{C7167F0D-BC9F-4E6E-AFE1-012C56B48DB5}") = "MpWpfWap", "MpWpfWap\MpWpfWap.wapproj", "{4D8D3D09-DD0F-40DA-B48C-1E5411ABF229}"
EndProject
Project("{FAE04EC0-301F-11D3-BF4B-00C04F79EFBC}") = "MpWpfApp", "MpWpfApp\MpWpfApp.csproj", "{AB141214-C52C-4390-B86B-1491D5F24E51}"
	ProjectSection(ProjectDependencies) = postProject
		{EFFA9E68-C567-4F5A-AE60-0BA2937CF5FA} = {EFFA9E68-C567-4F5A-AE60-0BA2937CF5FA}
		{099D3F70-56B6-4830-A9BC-A206412A16CE} = {099D3F70-56B6-4830-A9BC-A206412A16CE}
	EndProjectSection
EndProject
Project("{FAE04EC0-301F-11D3-BF4B-00C04F79EFBC}") = "MpClipboardHelper", "MpClipboardHelper\MpClipboardHelper.csproj", "{E3C8E3F7-3A44-4678-A742-5A6DD971A38C}"
	ProjectSection(ProjectDependencies) = postProject
		{EFFA9E68-C567-4F5A-AE60-0BA2937CF5FA} = {EFFA9E68-C567-4F5A-AE60-0BA2937CF5FA}
	EndProjectSection
EndProject
Project("{9A19103F-16F7-4668-BE54-9A1E7A4F7556}") = "MonkeyPaste.Plugin", "MonkeyPaste.Plugin\MonkeyPaste.Plugin.csproj", "{FAF48E9E-E646-44D0-BE02-AD1A9E9DFCD8}"
EndProject
Project("{FAE04EC0-301F-11D3-BF4B-00C04F79EFBC}") = "MpProcessHelper", "MpRunningApplicationHelper\MpProcessHelper.csproj", "{56E5FAAD-0C31-400F-B95F-D83517C07ED3}"
EndProject
Project("{FAE04EC0-301F-11D3-BF4B-00C04F79EFBC}") = "MpSystemTray", "MpSystemTray\MpSystemTray.csproj", "{9B379F4A-C8C3-47D1-9EB3-03C2DE91899C}"
EndProject
Project("{2150E333-8FDC-42A3-9474-1A3956D46DE8}") = "Plugins", "Plugins", "{D87F8DC2-8DB2-444D-BF8A-2D592009864A}"
EndProject
Project("{FAE04EC0-301F-11D3-BF4B-00C04F79EFBC}") = "CodeClassifier", "Plugins\CodeClassifier\CodeClassifier.csproj", "{099D3F70-56B6-4830-A9BC-A206412A16CE}"
EndProject
Project("{9A19103F-16F7-4668-BE54-9A1E7A4F7556}") = "ProcessAutomation", "Plugins\ProcessAutomation\ProcessAutomation.csproj", "{0205BF73-755F-45EA-8EDC-9EC4790BBDB2}"
	ProjectSection(ProjectDependencies) = postProject
		{E3C8E3F7-3A44-4678-A742-5A6DD971A38C} = {E3C8E3F7-3A44-4678-A742-5A6DD971A38C}
	EndProjectSection
EndProject
Project("{9A19103F-16F7-4668-BE54-9A1E7A4F7556}") = "QrCoder", "Plugins\QrCoder\QrCoder.csproj", "{DF8B97E9-F204-4C3F-8A32-98A37A31DDE4}"
	ProjectSection(ProjectDependencies) = postProject
		{FAF48E9E-E646-44D0-BE02-AD1A9E9DFCD8} = {FAF48E9E-E646-44D0-BE02-AD1A9E9DFCD8}
	EndProjectSection
EndProject
Project("{FAE04EC0-301F-11D3-BF4B-00C04F79EFBC}") = "CoreClipboardHandler", "Plugins\CoreClipboardHandler\CoreClipboardHandler.csproj", "{97E2D80E-B5AF-4792-A53A-06933F0EA015}"
	ProjectSection(ProjectDependencies) = postProject
		{FAF48E9E-E646-44D0-BE02-AD1A9E9DFCD8} = {FAF48E9E-E646-44D0-BE02-AD1A9E9DFCD8}
	EndProjectSection
EndProject
Global
	GlobalSection(SolutionConfigurationPlatforms) = preSolution
		Debug|Any CPU = Debug|Any CPU
		Debug|ARM = Debug|ARM
		Debug|ARM64 = Debug|ARM64
		Debug|iPhone = Debug|iPhone
		Debug|iPhoneSimulator = Debug|iPhoneSimulator
		Debug|x64 = Debug|x64
		Debug|x86 = Debug|x86
		Release|Any CPU = Release|Any CPU
		Release|ARM = Release|ARM
		Release|ARM64 = Release|ARM64
		Release|iPhone = Release|iPhone
		Release|iPhoneSimulator = Release|iPhoneSimulator
		Release|x64 = Release|x64
		Release|x86 = Release|x86
	EndGlobalSection
	GlobalSection(ProjectConfigurationPlatforms) = postSolution
		{1808457D-E1B4-42B1-9647-BF47B23C6166}.Debug|Any CPU.ActiveCfg = Debug|iPhoneSimulator
		{1808457D-E1B4-42B1-9647-BF47B23C6166}.Debug|ARM.ActiveCfg = Debug|iPhoneSimulator
		{1808457D-E1B4-42B1-9647-BF47B23C6166}.Debug|ARM64.ActiveCfg = Debug|iPhoneSimulator
		{1808457D-E1B4-42B1-9647-BF47B23C6166}.Debug|iPhone.ActiveCfg = Debug|iPhone
		{1808457D-E1B4-42B1-9647-BF47B23C6166}.Debug|iPhone.Build.0 = Debug|iPhone
		{1808457D-E1B4-42B1-9647-BF47B23C6166}.Debug|iPhone.Deploy.0 = Debug|iPhone
		{1808457D-E1B4-42B1-9647-BF47B23C6166}.Debug|iPhoneSimulator.ActiveCfg = Debug|iPhoneSimulator
		{1808457D-E1B4-42B1-9647-BF47B23C6166}.Debug|iPhoneSimulator.Build.0 = Debug|iPhoneSimulator
		{1808457D-E1B4-42B1-9647-BF47B23C6166}.Debug|x64.ActiveCfg = Debug|iPhoneSimulator
		{1808457D-E1B4-42B1-9647-BF47B23C6166}.Debug|x86.ActiveCfg = Debug|iPhoneSimulator
		{1808457D-E1B4-42B1-9647-BF47B23C6166}.Release|Any CPU.ActiveCfg = Release|iPhoneSimulator
		{1808457D-E1B4-42B1-9647-BF47B23C6166}.Release|ARM.ActiveCfg = Release|iPhoneSimulator
		{1808457D-E1B4-42B1-9647-BF47B23C6166}.Release|ARM64.ActiveCfg = Release|iPhoneSimulator
		{1808457D-E1B4-42B1-9647-BF47B23C6166}.Release|iPhone.ActiveCfg = Release|iPhone
		{1808457D-E1B4-42B1-9647-BF47B23C6166}.Release|iPhone.Build.0 = Release|iPhone
		{1808457D-E1B4-42B1-9647-BF47B23C6166}.Release|iPhoneSimulator.ActiveCfg = Release|iPhoneSimulator
		{1808457D-E1B4-42B1-9647-BF47B23C6166}.Release|iPhoneSimulator.Build.0 = Release|iPhoneSimulator
		{1808457D-E1B4-42B1-9647-BF47B23C6166}.Release|x64.ActiveCfg = Release|iPhoneSimulator
		{1808457D-E1B4-42B1-9647-BF47B23C6166}.Release|x86.ActiveCfg = Release|iPhoneSimulator
		{EFFA9E68-C567-4F5A-AE60-0BA2937CF5FA}.Debug|Any CPU.ActiveCfg = Debug|Any CPU
		{EFFA9E68-C567-4F5A-AE60-0BA2937CF5FA}.Debug|Any CPU.Build.0 = Debug|Any CPU
		{EFFA9E68-C567-4F5A-AE60-0BA2937CF5FA}.Debug|ARM.ActiveCfg = Debug|Any CPU
		{EFFA9E68-C567-4F5A-AE60-0BA2937CF5FA}.Debug|ARM.Build.0 = Debug|Any CPU
		{EFFA9E68-C567-4F5A-AE60-0BA2937CF5FA}.Debug|ARM64.ActiveCfg = Debug|Any CPU
		{EFFA9E68-C567-4F5A-AE60-0BA2937CF5FA}.Debug|ARM64.Build.0 = Debug|Any CPU
		{EFFA9E68-C567-4F5A-AE60-0BA2937CF5FA}.Debug|iPhone.ActiveCfg = Debug|Any CPU
		{EFFA9E68-C567-4F5A-AE60-0BA2937CF5FA}.Debug|iPhone.Build.0 = Debug|Any CPU
		{EFFA9E68-C567-4F5A-AE60-0BA2937CF5FA}.Debug|iPhoneSimulator.ActiveCfg = Debug|Any CPU
		{EFFA9E68-C567-4F5A-AE60-0BA2937CF5FA}.Debug|iPhoneSimulator.Build.0 = Debug|Any CPU
		{EFFA9E68-C567-4F5A-AE60-0BA2937CF5FA}.Debug|x64.ActiveCfg = Debug|Any CPU
		{EFFA9E68-C567-4F5A-AE60-0BA2937CF5FA}.Debug|x64.Build.0 = Debug|Any CPU
		{EFFA9E68-C567-4F5A-AE60-0BA2937CF5FA}.Debug|x86.ActiveCfg = Debug|Any CPU
		{EFFA9E68-C567-4F5A-AE60-0BA2937CF5FA}.Debug|x86.Build.0 = Debug|Any CPU
		{EFFA9E68-C567-4F5A-AE60-0BA2937CF5FA}.Release|Any CPU.ActiveCfg = Release|Any CPU
		{EFFA9E68-C567-4F5A-AE60-0BA2937CF5FA}.Release|Any CPU.Build.0 = Release|Any CPU
		{EFFA9E68-C567-4F5A-AE60-0BA2937CF5FA}.Release|ARM.ActiveCfg = Release|Any CPU
		{EFFA9E68-C567-4F5A-AE60-0BA2937CF5FA}.Release|ARM.Build.0 = Release|Any CPU
		{EFFA9E68-C567-4F5A-AE60-0BA2937CF5FA}.Release|ARM64.ActiveCfg = Release|Any CPU
		{EFFA9E68-C567-4F5A-AE60-0BA2937CF5FA}.Release|ARM64.Build.0 = Release|Any CPU
		{EFFA9E68-C567-4F5A-AE60-0BA2937CF5FA}.Release|iPhone.ActiveCfg = Release|Any CPU
		{EFFA9E68-C567-4F5A-AE60-0BA2937CF5FA}.Release|iPhone.Build.0 = Release|Any CPU
		{EFFA9E68-C567-4F5A-AE60-0BA2937CF5FA}.Release|iPhoneSimulator.ActiveCfg = Release|Any CPU
		{EFFA9E68-C567-4F5A-AE60-0BA2937CF5FA}.Release|iPhoneSimulator.Build.0 = Release|Any CPU
		{EFFA9E68-C567-4F5A-AE60-0BA2937CF5FA}.Release|x64.ActiveCfg = Release|Any CPU
		{EFFA9E68-C567-4F5A-AE60-0BA2937CF5FA}.Release|x64.Build.0 = Release|Any CPU
		{EFFA9E68-C567-4F5A-AE60-0BA2937CF5FA}.Release|x86.ActiveCfg = Release|Any CPU
		{EFFA9E68-C567-4F5A-AE60-0BA2937CF5FA}.Release|x86.Build.0 = Release|Any CPU
		{77F70064-C0B4-40FF-88FA-CA6795C1B89B}.Debug|Any CPU.ActiveCfg = Debug|Any CPU
		{77F70064-C0B4-40FF-88FA-CA6795C1B89B}.Debug|Any CPU.Build.0 = Debug|Any CPU
		{77F70064-C0B4-40FF-88FA-CA6795C1B89B}.Debug|ARM.ActiveCfg = Debug|Any CPU
		{77F70064-C0B4-40FF-88FA-CA6795C1B89B}.Debug|ARM.Build.0 = Debug|Any CPU
		{77F70064-C0B4-40FF-88FA-CA6795C1B89B}.Debug|ARM64.ActiveCfg = Debug|Any CPU
		{77F70064-C0B4-40FF-88FA-CA6795C1B89B}.Debug|ARM64.Build.0 = Debug|Any CPU
		{77F70064-C0B4-40FF-88FA-CA6795C1B89B}.Debug|iPhone.ActiveCfg = Debug|Any CPU
		{77F70064-C0B4-40FF-88FA-CA6795C1B89B}.Debug|iPhone.Build.0 = Debug|Any CPU
		{77F70064-C0B4-40FF-88FA-CA6795C1B89B}.Debug|iPhoneSimulator.ActiveCfg = Debug|Any CPU
		{77F70064-C0B4-40FF-88FA-CA6795C1B89B}.Debug|iPhoneSimulator.Build.0 = Debug|Any CPU
		{77F70064-C0B4-40FF-88FA-CA6795C1B89B}.Debug|x64.ActiveCfg = Debug|Any CPU
		{77F70064-C0B4-40FF-88FA-CA6795C1B89B}.Debug|x64.Build.0 = Debug|Any CPU
		{77F70064-C0B4-40FF-88FA-CA6795C1B89B}.Debug|x86.ActiveCfg = Debug|Any CPU
		{77F70064-C0B4-40FF-88FA-CA6795C1B89B}.Debug|x86.Build.0 = Debug|Any CPU
		{77F70064-C0B4-40FF-88FA-CA6795C1B89B}.Release|Any CPU.ActiveCfg = Release|Any CPU
		{77F70064-C0B4-40FF-88FA-CA6795C1B89B}.Release|Any CPU.Build.0 = Release|Any CPU
		{77F70064-C0B4-40FF-88FA-CA6795C1B89B}.Release|ARM.ActiveCfg = Release|Any CPU
		{77F70064-C0B4-40FF-88FA-CA6795C1B89B}.Release|ARM.Build.0 = Release|Any CPU
		{77F70064-C0B4-40FF-88FA-CA6795C1B89B}.Release|ARM64.ActiveCfg = Release|Any CPU
		{77F70064-C0B4-40FF-88FA-CA6795C1B89B}.Release|ARM64.Build.0 = Release|Any CPU
		{77F70064-C0B4-40FF-88FA-CA6795C1B89B}.Release|iPhone.ActiveCfg = Release|Any CPU
		{77F70064-C0B4-40FF-88FA-CA6795C1B89B}.Release|iPhone.Build.0 = Release|Any CPU
		{77F70064-C0B4-40FF-88FA-CA6795C1B89B}.Release|iPhoneSimulator.ActiveCfg = Release|Any CPU
		{77F70064-C0B4-40FF-88FA-CA6795C1B89B}.Release|iPhoneSimulator.Build.0 = Release|Any CPU
		{77F70064-C0B4-40FF-88FA-CA6795C1B89B}.Release|x64.ActiveCfg = Release|Any CPU
		{77F70064-C0B4-40FF-88FA-CA6795C1B89B}.Release|x64.Build.0 = Release|Any CPU
		{77F70064-C0B4-40FF-88FA-CA6795C1B89B}.Release|x86.ActiveCfg = Release|Any CPU
		{77F70064-C0B4-40FF-88FA-CA6795C1B89B}.Release|x86.Build.0 = Release|Any CPU
		{5978A5F3-07CD-48B7-B250-4EDA9A70052E}.Debug|Any CPU.ActiveCfg = Debug|Any CPU
		{5978A5F3-07CD-48B7-B250-4EDA9A70052E}.Debug|Any CPU.Build.0 = Debug|Any CPU
		{5978A5F3-07CD-48B7-B250-4EDA9A70052E}.Debug|ARM.ActiveCfg = Debug|Any CPU
		{5978A5F3-07CD-48B7-B250-4EDA9A70052E}.Debug|ARM.Build.0 = Debug|Any CPU
		{5978A5F3-07CD-48B7-B250-4EDA9A70052E}.Debug|ARM64.ActiveCfg = Debug|Any CPU
		{5978A5F3-07CD-48B7-B250-4EDA9A70052E}.Debug|ARM64.Build.0 = Debug|Any CPU
		{5978A5F3-07CD-48B7-B250-4EDA9A70052E}.Debug|iPhone.ActiveCfg = Debug|Any CPU
		{5978A5F3-07CD-48B7-B250-4EDA9A70052E}.Debug|iPhone.Build.0 = Debug|Any CPU
		{5978A5F3-07CD-48B7-B250-4EDA9A70052E}.Debug|iPhoneSimulator.ActiveCfg = Debug|Any CPU
		{5978A5F3-07CD-48B7-B250-4EDA9A70052E}.Debug|iPhoneSimulator.Build.0 = Debug|Any CPU
		{5978A5F3-07CD-48B7-B250-4EDA9A70052E}.Debug|x64.ActiveCfg = Debug|Any CPU
		{5978A5F3-07CD-48B7-B250-4EDA9A70052E}.Debug|x64.Build.0 = Debug|Any CPU
		{5978A5F3-07CD-48B7-B250-4EDA9A70052E}.Debug|x86.ActiveCfg = Debug|Any CPU
		{5978A5F3-07CD-48B7-B250-4EDA9A70052E}.Debug|x86.Build.0 = Debug|Any CPU
		{5978A5F3-07CD-48B7-B250-4EDA9A70052E}.Release|Any CPU.ActiveCfg = Release|Any CPU
		{5978A5F3-07CD-48B7-B250-4EDA9A70052E}.Release|Any CPU.Build.0 = Release|Any CPU
		{5978A5F3-07CD-48B7-B250-4EDA9A70052E}.Release|ARM.ActiveCfg = Release|Any CPU
		{5978A5F3-07CD-48B7-B250-4EDA9A70052E}.Release|ARM.Build.0 = Release|Any CPU
		{5978A5F3-07CD-48B7-B250-4EDA9A70052E}.Release|ARM64.ActiveCfg = Release|Any CPU
		{5978A5F3-07CD-48B7-B250-4EDA9A70052E}.Release|ARM64.Build.0 = Release|Any CPU
		{5978A5F3-07CD-48B7-B250-4EDA9A70052E}.Release|iPhone.ActiveCfg = Release|Any CPU
		{5978A5F3-07CD-48B7-B250-4EDA9A70052E}.Release|iPhone.Build.0 = Release|Any CPU
		{5978A5F3-07CD-48B7-B250-4EDA9A70052E}.Release|iPhoneSimulator.ActiveCfg = Release|Any CPU
		{5978A5F3-07CD-48B7-B250-4EDA9A70052E}.Release|iPhoneSimulator.Build.0 = Release|Any CPU
		{5978A5F3-07CD-48B7-B250-4EDA9A70052E}.Release|x64.ActiveCfg = Release|Any CPU
		{5978A5F3-07CD-48B7-B250-4EDA9A70052E}.Release|x64.Build.0 = Release|Any CPU
		{5978A5F3-07CD-48B7-B250-4EDA9A70052E}.Release|x86.ActiveCfg = Release|Any CPU
		{5978A5F3-07CD-48B7-B250-4EDA9A70052E}.Release|x86.Build.0 = Release|Any CPU
		{8E3CDCB7-18C2-41E6-8D36-B949BF7300DD}.Debug|Any CPU.ActiveCfg = Debug|Any CPU
		{8E3CDCB7-18C2-41E6-8D36-B949BF7300DD}.Debug|Any CPU.Build.0 = Debug|Any CPU
		{8E3CDCB7-18C2-41E6-8D36-B949BF7300DD}.Debug|Any CPU.Deploy.0 = Debug|Any CPU
		{8E3CDCB7-18C2-41E6-8D36-B949BF7300DD}.Debug|ARM.ActiveCfg = Debug|Any CPU
		{8E3CDCB7-18C2-41E6-8D36-B949BF7300DD}.Debug|ARM.Build.0 = Debug|Any CPU
		{8E3CDCB7-18C2-41E6-8D36-B949BF7300DD}.Debug|ARM.Deploy.0 = Debug|Any CPU
		{8E3CDCB7-18C2-41E6-8D36-B949BF7300DD}.Debug|ARM64.ActiveCfg = Debug|Any CPU
		{8E3CDCB7-18C2-41E6-8D36-B949BF7300DD}.Debug|ARM64.Build.0 = Debug|Any CPU
		{8E3CDCB7-18C2-41E6-8D36-B949BF7300DD}.Debug|ARM64.Deploy.0 = Debug|Any CPU
		{8E3CDCB7-18C2-41E6-8D36-B949BF7300DD}.Debug|iPhone.ActiveCfg = Debug|Any CPU
		{8E3CDCB7-18C2-41E6-8D36-B949BF7300DD}.Debug|iPhone.Build.0 = Debug|Any CPU
		{8E3CDCB7-18C2-41E6-8D36-B949BF7300DD}.Debug|iPhone.Deploy.0 = Debug|Any CPU
		{8E3CDCB7-18C2-41E6-8D36-B949BF7300DD}.Debug|iPhoneSimulator.ActiveCfg = Debug|Any CPU
		{8E3CDCB7-18C2-41E6-8D36-B949BF7300DD}.Debug|iPhoneSimulator.Build.0 = Debug|Any CPU
		{8E3CDCB7-18C2-41E6-8D36-B949BF7300DD}.Debug|iPhoneSimulator.Deploy.0 = Debug|Any CPU
		{8E3CDCB7-18C2-41E6-8D36-B949BF7300DD}.Debug|x64.ActiveCfg = Debug|Any CPU
		{8E3CDCB7-18C2-41E6-8D36-B949BF7300DD}.Debug|x64.Build.0 = Debug|Any CPU
		{8E3CDCB7-18C2-41E6-8D36-B949BF7300DD}.Debug|x64.Deploy.0 = Debug|Any CPU
		{8E3CDCB7-18C2-41E6-8D36-B949BF7300DD}.Debug|x86.ActiveCfg = Debug|Any CPU
		{8E3CDCB7-18C2-41E6-8D36-B949BF7300DD}.Debug|x86.Build.0 = Debug|Any CPU
		{8E3CDCB7-18C2-41E6-8D36-B949BF7300DD}.Debug|x86.Deploy.0 = Debug|Any CPU
		{8E3CDCB7-18C2-41E6-8D36-B949BF7300DD}.Release|Any CPU.ActiveCfg = Release|Any CPU
		{8E3CDCB7-18C2-41E6-8D36-B949BF7300DD}.Release|Any CPU.Build.0 = Release|Any CPU
		{8E3CDCB7-18C2-41E6-8D36-B949BF7300DD}.Release|Any CPU.Deploy.0 = Release|Any CPU
		{8E3CDCB7-18C2-41E6-8D36-B949BF7300DD}.Release|ARM.ActiveCfg = Release|Any CPU
		{8E3CDCB7-18C2-41E6-8D36-B949BF7300DD}.Release|ARM.Build.0 = Release|Any CPU
		{8E3CDCB7-18C2-41E6-8D36-B949BF7300DD}.Release|ARM.Deploy.0 = Release|Any CPU
		{8E3CDCB7-18C2-41E6-8D36-B949BF7300DD}.Release|ARM64.ActiveCfg = Release|Any CPU
		{8E3CDCB7-18C2-41E6-8D36-B949BF7300DD}.Release|ARM64.Build.0 = Release|Any CPU
		{8E3CDCB7-18C2-41E6-8D36-B949BF7300DD}.Release|ARM64.Deploy.0 = Release|Any CPU
		{8E3CDCB7-18C2-41E6-8D36-B949BF7300DD}.Release|iPhone.ActiveCfg = Release|Any CPU
		{8E3CDCB7-18C2-41E6-8D36-B949BF7300DD}.Release|iPhone.Build.0 = Release|Any CPU
		{8E3CDCB7-18C2-41E6-8D36-B949BF7300DD}.Release|iPhone.Deploy.0 = Release|Any CPU
		{8E3CDCB7-18C2-41E6-8D36-B949BF7300DD}.Release|iPhoneSimulator.ActiveCfg = Release|Any CPU
		{8E3CDCB7-18C2-41E6-8D36-B949BF7300DD}.Release|iPhoneSimulator.Build.0 = Release|Any CPU
		{8E3CDCB7-18C2-41E6-8D36-B949BF7300DD}.Release|iPhoneSimulator.Deploy.0 = Release|Any CPU
		{8E3CDCB7-18C2-41E6-8D36-B949BF7300DD}.Release|x64.ActiveCfg = Release|Any CPU
		{8E3CDCB7-18C2-41E6-8D36-B949BF7300DD}.Release|x64.Build.0 = Release|Any CPU
		{8E3CDCB7-18C2-41E6-8D36-B949BF7300DD}.Release|x64.Deploy.0 = Release|Any CPU
		{8E3CDCB7-18C2-41E6-8D36-B949BF7300DD}.Release|x86.ActiveCfg = Release|Any CPU
		{8E3CDCB7-18C2-41E6-8D36-B949BF7300DD}.Release|x86.Build.0 = Release|Any CPU
		{8E3CDCB7-18C2-41E6-8D36-B949BF7300DD}.Release|x86.Deploy.0 = Release|Any CPU
		{7D6DFA97-AF05-44A5-9C4B-EEC0B107AFC6}.Debug|Any CPU.ActiveCfg = Debug|iPhoneSimulator
		{7D6DFA97-AF05-44A5-9C4B-EEC0B107AFC6}.Debug|ARM.ActiveCfg = Debug|iPhoneSimulator
		{7D6DFA97-AF05-44A5-9C4B-EEC0B107AFC6}.Debug|ARM64.ActiveCfg = Debug|iPhoneSimulator
		{7D6DFA97-AF05-44A5-9C4B-EEC0B107AFC6}.Debug|iPhone.ActiveCfg = Debug|iPhone
		{7D6DFA97-AF05-44A5-9C4B-EEC0B107AFC6}.Debug|iPhone.Build.0 = Debug|iPhone
		{7D6DFA97-AF05-44A5-9C4B-EEC0B107AFC6}.Debug|iPhoneSimulator.ActiveCfg = Debug|iPhoneSimulator
		{7D6DFA97-AF05-44A5-9C4B-EEC0B107AFC6}.Debug|iPhoneSimulator.Build.0 = Debug|iPhoneSimulator
		{7D6DFA97-AF05-44A5-9C4B-EEC0B107AFC6}.Debug|x64.ActiveCfg = Debug|iPhoneSimulator
		{7D6DFA97-AF05-44A5-9C4B-EEC0B107AFC6}.Debug|x86.ActiveCfg = Debug|iPhoneSimulator
		{7D6DFA97-AF05-44A5-9C4B-EEC0B107AFC6}.Release|Any CPU.ActiveCfg = Release|iPhoneSimulator
		{7D6DFA97-AF05-44A5-9C4B-EEC0B107AFC6}.Release|ARM.ActiveCfg = Release|iPhoneSimulator
		{7D6DFA97-AF05-44A5-9C4B-EEC0B107AFC6}.Release|ARM64.ActiveCfg = Release|iPhoneSimulator
		{7D6DFA97-AF05-44A5-9C4B-EEC0B107AFC6}.Release|iPhone.ActiveCfg = Release|iPhone
		{7D6DFA97-AF05-44A5-9C4B-EEC0B107AFC6}.Release|iPhone.Build.0 = Release|iPhone
		{7D6DFA97-AF05-44A5-9C4B-EEC0B107AFC6}.Release|iPhoneSimulator.ActiveCfg = Release|iPhoneSimulator
		{7D6DFA97-AF05-44A5-9C4B-EEC0B107AFC6}.Release|iPhoneSimulator.Build.0 = Release|iPhoneSimulator
		{7D6DFA97-AF05-44A5-9C4B-EEC0B107AFC6}.Release|x64.ActiveCfg = Release|iPhoneSimulator
		{7D6DFA97-AF05-44A5-9C4B-EEC0B107AFC6}.Release|x86.ActiveCfg = Release|iPhoneSimulator
		{D37EC76C-A341-4C44-8156-282EDFA01588}.Debug|Any CPU.ActiveCfg = Debug|Any CPU
		{D37EC76C-A341-4C44-8156-282EDFA01588}.Debug|Any CPU.Build.0 = Debug|Any CPU
		{D37EC76C-A341-4C44-8156-282EDFA01588}.Debug|ARM.ActiveCfg = Debug|Any CPU
		{D37EC76C-A341-4C44-8156-282EDFA01588}.Debug|ARM.Build.0 = Debug|Any CPU
		{D37EC76C-A341-4C44-8156-282EDFA01588}.Debug|ARM64.ActiveCfg = Debug|Any CPU
		{D37EC76C-A341-4C44-8156-282EDFA01588}.Debug|ARM64.Build.0 = Debug|Any CPU
		{D37EC76C-A341-4C44-8156-282EDFA01588}.Debug|iPhone.ActiveCfg = Debug|Any CPU
		{D37EC76C-A341-4C44-8156-282EDFA01588}.Debug|iPhone.Build.0 = Debug|Any CPU
		{D37EC76C-A341-4C44-8156-282EDFA01588}.Debug|iPhoneSimulator.ActiveCfg = Debug|Any CPU
		{D37EC76C-A341-4C44-8156-282EDFA01588}.Debug|iPhoneSimulator.Build.0 = Debug|Any CPU
		{D37EC76C-A341-4C44-8156-282EDFA01588}.Debug|x64.ActiveCfg = Debug|Any CPU
		{D37EC76C-A341-4C44-8156-282EDFA01588}.Debug|x64.Build.0 = Debug|Any CPU
		{D37EC76C-A341-4C44-8156-282EDFA01588}.Debug|x86.ActiveCfg = Debug|Any CPU
		{D37EC76C-A341-4C44-8156-282EDFA01588}.Debug|x86.Build.0 = Debug|Any CPU
		{D37EC76C-A341-4C44-8156-282EDFA01588}.Release|Any CPU.ActiveCfg = Release|Any CPU
		{D37EC76C-A341-4C44-8156-282EDFA01588}.Release|Any CPU.Build.0 = Release|Any CPU
		{D37EC76C-A341-4C44-8156-282EDFA01588}.Release|ARM.ActiveCfg = Release|Any CPU
		{D37EC76C-A341-4C44-8156-282EDFA01588}.Release|ARM.Build.0 = Release|Any CPU
		{D37EC76C-A341-4C44-8156-282EDFA01588}.Release|ARM64.ActiveCfg = Release|Any CPU
		{D37EC76C-A341-4C44-8156-282EDFA01588}.Release|ARM64.Build.0 = Release|Any CPU
		{D37EC76C-A341-4C44-8156-282EDFA01588}.Release|iPhone.ActiveCfg = Release|Any CPU
		{D37EC76C-A341-4C44-8156-282EDFA01588}.Release|iPhone.Build.0 = Release|Any CPU
		{D37EC76C-A341-4C44-8156-282EDFA01588}.Release|iPhoneSimulator.ActiveCfg = Release|Any CPU
		{D37EC76C-A341-4C44-8156-282EDFA01588}.Release|iPhoneSimulator.Build.0 = Release|Any CPU
		{D37EC76C-A341-4C44-8156-282EDFA01588}.Release|x64.ActiveCfg = Release|Any CPU
		{D37EC76C-A341-4C44-8156-282EDFA01588}.Release|x64.Build.0 = Release|Any CPU
		{D37EC76C-A341-4C44-8156-282EDFA01588}.Release|x86.ActiveCfg = Release|Any CPU
		{D37EC76C-A341-4C44-8156-282EDFA01588}.Release|x86.Build.0 = Release|Any CPU
		{FA7569F2-FE28-474D-A0D6-D7DCDEE2072D}.Debug|Any CPU.ActiveCfg = Debug|iPhoneSimulator
		{FA7569F2-FE28-474D-A0D6-D7DCDEE2072D}.Debug|ARM.ActiveCfg = Debug|iPhoneSimulator
		{FA7569F2-FE28-474D-A0D6-D7DCDEE2072D}.Debug|ARM64.ActiveCfg = Debug|iPhoneSimulator
		{FA7569F2-FE28-474D-A0D6-D7DCDEE2072D}.Debug|iPhone.ActiveCfg = Debug|iPhone
		{FA7569F2-FE28-474D-A0D6-D7DCDEE2072D}.Debug|iPhone.Build.0 = Debug|iPhone
		{FA7569F2-FE28-474D-A0D6-D7DCDEE2072D}.Debug|iPhoneSimulator.ActiveCfg = Debug|iPhoneSimulator
		{FA7569F2-FE28-474D-A0D6-D7DCDEE2072D}.Debug|iPhoneSimulator.Build.0 = Debug|iPhoneSimulator
		{FA7569F2-FE28-474D-A0D6-D7DCDEE2072D}.Debug|x64.ActiveCfg = Debug|iPhoneSimulator
		{FA7569F2-FE28-474D-A0D6-D7DCDEE2072D}.Debug|x86.ActiveCfg = Debug|iPhoneSimulator
		{FA7569F2-FE28-474D-A0D6-D7DCDEE2072D}.Release|Any CPU.ActiveCfg = Release|iPhoneSimulator
		{FA7569F2-FE28-474D-A0D6-D7DCDEE2072D}.Release|ARM.ActiveCfg = Release|iPhoneSimulator
		{FA7569F2-FE28-474D-A0D6-D7DCDEE2072D}.Release|ARM64.ActiveCfg = Release|iPhoneSimulator
		{FA7569F2-FE28-474D-A0D6-D7DCDEE2072D}.Release|iPhone.ActiveCfg = Release|iPhone
		{FA7569F2-FE28-474D-A0D6-D7DCDEE2072D}.Release|iPhone.Build.0 = Release|iPhone
		{FA7569F2-FE28-474D-A0D6-D7DCDEE2072D}.Release|iPhoneSimulator.ActiveCfg = Release|iPhoneSimulator
		{FA7569F2-FE28-474D-A0D6-D7DCDEE2072D}.Release|iPhoneSimulator.Build.0 = Release|iPhoneSimulator
		{FA7569F2-FE28-474D-A0D6-D7DCDEE2072D}.Release|x64.ActiveCfg = Release|iPhoneSimulator
		{FA7569F2-FE28-474D-A0D6-D7DCDEE2072D}.Release|x86.ActiveCfg = Release|iPhoneSimulator
		{4D8D3D09-DD0F-40DA-B48C-1E5411ABF229}.Debug|Any CPU.ActiveCfg = Debug|Any CPU
		{4D8D3D09-DD0F-40DA-B48C-1E5411ABF229}.Debug|Any CPU.Build.0 = Debug|Any CPU
		{4D8D3D09-DD0F-40DA-B48C-1E5411ABF229}.Debug|Any CPU.Deploy.0 = Debug|Any CPU
		{4D8D3D09-DD0F-40DA-B48C-1E5411ABF229}.Debug|ARM.ActiveCfg = Debug|ARM
		{4D8D3D09-DD0F-40DA-B48C-1E5411ABF229}.Debug|ARM.Build.0 = Debug|ARM
		{4D8D3D09-DD0F-40DA-B48C-1E5411ABF229}.Debug|ARM.Deploy.0 = Debug|ARM
		{4D8D3D09-DD0F-40DA-B48C-1E5411ABF229}.Debug|ARM64.ActiveCfg = Debug|ARM64
		{4D8D3D09-DD0F-40DA-B48C-1E5411ABF229}.Debug|ARM64.Build.0 = Debug|ARM64
		{4D8D3D09-DD0F-40DA-B48C-1E5411ABF229}.Debug|ARM64.Deploy.0 = Debug|ARM64
		{4D8D3D09-DD0F-40DA-B48C-1E5411ABF229}.Debug|iPhone.ActiveCfg = Debug|Any CPU
		{4D8D3D09-DD0F-40DA-B48C-1E5411ABF229}.Debug|iPhone.Build.0 = Debug|Any CPU
		{4D8D3D09-DD0F-40DA-B48C-1E5411ABF229}.Debug|iPhone.Deploy.0 = Debug|Any CPU
		{4D8D3D09-DD0F-40DA-B48C-1E5411ABF229}.Debug|iPhoneSimulator.ActiveCfg = Debug|Any CPU
		{4D8D3D09-DD0F-40DA-B48C-1E5411ABF229}.Debug|iPhoneSimulator.Build.0 = Debug|Any CPU
		{4D8D3D09-DD0F-40DA-B48C-1E5411ABF229}.Debug|iPhoneSimulator.Deploy.0 = Debug|Any CPU
		{4D8D3D09-DD0F-40DA-B48C-1E5411ABF229}.Debug|x64.ActiveCfg = Debug|Any CPU
		{4D8D3D09-DD0F-40DA-B48C-1E5411ABF229}.Debug|x64.Build.0 = Debug|Any CPU
		{4D8D3D09-DD0F-40DA-B48C-1E5411ABF229}.Debug|x64.Deploy.0 = Debug|Any CPU
		{4D8D3D09-DD0F-40DA-B48C-1E5411ABF229}.Debug|x86.ActiveCfg = Debug|x86
		{4D8D3D09-DD0F-40DA-B48C-1E5411ABF229}.Debug|x86.Build.0 = Debug|x86
		{4D8D3D09-DD0F-40DA-B48C-1E5411ABF229}.Debug|x86.Deploy.0 = Debug|x86
		{4D8D3D09-DD0F-40DA-B48C-1E5411ABF229}.Release|Any CPU.ActiveCfg = Release|Any CPU
		{4D8D3D09-DD0F-40DA-B48C-1E5411ABF229}.Release|Any CPU.Build.0 = Release|Any CPU
		{4D8D3D09-DD0F-40DA-B48C-1E5411ABF229}.Release|Any CPU.Deploy.0 = Release|Any CPU
		{4D8D3D09-DD0F-40DA-B48C-1E5411ABF229}.Release|ARM.ActiveCfg = Release|ARM
		{4D8D3D09-DD0F-40DA-B48C-1E5411ABF229}.Release|ARM.Build.0 = Release|ARM
		{4D8D3D09-DD0F-40DA-B48C-1E5411ABF229}.Release|ARM.Deploy.0 = Release|ARM
		{4D8D3D09-DD0F-40DA-B48C-1E5411ABF229}.Release|ARM64.ActiveCfg = Release|ARM64
		{4D8D3D09-DD0F-40DA-B48C-1E5411ABF229}.Release|ARM64.Build.0 = Release|ARM64
		{4D8D3D09-DD0F-40DA-B48C-1E5411ABF229}.Release|ARM64.Deploy.0 = Release|ARM64
		{4D8D3D09-DD0F-40DA-B48C-1E5411ABF229}.Release|iPhone.ActiveCfg = Release|Any CPU
		{4D8D3D09-DD0F-40DA-B48C-1E5411ABF229}.Release|iPhone.Build.0 = Release|Any CPU
		{4D8D3D09-DD0F-40DA-B48C-1E5411ABF229}.Release|iPhone.Deploy.0 = Release|Any CPU
		{4D8D3D09-DD0F-40DA-B48C-1E5411ABF229}.Release|iPhoneSimulator.ActiveCfg = Release|Any CPU
		{4D8D3D09-DD0F-40DA-B48C-1E5411ABF229}.Release|iPhoneSimulator.Build.0 = Release|Any CPU
		{4D8D3D09-DD0F-40DA-B48C-1E5411ABF229}.Release|iPhoneSimulator.Deploy.0 = Release|Any CPU
		{4D8D3D09-DD0F-40DA-B48C-1E5411ABF229}.Release|x64.ActiveCfg = Release|x64
		{4D8D3D09-DD0F-40DA-B48C-1E5411ABF229}.Release|x64.Build.0 = Release|x64
		{4D8D3D09-DD0F-40DA-B48C-1E5411ABF229}.Release|x64.Deploy.0 = Release|x64
		{4D8D3D09-DD0F-40DA-B48C-1E5411ABF229}.Release|x86.ActiveCfg = Release|x86
		{4D8D3D09-DD0F-40DA-B48C-1E5411ABF229}.Release|x86.Build.0 = Release|x86
		{4D8D3D09-DD0F-40DA-B48C-1E5411ABF229}.Release|x86.Deploy.0 = Release|x86
		{AB141214-C52C-4390-B86B-1491D5F24E51}.Debug|Any CPU.ActiveCfg = Debug|Any CPU
		{AB141214-C52C-4390-B86B-1491D5F24E51}.Debug|Any CPU.Build.0 = Debug|Any CPU
		{AB141214-C52C-4390-B86B-1491D5F24E51}.Debug|ARM.ActiveCfg = Debug|Any CPU
		{AB141214-C52C-4390-B86B-1491D5F24E51}.Debug|ARM.Build.0 = Debug|Any CPU
		{AB141214-C52C-4390-B86B-1491D5F24E51}.Debug|ARM64.ActiveCfg = Debug|Any CPU
		{AB141214-C52C-4390-B86B-1491D5F24E51}.Debug|ARM64.Build.0 = Debug|Any CPU
		{AB141214-C52C-4390-B86B-1491D5F24E51}.Debug|iPhone.ActiveCfg = Debug|Any CPU
		{AB141214-C52C-4390-B86B-1491D5F24E51}.Debug|iPhone.Build.0 = Debug|Any CPU
		{AB141214-C52C-4390-B86B-1491D5F24E51}.Debug|iPhoneSimulator.ActiveCfg = Debug|Any CPU
		{AB141214-C52C-4390-B86B-1491D5F24E51}.Debug|iPhoneSimulator.Build.0 = Debug|Any CPU
		{AB141214-C52C-4390-B86B-1491D5F24E51}.Debug|x64.ActiveCfg = Debug|x64
		{AB141214-C52C-4390-B86B-1491D5F24E51}.Debug|x64.Build.0 = Debug|x64
		{AB141214-C52C-4390-B86B-1491D5F24E51}.Debug|x86.ActiveCfg = Debug|Any CPU
		{AB141214-C52C-4390-B86B-1491D5F24E51}.Release|Any CPU.ActiveCfg = Release|Any CPU
		{AB141214-C52C-4390-B86B-1491D5F24E51}.Release|Any CPU.Build.0 = Release|Any CPU
		{AB141214-C52C-4390-B86B-1491D5F24E51}.Release|ARM.ActiveCfg = Release|Any CPU
		{AB141214-C52C-4390-B86B-1491D5F24E51}.Release|ARM.Build.0 = Release|Any CPU
		{AB141214-C52C-4390-B86B-1491D5F24E51}.Release|ARM64.ActiveCfg = Release|Any CPU
		{AB141214-C52C-4390-B86B-1491D5F24E51}.Release|ARM64.Build.0 = Release|Any CPU
		{AB141214-C52C-4390-B86B-1491D5F24E51}.Release|iPhone.ActiveCfg = Release|Any CPU
		{AB141214-C52C-4390-B86B-1491D5F24E51}.Release|iPhone.Build.0 = Release|Any CPU
		{AB141214-C52C-4390-B86B-1491D5F24E51}.Release|iPhoneSimulator.ActiveCfg = Release|Any CPU
		{AB141214-C52C-4390-B86B-1491D5F24E51}.Release|iPhoneSimulator.Build.0 = Release|Any CPU
		{AB141214-C52C-4390-B86B-1491D5F24E51}.Release|x64.ActiveCfg = Release|Any CPU
		{AB141214-C52C-4390-B86B-1491D5F24E51}.Release|x64.Build.0 = Release|Any CPU
		{AB141214-C52C-4390-B86B-1491D5F24E51}.Release|x86.ActiveCfg = Release|Any CPU
		{AB141214-C52C-4390-B86B-1491D5F24E51}.Release|x86.Build.0 = Release|Any CPU
		{E3C8E3F7-3A44-4678-A742-5A6DD971A38C}.Debug|Any CPU.ActiveCfg = Debug|Any CPU
		{E3C8E3F7-3A44-4678-A742-5A6DD971A38C}.Debug|Any CPU.Build.0 = Debug|Any CPU
		{E3C8E3F7-3A44-4678-A742-5A6DD971A38C}.Debug|ARM.ActiveCfg = Debug|Any CPU
		{E3C8E3F7-3A44-4678-A742-5A6DD971A38C}.Debug|ARM.Build.0 = Debug|Any CPU
		{E3C8E3F7-3A44-4678-A742-5A6DD971A38C}.Debug|ARM64.ActiveCfg = Debug|Any CPU
		{E3C8E3F7-3A44-4678-A742-5A6DD971A38C}.Debug|ARM64.Build.0 = Debug|Any CPU
		{E3C8E3F7-3A44-4678-A742-5A6DD971A38C}.Debug|iPhone.ActiveCfg = Debug|Any CPU
		{E3C8E3F7-3A44-4678-A742-5A6DD971A38C}.Debug|iPhone.Build.0 = Debug|Any CPU
		{E3C8E3F7-3A44-4678-A742-5A6DD971A38C}.Debug|iPhoneSimulator.ActiveCfg = Debug|Any CPU
		{E3C8E3F7-3A44-4678-A742-5A6DD971A38C}.Debug|iPhoneSimulator.Build.0 = Debug|Any CPU
		{E3C8E3F7-3A44-4678-A742-5A6DD971A38C}.Debug|x64.ActiveCfg = Debug|Any CPU
		{E3C8E3F7-3A44-4678-A742-5A6DD971A38C}.Debug|x64.Build.0 = Debug|Any CPU
		{E3C8E3F7-3A44-4678-A742-5A6DD971A38C}.Debug|x86.ActiveCfg = Debug|Any CPU
		{E3C8E3F7-3A44-4678-A742-5A6DD971A38C}.Debug|x86.Build.0 = Debug|Any CPU
		{E3C8E3F7-3A44-4678-A742-5A6DD971A38C}.Release|Any CPU.ActiveCfg = Release|Any CPU
		{E3C8E3F7-3A44-4678-A742-5A6DD971A38C}.Release|Any CPU.Build.0 = Release|Any CPU
		{E3C8E3F7-3A44-4678-A742-5A6DD971A38C}.Release|ARM.ActiveCfg = Release|Any CPU
		{E3C8E3F7-3A44-4678-A742-5A6DD971A38C}.Release|ARM.Build.0 = Release|Any CPU
		{E3C8E3F7-3A44-4678-A742-5A6DD971A38C}.Release|ARM64.ActiveCfg = Release|Any CPU
		{E3C8E3F7-3A44-4678-A742-5A6DD971A38C}.Release|ARM64.Build.0 = Release|Any CPU
		{E3C8E3F7-3A44-4678-A742-5A6DD971A38C}.Release|iPhone.ActiveCfg = Release|Any CPU
		{E3C8E3F7-3A44-4678-A742-5A6DD971A38C}.Release|iPhone.Build.0 = Release|Any CPU
		{E3C8E3F7-3A44-4678-A742-5A6DD971A38C}.Release|iPhoneSimulator.ActiveCfg = Release|Any CPU
		{E3C8E3F7-3A44-4678-A742-5A6DD971A38C}.Release|iPhoneSimulator.Build.0 = Release|Any CPU
		{E3C8E3F7-3A44-4678-A742-5A6DD971A38C}.Release|x64.ActiveCfg = Release|Any CPU
		{E3C8E3F7-3A44-4678-A742-5A6DD971A38C}.Release|x64.Build.0 = Release|Any CPU
		{E3C8E3F7-3A44-4678-A742-5A6DD971A38C}.Release|x86.ActiveCfg = Release|Any CPU
		{E3C8E3F7-3A44-4678-A742-5A6DD971A38C}.Release|x86.Build.0 = Release|Any CPU
		{FAF48E9E-E646-44D0-BE02-AD1A9E9DFCD8}.Debug|Any CPU.ActiveCfg = Debug|Any CPU
		{FAF48E9E-E646-44D0-BE02-AD1A9E9DFCD8}.Debug|Any CPU.Build.0 = Debug|Any CPU
		{FAF48E9E-E646-44D0-BE02-AD1A9E9DFCD8}.Debug|ARM.ActiveCfg = Debug|Any CPU
		{FAF48E9E-E646-44D0-BE02-AD1A9E9DFCD8}.Debug|ARM.Build.0 = Debug|Any CPU
		{FAF48E9E-E646-44D0-BE02-AD1A9E9DFCD8}.Debug|ARM64.ActiveCfg = Debug|Any CPU
		{FAF48E9E-E646-44D0-BE02-AD1A9E9DFCD8}.Debug|ARM64.Build.0 = Debug|Any CPU
		{FAF48E9E-E646-44D0-BE02-AD1A9E9DFCD8}.Debug|iPhone.ActiveCfg = Debug|Any CPU
		{FAF48E9E-E646-44D0-BE02-AD1A9E9DFCD8}.Debug|iPhone.Build.0 = Debug|Any CPU
		{FAF48E9E-E646-44D0-BE02-AD1A9E9DFCD8}.Debug|iPhoneSimulator.ActiveCfg = Debug|Any CPU
		{FAF48E9E-E646-44D0-BE02-AD1A9E9DFCD8}.Debug|iPhoneSimulator.Build.0 = Debug|Any CPU
		{FAF48E9E-E646-44D0-BE02-AD1A9E9DFCD8}.Debug|x64.ActiveCfg = Debug|Any CPU
		{FAF48E9E-E646-44D0-BE02-AD1A9E9DFCD8}.Debug|x64.Build.0 = Debug|Any CPU
		{FAF48E9E-E646-44D0-BE02-AD1A9E9DFCD8}.Debug|x86.ActiveCfg = Debug|Any CPU
		{FAF48E9E-E646-44D0-BE02-AD1A9E9DFCD8}.Debug|x86.Build.0 = Debug|Any CPU
		{FAF48E9E-E646-44D0-BE02-AD1A9E9DFCD8}.Release|Any CPU.ActiveCfg = Release|Any CPU
		{FAF48E9E-E646-44D0-BE02-AD1A9E9DFCD8}.Release|Any CPU.Build.0 = Release|Any CPU
		{FAF48E9E-E646-44D0-BE02-AD1A9E9DFCD8}.Release|ARM.ActiveCfg = Release|Any CPU
		{FAF48E9E-E646-44D0-BE02-AD1A9E9DFCD8}.Release|ARM.Build.0 = Release|Any CPU
		{FAF48E9E-E646-44D0-BE02-AD1A9E9DFCD8}.Release|ARM64.ActiveCfg = Release|Any CPU
		{FAF48E9E-E646-44D0-BE02-AD1A9E9DFCD8}.Release|ARM64.Build.0 = Release|Any CPU
		{FAF48E9E-E646-44D0-BE02-AD1A9E9DFCD8}.Release|iPhone.ActiveCfg = Release|Any CPU
		{FAF48E9E-E646-44D0-BE02-AD1A9E9DFCD8}.Release|iPhone.Build.0 = Release|Any CPU
		{FAF48E9E-E646-44D0-BE02-AD1A9E9DFCD8}.Release|iPhoneSimulator.ActiveCfg = Release|Any CPU
		{FAF48E9E-E646-44D0-BE02-AD1A9E9DFCD8}.Release|iPhoneSimulator.Build.0 = Release|Any CPU
		{FAF48E9E-E646-44D0-BE02-AD1A9E9DFCD8}.Release|x64.ActiveCfg = Release|Any CPU
		{FAF48E9E-E646-44D0-BE02-AD1A9E9DFCD8}.Release|x64.Build.0 = Release|Any CPU
		{FAF48E9E-E646-44D0-BE02-AD1A9E9DFCD8}.Release|x86.ActiveCfg = Release|Any CPU
		{FAF48E9E-E646-44D0-BE02-AD1A9E9DFCD8}.Release|x86.Build.0 = Release|Any CPU
		{56E5FAAD-0C31-400F-B95F-D83517C07ED3}.Debug|Any CPU.ActiveCfg = Debug|Any CPU
		{56E5FAAD-0C31-400F-B95F-D83517C07ED3}.Debug|Any CPU.Build.0 = Debug|Any CPU
		{56E5FAAD-0C31-400F-B95F-D83517C07ED3}.Debug|ARM.ActiveCfg = Debug|Any CPU
		{56E5FAAD-0C31-400F-B95F-D83517C07ED3}.Debug|ARM.Build.0 = Debug|Any CPU
		{56E5FAAD-0C31-400F-B95F-D83517C07ED3}.Debug|ARM64.ActiveCfg = Debug|Any CPU
		{56E5FAAD-0C31-400F-B95F-D83517C07ED3}.Debug|ARM64.Build.0 = Debug|Any CPU
		{56E5FAAD-0C31-400F-B95F-D83517C07ED3}.Debug|iPhone.ActiveCfg = Debug|Any CPU
		{56E5FAAD-0C31-400F-B95F-D83517C07ED3}.Debug|iPhone.Build.0 = Debug|Any CPU
		{56E5FAAD-0C31-400F-B95F-D83517C07ED3}.Debug|iPhoneSimulator.ActiveCfg = Debug|Any CPU
		{56E5FAAD-0C31-400F-B95F-D83517C07ED3}.Debug|iPhoneSimulator.Build.0 = Debug|Any CPU
		{56E5FAAD-0C31-400F-B95F-D83517C07ED3}.Debug|x64.ActiveCfg = Debug|Any CPU
		{56E5FAAD-0C31-400F-B95F-D83517C07ED3}.Debug|x64.Build.0 = Debug|Any CPU
		{56E5FAAD-0C31-400F-B95F-D83517C07ED3}.Debug|x86.ActiveCfg = Debug|Any CPU
		{56E5FAAD-0C31-400F-B95F-D83517C07ED3}.Debug|x86.Build.0 = Debug|Any CPU
		{56E5FAAD-0C31-400F-B95F-D83517C07ED3}.Release|Any CPU.ActiveCfg = Release|Any CPU
		{56E5FAAD-0C31-400F-B95F-D83517C07ED3}.Release|Any CPU.Build.0 = Release|Any CPU
		{56E5FAAD-0C31-400F-B95F-D83517C07ED3}.Release|ARM.ActiveCfg = Release|Any CPU
		{56E5FAAD-0C31-400F-B95F-D83517C07ED3}.Release|ARM.Build.0 = Release|Any CPU
		{56E5FAAD-0C31-400F-B95F-D83517C07ED3}.Release|ARM64.ActiveCfg = Release|Any CPU
		{56E5FAAD-0C31-400F-B95F-D83517C07ED3}.Release|ARM64.Build.0 = Release|Any CPU
		{56E5FAAD-0C31-400F-B95F-D83517C07ED3}.Release|iPhone.ActiveCfg = Release|Any CPU
		{56E5FAAD-0C31-400F-B95F-D83517C07ED3}.Release|iPhone.Build.0 = Release|Any CPU
		{56E5FAAD-0C31-400F-B95F-D83517C07ED3}.Release|iPhoneSimulator.ActiveCfg = Release|Any CPU
		{56E5FAAD-0C31-400F-B95F-D83517C07ED3}.Release|iPhoneSimulator.Build.0 = Release|Any CPU
		{56E5FAAD-0C31-400F-B95F-D83517C07ED3}.Release|x64.ActiveCfg = Release|Any CPU
		{56E5FAAD-0C31-400F-B95F-D83517C07ED3}.Release|x64.Build.0 = Release|Any CPU
		{56E5FAAD-0C31-400F-B95F-D83517C07ED3}.Release|x86.ActiveCfg = Release|Any CPU
		{56E5FAAD-0C31-400F-B95F-D83517C07ED3}.Release|x86.Build.0 = Release|Any CPU
		{9B379F4A-C8C3-47D1-9EB3-03C2DE91899C}.Debug|Any CPU.ActiveCfg = Debug|Any CPU
		{9B379F4A-C8C3-47D1-9EB3-03C2DE91899C}.Debug|Any CPU.Build.0 = Debug|Any CPU
		{9B379F4A-C8C3-47D1-9EB3-03C2DE91899C}.Debug|ARM.ActiveCfg = Debug|Any CPU
		{9B379F4A-C8C3-47D1-9EB3-03C2DE91899C}.Debug|ARM.Build.0 = Debug|Any CPU
		{9B379F4A-C8C3-47D1-9EB3-03C2DE91899C}.Debug|ARM64.ActiveCfg = Debug|Any CPU
		{9B379F4A-C8C3-47D1-9EB3-03C2DE91899C}.Debug|ARM64.Build.0 = Debug|Any CPU
		{9B379F4A-C8C3-47D1-9EB3-03C2DE91899C}.Debug|iPhone.ActiveCfg = Debug|Any CPU
		{9B379F4A-C8C3-47D1-9EB3-03C2DE91899C}.Debug|iPhone.Build.0 = Debug|Any CPU
		{9B379F4A-C8C3-47D1-9EB3-03C2DE91899C}.Debug|iPhoneSimulator.ActiveCfg = Debug|Any CPU
		{9B379F4A-C8C3-47D1-9EB3-03C2DE91899C}.Debug|iPhoneSimulator.Build.0 = Debug|Any CPU
		{9B379F4A-C8C3-47D1-9EB3-03C2DE91899C}.Debug|x64.ActiveCfg = Debug|Any CPU
		{9B379F4A-C8C3-47D1-9EB3-03C2DE91899C}.Debug|x64.Build.0 = Debug|Any CPU
		{9B379F4A-C8C3-47D1-9EB3-03C2DE91899C}.Debug|x86.ActiveCfg = Debug|Any CPU
		{9B379F4A-C8C3-47D1-9EB3-03C2DE91899C}.Debug|x86.Build.0 = Debug|Any CPU
		{9B379F4A-C8C3-47D1-9EB3-03C2DE91899C}.Release|Any CPU.ActiveCfg = Release|Any CPU
		{9B379F4A-C8C3-47D1-9EB3-03C2DE91899C}.Release|Any CPU.Build.0 = Release|Any CPU
		{9B379F4A-C8C3-47D1-9EB3-03C2DE91899C}.Release|ARM.ActiveCfg = Release|Any CPU
		{9B379F4A-C8C3-47D1-9EB3-03C2DE91899C}.Release|ARM.Build.0 = Release|Any CPU
		{9B379F4A-C8C3-47D1-9EB3-03C2DE91899C}.Release|ARM64.ActiveCfg = Release|Any CPU
		{9B379F4A-C8C3-47D1-9EB3-03C2DE91899C}.Release|ARM64.Build.0 = Release|Any CPU
		{9B379F4A-C8C3-47D1-9EB3-03C2DE91899C}.Release|iPhone.ActiveCfg = Release|Any CPU
		{9B379F4A-C8C3-47D1-9EB3-03C2DE91899C}.Release|iPhone.Build.0 = Release|Any CPU
		{9B379F4A-C8C3-47D1-9EB3-03C2DE91899C}.Release|iPhoneSimulator.ActiveCfg = Release|Any CPU
		{9B379F4A-C8C3-47D1-9EB3-03C2DE91899C}.Release|iPhoneSimulator.Build.0 = Release|Any CPU
		{9B379F4A-C8C3-47D1-9EB3-03C2DE91899C}.Release|x64.ActiveCfg = Release|Any CPU
		{9B379F4A-C8C3-47D1-9EB3-03C2DE91899C}.Release|x64.Build.0 = Release|Any CPU
		{9B379F4A-C8C3-47D1-9EB3-03C2DE91899C}.Release|x86.ActiveCfg = Release|Any CPU
		{9B379F4A-C8C3-47D1-9EB3-03C2DE91899C}.Release|x86.Build.0 = Release|Any CPU
		{099D3F70-56B6-4830-A9BC-A206412A16CE}.Debug|Any CPU.ActiveCfg = Debug|Any CPU
		{099D3F70-56B6-4830-A9BC-A206412A16CE}.Debug|Any CPU.Build.0 = Debug|Any CPU
		{099D3F70-56B6-4830-A9BC-A206412A16CE}.Debug|ARM.ActiveCfg = Debug|Any CPU
		{099D3F70-56B6-4830-A9BC-A206412A16CE}.Debug|ARM.Build.0 = Debug|Any CPU
		{099D3F70-56B6-4830-A9BC-A206412A16CE}.Debug|ARM64.ActiveCfg = Debug|Any CPU
		{099D3F70-56B6-4830-A9BC-A206412A16CE}.Debug|ARM64.Build.0 = Debug|Any CPU
		{099D3F70-56B6-4830-A9BC-A206412A16CE}.Debug|iPhone.ActiveCfg = Debug|Any CPU
		{099D3F70-56B6-4830-A9BC-A206412A16CE}.Debug|iPhone.Build.0 = Debug|Any CPU
		{099D3F70-56B6-4830-A9BC-A206412A16CE}.Debug|iPhoneSimulator.ActiveCfg = Debug|Any CPU
		{099D3F70-56B6-4830-A9BC-A206412A16CE}.Debug|iPhoneSimulator.Build.0 = Debug|Any CPU
		{099D3F70-56B6-4830-A9BC-A206412A16CE}.Debug|x64.ActiveCfg = Debug|Any CPU
		{099D3F70-56B6-4830-A9BC-A206412A16CE}.Debug|x64.Build.0 = Debug|Any CPU
		{099D3F70-56B6-4830-A9BC-A206412A16CE}.Debug|x86.ActiveCfg = Debug|Any CPU
		{099D3F70-56B6-4830-A9BC-A206412A16CE}.Debug|x86.Build.0 = Debug|Any CPU
		{099D3F70-56B6-4830-A9BC-A206412A16CE}.Release|Any CPU.ActiveCfg = Release|Any CPU
		{099D3F70-56B6-4830-A9BC-A206412A16CE}.Release|Any CPU.Build.0 = Release|Any CPU
		{099D3F70-56B6-4830-A9BC-A206412A16CE}.Release|ARM.ActiveCfg = Release|Any CPU
		{099D3F70-56B6-4830-A9BC-A206412A16CE}.Release|ARM.Build.0 = Release|Any CPU
		{099D3F70-56B6-4830-A9BC-A206412A16CE}.Release|ARM64.ActiveCfg = Release|Any CPU
		{099D3F70-56B6-4830-A9BC-A206412A16CE}.Release|ARM64.Build.0 = Release|Any CPU
		{099D3F70-56B6-4830-A9BC-A206412A16CE}.Release|iPhone.ActiveCfg = Release|Any CPU
		{099D3F70-56B6-4830-A9BC-A206412A16CE}.Release|iPhone.Build.0 = Release|Any CPU
		{099D3F70-56B6-4830-A9BC-A206412A16CE}.Release|iPhoneSimulator.ActiveCfg = Release|Any CPU
		{099D3F70-56B6-4830-A9BC-A206412A16CE}.Release|iPhoneSimulator.Build.0 = Release|Any CPU
		{099D3F70-56B6-4830-A9BC-A206412A16CE}.Release|x64.ActiveCfg = Release|Any CPU
		{099D3F70-56B6-4830-A9BC-A206412A16CE}.Release|x64.Build.0 = Release|Any CPU
		{099D3F70-56B6-4830-A9BC-A206412A16CE}.Release|x86.ActiveCfg = Release|Any CPU
		{099D3F70-56B6-4830-A9BC-A206412A16CE}.Release|x86.Build.0 = Release|Any CPU
		{0205BF73-755F-45EA-8EDC-9EC4790BBDB2}.Debug|Any CPU.ActiveCfg = Debug|Any CPU
		{0205BF73-755F-45EA-8EDC-9EC4790BBDB2}.Debug|Any CPU.Build.0 = Debug|Any CPU
		{0205BF73-755F-45EA-8EDC-9EC4790BBDB2}.Debug|ARM.ActiveCfg = Debug|Any CPU
		{0205BF73-755F-45EA-8EDC-9EC4790BBDB2}.Debug|ARM.Build.0 = Debug|Any CPU
		{0205BF73-755F-45EA-8EDC-9EC4790BBDB2}.Debug|ARM64.ActiveCfg = Debug|Any CPU
		{0205BF73-755F-45EA-8EDC-9EC4790BBDB2}.Debug|ARM64.Build.0 = Debug|Any CPU
		{0205BF73-755F-45EA-8EDC-9EC4790BBDB2}.Debug|iPhone.ActiveCfg = Debug|Any CPU
		{0205BF73-755F-45EA-8EDC-9EC4790BBDB2}.Debug|iPhone.Build.0 = Debug|Any CPU
		{0205BF73-755F-45EA-8EDC-9EC4790BBDB2}.Debug|iPhoneSimulator.ActiveCfg = Debug|Any CPU
		{0205BF73-755F-45EA-8EDC-9EC4790BBDB2}.Debug|iPhoneSimulator.Build.0 = Debug|Any CPU
		{0205BF73-755F-45EA-8EDC-9EC4790BBDB2}.Debug|x64.ActiveCfg = Debug|Any CPU
		{0205BF73-755F-45EA-8EDC-9EC4790BBDB2}.Debug|x64.Build.0 = Debug|Any CPU
		{0205BF73-755F-45EA-8EDC-9EC4790BBDB2}.Debug|x86.ActiveCfg = Debug|Any CPU
		{0205BF73-755F-45EA-8EDC-9EC4790BBDB2}.Debug|x86.Build.0 = Debug|Any CPU
		{0205BF73-755F-45EA-8EDC-9EC4790BBDB2}.Release|Any CPU.ActiveCfg = Release|Any CPU
		{0205BF73-755F-45EA-8EDC-9EC4790BBDB2}.Release|Any CPU.Build.0 = Release|Any CPU
		{0205BF73-755F-45EA-8EDC-9EC4790BBDB2}.Release|ARM.ActiveCfg = Release|Any CPU
		{0205BF73-755F-45EA-8EDC-9EC4790BBDB2}.Release|ARM.Build.0 = Release|Any CPU
		{0205BF73-755F-45EA-8EDC-9EC4790BBDB2}.Release|ARM64.ActiveCfg = Release|Any CPU
		{0205BF73-755F-45EA-8EDC-9EC4790BBDB2}.Release|ARM64.Build.0 = Release|Any CPU
		{0205BF73-755F-45EA-8EDC-9EC4790BBDB2}.Release|iPhone.ActiveCfg = Release|Any CPU
		{0205BF73-755F-45EA-8EDC-9EC4790BBDB2}.Release|iPhone.Build.0 = Release|Any CPU
		{0205BF73-755F-45EA-8EDC-9EC4790BBDB2}.Release|iPhoneSimulator.ActiveCfg = Release|Any CPU
		{0205BF73-755F-45EA-8EDC-9EC4790BBDB2}.Release|iPhoneSimulator.Build.0 = Release|Any CPU
		{0205BF73-755F-45EA-8EDC-9EC4790BBDB2}.Release|x64.ActiveCfg = Release|Any CPU
		{0205BF73-755F-45EA-8EDC-9EC4790BBDB2}.Release|x64.Build.0 = Release|Any CPU
		{0205BF73-755F-45EA-8EDC-9EC4790BBDB2}.Release|x86.ActiveCfg = Release|Any CPU
		{0205BF73-755F-45EA-8EDC-9EC4790BBDB2}.Release|x86.Build.0 = Release|Any CPU
		{DF8B97E9-F204-4C3F-8A32-98A37A31DDE4}.Debug|Any CPU.ActiveCfg = Debug|Any CPU
		{DF8B97E9-F204-4C3F-8A32-98A37A31DDE4}.Debug|Any CPU.Build.0 = Debug|Any CPU
		{DF8B97E9-F204-4C3F-8A32-98A37A31DDE4}.Debug|ARM.ActiveCfg = Debug|Any CPU
		{DF8B97E9-F204-4C3F-8A32-98A37A31DDE4}.Debug|ARM.Build.0 = Debug|Any CPU
		{DF8B97E9-F204-4C3F-8A32-98A37A31DDE4}.Debug|ARM64.ActiveCfg = Debug|Any CPU
		{DF8B97E9-F204-4C3F-8A32-98A37A31DDE4}.Debug|ARM64.Build.0 = Debug|Any CPU
		{DF8B97E9-F204-4C3F-8A32-98A37A31DDE4}.Debug|iPhone.ActiveCfg = Debug|Any CPU
		{DF8B97E9-F204-4C3F-8A32-98A37A31DDE4}.Debug|iPhone.Build.0 = Debug|Any CPU
		{DF8B97E9-F204-4C3F-8A32-98A37A31DDE4}.Debug|iPhoneSimulator.ActiveCfg = Debug|Any CPU
		{DF8B97E9-F204-4C3F-8A32-98A37A31DDE4}.Debug|iPhoneSimulator.Build.0 = Debug|Any CPU
		{DF8B97E9-F204-4C3F-8A32-98A37A31DDE4}.Debug|x64.ActiveCfg = Debug|Any CPU
		{DF8B97E9-F204-4C3F-8A32-98A37A31DDE4}.Debug|x64.Build.0 = Debug|Any CPU
		{DF8B97E9-F204-4C3F-8A32-98A37A31DDE4}.Debug|x86.ActiveCfg = Debug|Any CPU
		{DF8B97E9-F204-4C3F-8A32-98A37A31DDE4}.Debug|x86.Build.0 = Debug|Any CPU
		{DF8B97E9-F204-4C3F-8A32-98A37A31DDE4}.Release|Any CPU.ActiveCfg = Release|Any CPU
		{DF8B97E9-F204-4C3F-8A32-98A37A31DDE4}.Release|Any CPU.Build.0 = Release|Any CPU
		{DF8B97E9-F204-4C3F-8A32-98A37A31DDE4}.Release|ARM.ActiveCfg = Release|Any CPU
		{DF8B97E9-F204-4C3F-8A32-98A37A31DDE4}.Release|ARM.Build.0 = Release|Any CPU
		{DF8B97E9-F204-4C3F-8A32-98A37A31DDE4}.Release|ARM64.ActiveCfg = Release|Any CPU
		{DF8B97E9-F204-4C3F-8A32-98A37A31DDE4}.Release|ARM64.Build.0 = Release|Any CPU
		{DF8B97E9-F204-4C3F-8A32-98A37A31DDE4}.Release|iPhone.ActiveCfg = Release|Any CPU
		{DF8B97E9-F204-4C3F-8A32-98A37A31DDE4}.Release|iPhone.Build.0 = Release|Any CPU
		{DF8B97E9-F204-4C3F-8A32-98A37A31DDE4}.Release|iPhoneSimulator.ActiveCfg = Release|Any CPU
		{DF8B97E9-F204-4C3F-8A32-98A37A31DDE4}.Release|iPhoneSimulator.Build.0 = Release|Any CPU
		{DF8B97E9-F204-4C3F-8A32-98A37A31DDE4}.Release|x64.ActiveCfg = Release|Any CPU
		{DF8B97E9-F204-4C3F-8A32-98A37A31DDE4}.Release|x64.Build.0 = Release|Any CPU
		{DF8B97E9-F204-4C3F-8A32-98A37A31DDE4}.Release|x86.ActiveCfg = Release|Any CPU
		{DF8B97E9-F204-4C3F-8A32-98A37A31DDE4}.Release|x86.Build.0 = Release|Any CPU
		{97E2D80E-B5AF-4792-A53A-06933F0EA015}.Debug|Any CPU.ActiveCfg = Debug|Any CPU
		{97E2D80E-B5AF-4792-A53A-06933F0EA015}.Debug|Any CPU.Build.0 = Debug|Any CPU
		{97E2D80E-B5AF-4792-A53A-06933F0EA015}.Debug|ARM.ActiveCfg = Debug|Any CPU
		{97E2D80E-B5AF-4792-A53A-06933F0EA015}.Debug|ARM.Build.0 = Debug|Any CPU
		{97E2D80E-B5AF-4792-A53A-06933F0EA015}.Debug|ARM64.ActiveCfg = Debug|Any CPU
		{97E2D80E-B5AF-4792-A53A-06933F0EA015}.Debug|ARM64.Build.0 = Debug|Any CPU
		{97E2D80E-B5AF-4792-A53A-06933F0EA015}.Debug|iPhone.ActiveCfg = Debug|Any CPU
		{97E2D80E-B5AF-4792-A53A-06933F0EA015}.Debug|iPhone.Build.0 = Debug|Any CPU
		{97E2D80E-B5AF-4792-A53A-06933F0EA015}.Debug|iPhoneSimulator.ActiveCfg = Debug|Any CPU
		{97E2D80E-B5AF-4792-A53A-06933F0EA015}.Debug|iPhoneSimulator.Build.0 = Debug|Any CPU
		{97E2D80E-B5AF-4792-A53A-06933F0EA015}.Debug|x64.ActiveCfg = Debug|Any CPU
		{97E2D80E-B5AF-4792-A53A-06933F0EA015}.Debug|x64.Build.0 = Debug|Any CPU
		{97E2D80E-B5AF-4792-A53A-06933F0EA015}.Debug|x86.ActiveCfg = Debug|Any CPU
		{97E2D80E-B5AF-4792-A53A-06933F0EA015}.Debug|x86.Build.0 = Debug|Any CPU
		{97E2D80E-B5AF-4792-A53A-06933F0EA015}.Release|Any CPU.ActiveCfg = Release|Any CPU
		{97E2D80E-B5AF-4792-A53A-06933F0EA015}.Release|Any CPU.Build.0 = Release|Any CPU
		{97E2D80E-B5AF-4792-A53A-06933F0EA015}.Release|ARM.ActiveCfg = Release|Any CPU
		{97E2D80E-B5AF-4792-A53A-06933F0EA015}.Release|ARM.Build.0 = Release|Any CPU
		{97E2D80E-B5AF-4792-A53A-06933F0EA015}.Release|ARM64.ActiveCfg = Release|Any CPU
		{97E2D80E-B5AF-4792-A53A-06933F0EA015}.Release|ARM64.Build.0 = Release|Any CPU
		{97E2D80E-B5AF-4792-A53A-06933F0EA015}.Release|iPhone.ActiveCfg = Release|Any CPU
		{97E2D80E-B5AF-4792-A53A-06933F0EA015}.Release|iPhone.Build.0 = Release|Any CPU
		{97E2D80E-B5AF-4792-A53A-06933F0EA015}.Release|iPhoneSimulator.ActiveCfg = Release|Any CPU
		{97E2D80E-B5AF-4792-A53A-06933F0EA015}.Release|iPhoneSimulator.Build.0 = Release|Any CPU
		{97E2D80E-B5AF-4792-A53A-06933F0EA015}.Release|x64.ActiveCfg = Release|Any CPU
		{97E2D80E-B5AF-4792-A53A-06933F0EA015}.Release|x64.Build.0 = Release|Any CPU
		{97E2D80E-B5AF-4792-A53A-06933F0EA015}.Release|x86.ActiveCfg = Release|Any CPU
		{97E2D80E-B5AF-4792-A53A-06933F0EA015}.Release|x86.Build.0 = Release|Any CPU
	EndGlobalSection
	GlobalSection(SolutionProperties) = preSolution
		HideSolutionNode = FALSE
	EndGlobalSection
	GlobalSection(NestedProjects) = preSolution
		{FAF48E9E-E646-44D0-BE02-AD1A9E9DFCD8} = {D87F8DC2-8DB2-444D-BF8A-2D592009864A}
		{099D3F70-56B6-4830-A9BC-A206412A16CE} = {D87F8DC2-8DB2-444D-BF8A-2D592009864A}
		{0205BF73-755F-45EA-8EDC-9EC4790BBDB2} = {D87F8DC2-8DB2-444D-BF8A-2D592009864A}
		{DF8B97E9-F204-4C3F-8A32-98A37A31DDE4} = {D87F8DC2-8DB2-444D-BF8A-2D592009864A}
		{97E2D80E-B5AF-4792-A53A-06933F0EA015} = {D87F8DC2-8DB2-444D-BF8A-2D592009864A}
	EndGlobalSection
	GlobalSection(ExtensibilityGlobals) = postSolution
		SolutionGuid = {712D1144-9FDB-4394-AE3C-DA16C9FBE394}
	EndGlobalSection
EndGlobal
