
Microsoft Visual Studio Solution File, Format Version 12.00
# Visual Studio Version 16
VisualStudioVersion = 16.0.30128.74
MinimumVisualStudioVersion = 10.0.40219.1
Project("{FAE04EC0-301F-11D3-BF4B-00C04F79EFBC}") = "MpWpfApp", "MpWpfApp\MpWpfApp.csproj", "{AB141214-C52C-4390-B86B-1491D5F24E51}"
	ProjectSection(ProjectDependencies) = postProject
		{EA312D52-E025-4F8D-8469-B6D7D8574468} = {EA312D52-E025-4F8D-8469-B6D7D8574468}
	EndProjectSection
EndProject
Project("{2150E333-8FDC-42A3-9474-1A3956D46DE8}") = "Solution Items", "Solution Items", "{C56184B6-D260-4411-B257-A11BD4E8DD31}"
	ProjectSection(SolutionItems) = preProject
		.editorconfig = .editorconfig
	EndProjectSection
EndProject
Project("{FAE04EC0-301F-11D3-BF4B-00C04F79EFBC}") = "WpfShareSource", "Win32ShareSourceSamples\WpfShareSource\WpfShareSource.csproj", "{EA312D52-E025-4F8D-8469-B6D7D8574468}"
EndProject
Global
	GlobalSection(SolutionConfigurationPlatforms) = preSolution
		Debug|Any CPU = Debug|Any CPU
		Debug|ARM = Debug|ARM
		Debug|ARM64 = Debug|ARM64
		Debug|iPhone = Debug|iPhone
		Debug|iPhoneSimulator = Debug|iPhoneSimulator
		Debug|x64 = Debug|x64
		Debug|x86 = Debug|x86
		Release|Any CPU = Release|Any CPU
		Release|ARM = Release|ARM
		Release|ARM64 = Release|ARM64
		Release|iPhone = Release|iPhone
		Release|iPhoneSimulator = Release|iPhoneSimulator
		Release|x64 = Release|x64
		Release|x86 = Release|x86
	EndGlobalSection
	GlobalSection(ProjectConfigurationPlatforms) = postSolution
		{AB141214-C52C-4390-B86B-1491D5F24E51}.Debug|Any CPU.ActiveCfg = Debug|Any CPU
		{AB141214-C52C-4390-B86B-1491D5F24E51}.Debug|Any CPU.Build.0 = Debug|Any CPU
		{AB141214-C52C-4390-B86B-1491D5F24E51}.Debug|ARM.ActiveCfg = Debug|Any CPU
		{AB141214-C52C-4390-B86B-1491D5F24E51}.Debug|ARM.Build.0 = Debug|Any CPU
		{AB141214-C52C-4390-B86B-1491D5F24E51}.Debug|ARM64.ActiveCfg = Debug|Any CPU
		{AB141214-C52C-4390-B86B-1491D5F24E51}.Debug|ARM64.Build.0 = Debug|Any CPU
		{AB141214-C52C-4390-B86B-1491D5F24E51}.Debug|iPhone.ActiveCfg = Debug|Any CPU
		{AB141214-C52C-4390-B86B-1491D5F24E51}.Debug|iPhone.Build.0 = Debug|Any CPU
		{AB141214-C52C-4390-B86B-1491D5F24E51}.Debug|iPhoneSimulator.ActiveCfg = Debug|Any CPU
		{AB141214-C52C-4390-B86B-1491D5F24E51}.Debug|iPhoneSimulator.Build.0 = Debug|Any CPU
		{AB141214-C52C-4390-B86B-1491D5F24E51}.Debug|x64.ActiveCfg = Debug|Any CPU
		{AB141214-C52C-4390-B86B-1491D5F24E51}.Debug|x64.Build.0 = Debug|Any CPU
		{AB141214-C52C-4390-B86B-1491D5F24E51}.Debug|x86.ActiveCfg = Debug|Any CPU
		{AB141214-C52C-4390-B86B-1491D5F24E51}.Debug|x86.Build.0 = Debug|Any CPU
		{AB141214-C52C-4390-B86B-1491D5F24E51}.Release|Any CPU.ActiveCfg = Release|Any CPU
		{AB141214-C52C-4390-B86B-1491D5F24E51}.Release|Any CPU.Build.0 = Release|Any CPU
		{AB141214-C52C-4390-B86B-1491D5F24E51}.Release|ARM.ActiveCfg = Release|Any CPU
		{AB141214-C52C-4390-B86B-1491D5F24E51}.Release|ARM.Build.0 = Release|Any CPU
		{AB141214-C52C-4390-B86B-1491D5F24E51}.Release|ARM64.ActiveCfg = Release|Any CPU
		{AB141214-C52C-4390-B86B-1491D5F24E51}.Release|ARM64.Build.0 = Release|Any CPU
		{AB141214-C52C-4390-B86B-1491D5F24E51}.Release|iPhone.ActiveCfg = Release|Any CPU
		{AB141214-C52C-4390-B86B-1491D5F24E51}.Release|iPhone.Build.0 = Release|Any CPU
		{AB141214-C52C-4390-B86B-1491D5F24E51}.Release|iPhoneSimulator.ActiveCfg = Release|Any CPU
		{AB141214-C52C-4390-B86B-1491D5F24E51}.Release|iPhoneSimulator.Build.0 = Release|Any CPU
		{AB141214-C52C-4390-B86B-1491D5F24E51}.Release|x64.ActiveCfg = Release|Any CPU
		{AB141214-C52C-4390-B86B-1491D5F24E51}.Release|x64.Build.0 = Release|Any CPU
		{AB141214-C52C-4390-B86B-1491D5F24E51}.Release|x86.ActiveCfg = Release|Any CPU
		{AB141214-C52C-4390-B86B-1491D5F24E51}.Release|x86.Build.0 = Release|Any CPU
		{EA312D52-E025-4F8D-8469-B6D7D8574468}.Debug|Any CPU.ActiveCfg = Debug|Any CPU
		{EA312D52-E025-4F8D-8469-B6D7D8574468}.Debug|Any CPU.Build.0 = Debug|Any CPU
		{EA312D52-E025-4F8D-8469-B6D7D8574468}.Debug|ARM.ActiveCfg = Debug|Any CPU
		{EA312D52-E025-4F8D-8469-B6D7D8574468}.Debug|ARM.Build.0 = Debug|Any CPU
		{EA312D52-E025-4F8D-8469-B6D7D8574468}.Debug|ARM64.ActiveCfg = Debug|Any CPU
		{EA312D52-E025-4F8D-8469-B6D7D8574468}.Debug|ARM64.Build.0 = Debug|Any CPU
		{EA312D52-E025-4F8D-8469-B6D7D8574468}.Debug|iPhone.ActiveCfg = Debug|Any CPU
		{EA312D52-E025-4F8D-8469-B6D7D8574468}.Debug|iPhone.Build.0 = Debug|Any CPU
		{EA312D52-E025-4F8D-8469-B6D7D8574468}.Debug|iPhoneSimulator.ActiveCfg = Debug|Any CPU
		{EA312D52-E025-4F8D-8469-B6D7D8574468}.Debug|iPhoneSimulator.Build.0 = Debug|Any CPU
		{EA312D52-E025-4F8D-8469-B6D7D8574468}.Debug|x64.ActiveCfg = Debug|Any CPU
		{EA312D52-E025-4F8D-8469-B6D7D8574468}.Debug|x64.Build.0 = Debug|Any CPU
		{EA312D52-E025-4F8D-8469-B6D7D8574468}.Debug|x86.ActiveCfg = Debug|Any CPU
		{EA312D52-E025-4F8D-8469-B6D7D8574468}.Debug|x86.Build.0 = Debug|Any CPU
		{EA312D52-E025-4F8D-8469-B6D7D8574468}.Release|Any CPU.ActiveCfg = Release|Any CPU
		{EA312D52-E025-4F8D-8469-B6D7D8574468}.Release|Any CPU.Build.0 = Release|Any CPU
		{EA312D52-E025-4F8D-8469-B6D7D8574468}.Release|ARM.ActiveCfg = Release|Any CPU
		{EA312D52-E025-4F8D-8469-B6D7D8574468}.Release|ARM.Build.0 = Release|Any CPU
		{EA312D52-E025-4F8D-8469-B6D7D8574468}.Release|ARM64.ActiveCfg = Release|Any CPU
		{EA312D52-E025-4F8D-8469-B6D7D8574468}.Release|ARM64.Build.0 = Release|Any CPU
		{EA312D52-E025-4F8D-8469-B6D7D8574468}.Release|iPhone.ActiveCfg = Release|Any CPU
		{EA312D52-E025-4F8D-8469-B6D7D8574468}.Release|iPhone.Build.0 = Release|Any CPU
		{EA312D52-E025-4F8D-8469-B6D7D8574468}.Release|iPhoneSimulator.ActiveCfg = Release|Any CPU
		{EA312D52-E025-4F8D-8469-B6D7D8574468}.Release|iPhoneSimulator.Build.0 = Release|Any CPU
		{EA312D52-E025-4F8D-8469-B6D7D8574468}.Release|x64.ActiveCfg = Release|Any CPU
		{EA312D52-E025-4F8D-8469-B6D7D8574468}.Release|x64.Build.0 = Release|Any CPU
		{EA312D52-E025-4F8D-8469-B6D7D8574468}.Release|x86.ActiveCfg = Release|Any CPU
		{EA312D52-E025-4F8D-8469-B6D7D8574468}.Release|x86.Build.0 = Release|Any CPU
	EndGlobalSection
	GlobalSection(SolutionProperties) = preSolution
		HideSolutionNode = FALSE
	EndGlobalSection
	GlobalSection(ExtensibilityGlobals) = postSolution
		SolutionGuid = {712D1144-9FDB-4394-AE3C-DA16C9FBE394}
	EndGlobalSection
EndGlobal
