
Microsoft Visual Studio Solution File, Format Version 12.00
# Visual Studio Version 17
VisualStudioVersion = 17.2.32616.157
MinimumVisualStudioVersion = 10.0.40219.1
Project("{2150E333-8FDC-42A3-9474-1A3956D46DE8}") = "Solution Items", "Solution Items", "{C56184B6-D260-4411-B257-A11BD4E8DD31}"
	ProjectSection(SolutionItems) = preProject
		.editorconfig = .editorconfig
	EndProjectSection
EndProject
Project("{9A19103F-16F7-4668-BE54-9A1E7A4F7556}") = "MonkeyPaste", "MonkeyPaste\MonkeyPaste.csproj", "{EFFA9E68-C567-4F5A-AE60-0BA2937CF5FA}"
	ProjectSection(ProjectDependencies) = postProject
		{400473EB-9A5B-4E8D-816D-5BC5B315C542} = {400473EB-9A5B-4E8D-816D-5BC5B315C542}
		{6CD27F75-26AB-4A32-9B45-377A4E264A8E} = {6CD27F75-26AB-4A32-9B45-377A4E264A8E}
		{E641A0B5-0461-47F3-91BB-340BE880A545} = {E641A0B5-0461-47F3-91BB-340BE880A545}
	EndProjectSection
EndProject
Project("{2150E333-8FDC-42A3-9474-1A3956D46DE8}") = "Plugins", "Plugins", "{D87F8DC2-8DB2-444D-BF8A-2D592009864A}"
EndProject
Project("{2150E333-8FDC-42A3-9474-1A3956D46DE8}") = "Common", "Common", "{E0839402-4D82-4FF2-8778-A2E538ABCEAB}"
EndProject
Project("{9A19103F-16F7-4668-BE54-9A1E7A4F7556}") = "MonkeyPaste.Common", "Common\MonkeyPaste.Common\MonkeyPaste.Common.csproj", "{E641A0B5-0461-47F3-91BB-340BE880A545}"
EndProject
Project("{9A19103F-16F7-4668-BE54-9A1E7A4F7556}") = "MonkeyPaste.Common.Plugin", "Common\MonkeyPaste.Common.Plugin\MonkeyPaste.Common.Plugin.csproj", "{400473EB-9A5B-4E8D-816D-5BC5B315C542}"
	ProjectSection(ProjectDependencies) = postProject
		{E641A0B5-0461-47F3-91BB-340BE880A545} = {E641A0B5-0461-47F3-91BB-340BE880A545}
	EndProjectSection
EndProject
Project("{9A19103F-16F7-4668-BE54-9A1E7A4F7556}") = "MonkeyPaste.Common.Avalonia", "Common\MonkeyPaste.Common.Avalonia\MonkeyPaste.Common.Avalonia.csproj", "{42B33C51-4F2A-4877-A98D-44033E7719EB}"
EndProject
Project("{9A19103F-16F7-4668-BE54-9A1E7A4F7556}") = "MonkeyPaste.Common.Xamarin", "Common\MonkeyPaste.Common.Xamarin\MonkeyPaste.Common.Xamarin.csproj", "{6CD27F75-26AB-4A32-9B45-377A4E264A8E}"
EndProject
Project("{9A19103F-16F7-4668-BE54-9A1E7A4F7556}") = "MonkeyPaste.Avalonia", "MonkeyPaste.Avalonia\MonkeyPaste.Avalonia.csproj", "{93C05D8F-3E75-4221-B7D1-A59C0BFFECFD}"
EndProject
Project("{9344BDBB-3E7F-41FC-A0DD-8665D75EE146}") = "CodeClassifier", "Plugins\CodeClassifier\CodeClassifier.csproj", "{5A28AAB0-8DE5-423A-A9B7-F003F3801FDE}"
	ProjectSection(ProjectDependencies) = postProject
		{400473EB-9A5B-4E8D-816D-5BC5B315C542} = {400473EB-9A5B-4E8D-816D-5BC5B315C542}
		{E641A0B5-0461-47F3-91BB-340BE880A545} = {E641A0B5-0461-47F3-91BB-340BE880A545}
	EndProjectSection
EndProject
Project("{9344BDBB-3E7F-41FC-A0DD-8665D75EE146}") = "QrCoder", "Plugins\QrCoder\QrCoder.csproj", "{0582B0F2-CD9F-4BE7-94EC-C9DC949EBA12}"
	ProjectSection(ProjectDependencies) = postProject
		{400473EB-9A5B-4E8D-816D-5BC5B315C542} = {400473EB-9A5B-4E8D-816D-5BC5B315C542}
		{E641A0B5-0461-47F3-91BB-340BE880A545} = {E641A0B5-0461-47F3-91BB-340BE880A545}
	EndProjectSection
EndProject
Project("{9344BDBB-3E7F-41FC-A0DD-8665D75EE146}") = "HttpAutomation", "Plugins\HttpAutomation\HttpAutomation.csproj", "{5C2DBA1F-3A32-45D2-884F-49263A06F186}"
	ProjectSection(ProjectDependencies) = postProject
		{400473EB-9A5B-4E8D-816D-5BC5B315C542} = {400473EB-9A5B-4E8D-816D-5BC5B315C542}
		{E641A0B5-0461-47F3-91BB-340BE880A545} = {E641A0B5-0461-47F3-91BB-340BE880A545}
	EndProjectSection
EndProject
Project("{9344BDBB-3E7F-41FC-A0DD-8665D75EE146}") = "GoogleContactsFetcher", "Plugins\GoogleContactsFetcher\GoogleContactsFetcher.csproj", "{B07FBDF3-8919-448B-88DA-480E56CB6837}"
EndProject
Project("{9344BDBB-3E7F-41FC-A0DD-8665D75EE146}") = "CoreClipboardHandler", "Plugins\CoreClipboardHandler\CoreClipboardHandler.csproj", "{F1011A1C-C9ED-4A8E-9C38-EDA686A3A73B}"
EndProject
Project("{9344BDBB-3E7F-41FC-A0DD-8665D75EE146}") = "MonkeyPaste.Common.Wpf", "Common\MonkeyPaste.Common.Wpf\MonkeyPaste.Common.Wpf.csproj", "{4AD6F9C0-8C08-40F2-86F9-021C1AE2461D}"
EndProject
Project("{9344BDBB-3E7F-41FC-A0DD-8665D75EE146}") = "MpSystemTray", "MpSystemTray\MpSystemTray.csproj", "{13C50EE1-103C-4AAE-A2C4-8D1945B3C6EF}"
EndProject
Project("{9344BDBB-3E7F-41FC-A0DD-8665D75EE146}") = "MpWpfApp", "MpWpfApp\MpWpfApp.csproj", "{83C5C1AF-7F38-4950-B8FB-C3E6C552C217}"
EndProject
Project("{FAE04EC0-301F-11D3-BF4B-00C04F79EFBC}") = "SharpWebview", "webview_csharp\src\SharpWebview\SharpWebview.csproj", "{B71EF5CB-0BC3-4A8E-A9A3-206BF5D3A417}"
EndProject
Global
	GlobalSection(SolutionConfigurationPlatforms) = preSolution
		Debug|Any CPU = Debug|Any CPU
		Debug|ARM = Debug|ARM
		Debug|ARM64 = Debug|ARM64
		Debug|iPhone = Debug|iPhone
		Debug|iPhoneSimulator = Debug|iPhoneSimulator
		Debug|x64 = Debug|x64
		Debug|x86 = Debug|x86
		Release|Any CPU = Release|Any CPU
		Release|ARM = Release|ARM
		Release|ARM64 = Release|ARM64
		Release|iPhone = Release|iPhone
		Release|iPhoneSimulator = Release|iPhoneSimulator
		Release|x64 = Release|x64
		Release|x86 = Release|x86
	EndGlobalSection
	GlobalSection(ProjectConfigurationPlatforms) = postSolution
		{EFFA9E68-C567-4F5A-AE60-0BA2937CF5FA}.Debug|Any CPU.ActiveCfg = Debug|Any CPU
		{EFFA9E68-C567-4F5A-AE60-0BA2937CF5FA}.Debug|Any CPU.Build.0 = Debug|Any CPU
		{EFFA9E68-C567-4F5A-AE60-0BA2937CF5FA}.Debug|ARM.ActiveCfg = Debug|Any CPU
		{EFFA9E68-C567-4F5A-AE60-0BA2937CF5FA}.Debug|ARM.Build.0 = Debug|Any CPU
		{EFFA9E68-C567-4F5A-AE60-0BA2937CF5FA}.Debug|ARM64.ActiveCfg = Debug|Any CPU
		{EFFA9E68-C567-4F5A-AE60-0BA2937CF5FA}.Debug|ARM64.Build.0 = Debug|Any CPU
		{EFFA9E68-C567-4F5A-AE60-0BA2937CF5FA}.Debug|iPhone.ActiveCfg = Debug|Any CPU
		{EFFA9E68-C567-4F5A-AE60-0BA2937CF5FA}.Debug|iPhone.Build.0 = Debug|Any CPU
		{EFFA9E68-C567-4F5A-AE60-0BA2937CF5FA}.Debug|iPhoneSimulator.ActiveCfg = Debug|Any CPU
		{EFFA9E68-C567-4F5A-AE60-0BA2937CF5FA}.Debug|iPhoneSimulator.Build.0 = Debug|Any CPU
		{EFFA9E68-C567-4F5A-AE60-0BA2937CF5FA}.Debug|x64.ActiveCfg = Debug|Any CPU
		{EFFA9E68-C567-4F5A-AE60-0BA2937CF5FA}.Debug|x64.Build.0 = Debug|Any CPU
		{EFFA9E68-C567-4F5A-AE60-0BA2937CF5FA}.Debug|x86.ActiveCfg = Debug|Any CPU
		{EFFA9E68-C567-4F5A-AE60-0BA2937CF5FA}.Debug|x86.Build.0 = Debug|Any CPU
		{EFFA9E68-C567-4F5A-AE60-0BA2937CF5FA}.Release|Any CPU.ActiveCfg = Release|Any CPU
		{EFFA9E68-C567-4F5A-AE60-0BA2937CF5FA}.Release|Any CPU.Build.0 = Release|Any CPU
		{EFFA9E68-C567-4F5A-AE60-0BA2937CF5FA}.Release|ARM.ActiveCfg = Release|Any CPU
		{EFFA9E68-C567-4F5A-AE60-0BA2937CF5FA}.Release|ARM.Build.0 = Release|Any CPU
		{EFFA9E68-C567-4F5A-AE60-0BA2937CF5FA}.Release|ARM64.ActiveCfg = Release|Any CPU
		{EFFA9E68-C567-4F5A-AE60-0BA2937CF5FA}.Release|ARM64.Build.0 = Release|Any CPU
		{EFFA9E68-C567-4F5A-AE60-0BA2937CF5FA}.Release|iPhone.ActiveCfg = Release|Any CPU
		{EFFA9E68-C567-4F5A-AE60-0BA2937CF5FA}.Release|iPhone.Build.0 = Release|Any CPU
		{EFFA9E68-C567-4F5A-AE60-0BA2937CF5FA}.Release|iPhoneSimulator.ActiveCfg = Release|Any CPU
		{EFFA9E68-C567-4F5A-AE60-0BA2937CF5FA}.Release|iPhoneSimulator.Build.0 = Release|Any CPU
		{EFFA9E68-C567-4F5A-AE60-0BA2937CF5FA}.Release|x64.ActiveCfg = Release|Any CPU
		{EFFA9E68-C567-4F5A-AE60-0BA2937CF5FA}.Release|x64.Build.0 = Release|Any CPU
		{EFFA9E68-C567-4F5A-AE60-0BA2937CF5FA}.Release|x86.ActiveCfg = Release|Any CPU
		{EFFA9E68-C567-4F5A-AE60-0BA2937CF5FA}.Release|x86.Build.0 = Release|Any CPU
		{E641A0B5-0461-47F3-91BB-340BE880A545}.Debug|Any CPU.ActiveCfg = Debug|Any CPU
		{E641A0B5-0461-47F3-91BB-340BE880A545}.Debug|Any CPU.Build.0 = Debug|Any CPU
		{E641A0B5-0461-47F3-91BB-340BE880A545}.Debug|ARM.ActiveCfg = Debug|Any CPU
		{E641A0B5-0461-47F3-91BB-340BE880A545}.Debug|ARM.Build.0 = Debug|Any CPU
		{E641A0B5-0461-47F3-91BB-340BE880A545}.Debug|ARM64.ActiveCfg = Debug|Any CPU
		{E641A0B5-0461-47F3-91BB-340BE880A545}.Debug|ARM64.Build.0 = Debug|Any CPU
		{E641A0B5-0461-47F3-91BB-340BE880A545}.Debug|iPhone.ActiveCfg = Debug|Any CPU
		{E641A0B5-0461-47F3-91BB-340BE880A545}.Debug|iPhone.Build.0 = Debug|Any CPU
		{E641A0B5-0461-47F3-91BB-340BE880A545}.Debug|iPhoneSimulator.ActiveCfg = Debug|Any CPU
		{E641A0B5-0461-47F3-91BB-340BE880A545}.Debug|iPhoneSimulator.Build.0 = Debug|Any CPU
		{E641A0B5-0461-47F3-91BB-340BE880A545}.Debug|x64.ActiveCfg = Debug|Any CPU
		{E641A0B5-0461-47F3-91BB-340BE880A545}.Debug|x64.Build.0 = Debug|Any CPU
		{E641A0B5-0461-47F3-91BB-340BE880A545}.Debug|x86.ActiveCfg = Debug|Any CPU
		{E641A0B5-0461-47F3-91BB-340BE880A545}.Debug|x86.Build.0 = Debug|Any CPU
		{E641A0B5-0461-47F3-91BB-340BE880A545}.Release|Any CPU.ActiveCfg = Release|Any CPU
		{E641A0B5-0461-47F3-91BB-340BE880A545}.Release|Any CPU.Build.0 = Release|Any CPU
		{E641A0B5-0461-47F3-91BB-340BE880A545}.Release|ARM.ActiveCfg = Release|Any CPU
		{E641A0B5-0461-47F3-91BB-340BE880A545}.Release|ARM.Build.0 = Release|Any CPU
		{E641A0B5-0461-47F3-91BB-340BE880A545}.Release|ARM64.ActiveCfg = Release|Any CPU
		{E641A0B5-0461-47F3-91BB-340BE880A545}.Release|ARM64.Build.0 = Release|Any CPU
		{E641A0B5-0461-47F3-91BB-340BE880A545}.Release|iPhone.ActiveCfg = Release|Any CPU
		{E641A0B5-0461-47F3-91BB-340BE880A545}.Release|iPhone.Build.0 = Release|Any CPU
		{E641A0B5-0461-47F3-91BB-340BE880A545}.Release|iPhoneSimulator.ActiveCfg = Release|Any CPU
		{E641A0B5-0461-47F3-91BB-340BE880A545}.Release|iPhoneSimulator.Build.0 = Release|Any CPU
		{E641A0B5-0461-47F3-91BB-340BE880A545}.Release|x64.ActiveCfg = Release|Any CPU
		{E641A0B5-0461-47F3-91BB-340BE880A545}.Release|x64.Build.0 = Release|Any CPU
		{E641A0B5-0461-47F3-91BB-340BE880A545}.Release|x86.ActiveCfg = Release|Any CPU
		{E641A0B5-0461-47F3-91BB-340BE880A545}.Release|x86.Build.0 = Release|Any CPU
		{400473EB-9A5B-4E8D-816D-5BC5B315C542}.Debug|Any CPU.ActiveCfg = Debug|Any CPU
		{400473EB-9A5B-4E8D-816D-5BC5B315C542}.Debug|Any CPU.Build.0 = Debug|Any CPU
		{400473EB-9A5B-4E8D-816D-5BC5B315C542}.Debug|ARM.ActiveCfg = Debug|Any CPU
		{400473EB-9A5B-4E8D-816D-5BC5B315C542}.Debug|ARM.Build.0 = Debug|Any CPU
		{400473EB-9A5B-4E8D-816D-5BC5B315C542}.Debug|ARM64.ActiveCfg = Debug|Any CPU
		{400473EB-9A5B-4E8D-816D-5BC5B315C542}.Debug|ARM64.Build.0 = Debug|Any CPU
		{400473EB-9A5B-4E8D-816D-5BC5B315C542}.Debug|iPhone.ActiveCfg = Debug|Any CPU
		{400473EB-9A5B-4E8D-816D-5BC5B315C542}.Debug|iPhone.Build.0 = Debug|Any CPU
		{400473EB-9A5B-4E8D-816D-5BC5B315C542}.Debug|iPhoneSimulator.ActiveCfg = Debug|Any CPU
		{400473EB-9A5B-4E8D-816D-5BC5B315C542}.Debug|iPhoneSimulator.Build.0 = Debug|Any CPU
		{400473EB-9A5B-4E8D-816D-5BC5B315C542}.Debug|x64.ActiveCfg = Debug|Any CPU
		{400473EB-9A5B-4E8D-816D-5BC5B315C542}.Debug|x64.Build.0 = Debug|Any CPU
		{400473EB-9A5B-4E8D-816D-5BC5B315C542}.Debug|x86.ActiveCfg = Debug|Any CPU
		{400473EB-9A5B-4E8D-816D-5BC5B315C542}.Debug|x86.Build.0 = Debug|Any CPU
		{400473EB-9A5B-4E8D-816D-5BC5B315C542}.Release|Any CPU.ActiveCfg = Release|Any CPU
		{400473EB-9A5B-4E8D-816D-5BC5B315C542}.Release|Any CPU.Build.0 = Release|Any CPU
		{400473EB-9A5B-4E8D-816D-5BC5B315C542}.Release|ARM.ActiveCfg = Release|Any CPU
		{400473EB-9A5B-4E8D-816D-5BC5B315C542}.Release|ARM.Build.0 = Release|Any CPU
		{400473EB-9A5B-4E8D-816D-5BC5B315C542}.Release|ARM64.ActiveCfg = Release|Any CPU
		{400473EB-9A5B-4E8D-816D-5BC5B315C542}.Release|ARM64.Build.0 = Release|Any CPU
		{400473EB-9A5B-4E8D-816D-5BC5B315C542}.Release|iPhone.ActiveCfg = Release|Any CPU
		{400473EB-9A5B-4E8D-816D-5BC5B315C542}.Release|iPhone.Build.0 = Release|Any CPU
		{400473EB-9A5B-4E8D-816D-5BC5B315C542}.Release|iPhoneSimulator.ActiveCfg = Release|Any CPU
		{400473EB-9A5B-4E8D-816D-5BC5B315C542}.Release|iPhoneSimulator.Build.0 = Release|Any CPU
		{400473EB-9A5B-4E8D-816D-5BC5B315C542}.Release|x64.ActiveCfg = Release|Any CPU
		{400473EB-9A5B-4E8D-816D-5BC5B315C542}.Release|x64.Build.0 = Release|Any CPU
		{400473EB-9A5B-4E8D-816D-5BC5B315C542}.Release|x86.ActiveCfg = Release|Any CPU
		{400473EB-9A5B-4E8D-816D-5BC5B315C542}.Release|x86.Build.0 = Release|Any CPU
		{42B33C51-4F2A-4877-A98D-44033E7719EB}.Debug|Any CPU.ActiveCfg = Debug|Any CPU
		{42B33C51-4F2A-4877-A98D-44033E7719EB}.Debug|Any CPU.Build.0 = Debug|Any CPU
		{42B33C51-4F2A-4877-A98D-44033E7719EB}.Debug|ARM.ActiveCfg = Debug|Any CPU
		{42B33C51-4F2A-4877-A98D-44033E7719EB}.Debug|ARM.Build.0 = Debug|Any CPU
		{42B33C51-4F2A-4877-A98D-44033E7719EB}.Debug|ARM64.ActiveCfg = Debug|Any CPU
		{42B33C51-4F2A-4877-A98D-44033E7719EB}.Debug|ARM64.Build.0 = Debug|Any CPU
		{42B33C51-4F2A-4877-A98D-44033E7719EB}.Debug|iPhone.ActiveCfg = Debug|Any CPU
		{42B33C51-4F2A-4877-A98D-44033E7719EB}.Debug|iPhone.Build.0 = Debug|Any CPU
		{42B33C51-4F2A-4877-A98D-44033E7719EB}.Debug|iPhoneSimulator.ActiveCfg = Debug|Any CPU
		{42B33C51-4F2A-4877-A98D-44033E7719EB}.Debug|iPhoneSimulator.Build.0 = Debug|Any CPU
		{42B33C51-4F2A-4877-A98D-44033E7719EB}.Debug|x64.ActiveCfg = Debug|Any CPU
		{42B33C51-4F2A-4877-A98D-44033E7719EB}.Debug|x64.Build.0 = Debug|Any CPU
		{42B33C51-4F2A-4877-A98D-44033E7719EB}.Debug|x86.ActiveCfg = Debug|Any CPU
		{42B33C51-4F2A-4877-A98D-44033E7719EB}.Debug|x86.Build.0 = Debug|Any CPU
		{42B33C51-4F2A-4877-A98D-44033E7719EB}.Release|Any CPU.ActiveCfg = Release|Any CPU
		{42B33C51-4F2A-4877-A98D-44033E7719EB}.Release|Any CPU.Build.0 = Release|Any CPU
		{42B33C51-4F2A-4877-A98D-44033E7719EB}.Release|ARM.ActiveCfg = Release|Any CPU
		{42B33C51-4F2A-4877-A98D-44033E7719EB}.Release|ARM.Build.0 = Release|Any CPU
		{42B33C51-4F2A-4877-A98D-44033E7719EB}.Release|ARM64.ActiveCfg = Release|Any CPU
		{42B33C51-4F2A-4877-A98D-44033E7719EB}.Release|ARM64.Build.0 = Release|Any CPU
		{42B33C51-4F2A-4877-A98D-44033E7719EB}.Release|iPhone.ActiveCfg = Release|Any CPU
		{42B33C51-4F2A-4877-A98D-44033E7719EB}.Release|iPhone.Build.0 = Release|Any CPU
		{42B33C51-4F2A-4877-A98D-44033E7719EB}.Release|iPhoneSimulator.ActiveCfg = Release|Any CPU
		{42B33C51-4F2A-4877-A98D-44033E7719EB}.Release|iPhoneSimulator.Build.0 = Release|Any CPU
		{42B33C51-4F2A-4877-A98D-44033E7719EB}.Release|x64.ActiveCfg = Release|Any CPU
		{42B33C51-4F2A-4877-A98D-44033E7719EB}.Release|x64.Build.0 = Release|Any CPU
		{42B33C51-4F2A-4877-A98D-44033E7719EB}.Release|x86.ActiveCfg = Release|Any CPU
		{42B33C51-4F2A-4877-A98D-44033E7719EB}.Release|x86.Build.0 = Release|Any CPU
		{6CD27F75-26AB-4A32-9B45-377A4E264A8E}.Debug|Any CPU.ActiveCfg = Debug|Any CPU
		{6CD27F75-26AB-4A32-9B45-377A4E264A8E}.Debug|Any CPU.Build.0 = Debug|Any CPU
		{6CD27F75-26AB-4A32-9B45-377A4E264A8E}.Debug|ARM.ActiveCfg = Debug|Any CPU
		{6CD27F75-26AB-4A32-9B45-377A4E264A8E}.Debug|ARM.Build.0 = Debug|Any CPU
		{6CD27F75-26AB-4A32-9B45-377A4E264A8E}.Debug|ARM64.ActiveCfg = Debug|Any CPU
		{6CD27F75-26AB-4A32-9B45-377A4E264A8E}.Debug|ARM64.Build.0 = Debug|Any CPU
		{6CD27F75-26AB-4A32-9B45-377A4E264A8E}.Debug|iPhone.ActiveCfg = Debug|Any CPU
		{6CD27F75-26AB-4A32-9B45-377A4E264A8E}.Debug|iPhone.Build.0 = Debug|Any CPU
		{6CD27F75-26AB-4A32-9B45-377A4E264A8E}.Debug|iPhoneSimulator.ActiveCfg = Debug|Any CPU
		{6CD27F75-26AB-4A32-9B45-377A4E264A8E}.Debug|iPhoneSimulator.Build.0 = Debug|Any CPU
		{6CD27F75-26AB-4A32-9B45-377A4E264A8E}.Debug|x64.ActiveCfg = Debug|Any CPU
		{6CD27F75-26AB-4A32-9B45-377A4E264A8E}.Debug|x64.Build.0 = Debug|Any CPU
		{6CD27F75-26AB-4A32-9B45-377A4E264A8E}.Debug|x86.ActiveCfg = Debug|Any CPU
		{6CD27F75-26AB-4A32-9B45-377A4E264A8E}.Debug|x86.Build.0 = Debug|Any CPU
		{6CD27F75-26AB-4A32-9B45-377A4E264A8E}.Release|Any CPU.ActiveCfg = Release|Any CPU
		{6CD27F75-26AB-4A32-9B45-377A4E264A8E}.Release|Any CPU.Build.0 = Release|Any CPU
		{6CD27F75-26AB-4A32-9B45-377A4E264A8E}.Release|ARM.ActiveCfg = Release|Any CPU
		{6CD27F75-26AB-4A32-9B45-377A4E264A8E}.Release|ARM.Build.0 = Release|Any CPU
		{6CD27F75-26AB-4A32-9B45-377A4E264A8E}.Release|ARM64.ActiveCfg = Release|Any CPU
		{6CD27F75-26AB-4A32-9B45-377A4E264A8E}.Release|ARM64.Build.0 = Release|Any CPU
		{6CD27F75-26AB-4A32-9B45-377A4E264A8E}.Release|iPhone.ActiveCfg = Release|Any CPU
		{6CD27F75-26AB-4A32-9B45-377A4E264A8E}.Release|iPhone.Build.0 = Release|Any CPU
		{6CD27F75-26AB-4A32-9B45-377A4E264A8E}.Release|iPhoneSimulator.ActiveCfg = Release|Any CPU
		{6CD27F75-26AB-4A32-9B45-377A4E264A8E}.Release|iPhoneSimulator.Build.0 = Release|Any CPU
		{6CD27F75-26AB-4A32-9B45-377A4E264A8E}.Release|x64.ActiveCfg = Release|Any CPU
		{6CD27F75-26AB-4A32-9B45-377A4E264A8E}.Release|x64.Build.0 = Release|Any CPU
		{6CD27F75-26AB-4A32-9B45-377A4E264A8E}.Release|x86.ActiveCfg = Release|Any CPU
		{6CD27F75-26AB-4A32-9B45-377A4E264A8E}.Release|x86.Build.0 = Release|Any CPU
		{93C05D8F-3E75-4221-B7D1-A59C0BFFECFD}.Debug|Any CPU.ActiveCfg = Debug|Any CPU
		{93C05D8F-3E75-4221-B7D1-A59C0BFFECFD}.Debug|Any CPU.Build.0 = Debug|Any CPU
		{93C05D8F-3E75-4221-B7D1-A59C0BFFECFD}.Debug|ARM.ActiveCfg = Debug|Any CPU
		{93C05D8F-3E75-4221-B7D1-A59C0BFFECFD}.Debug|ARM.Build.0 = Debug|Any CPU
		{93C05D8F-3E75-4221-B7D1-A59C0BFFECFD}.Debug|ARM64.ActiveCfg = Debug|Any CPU
		{93C05D8F-3E75-4221-B7D1-A59C0BFFECFD}.Debug|ARM64.Build.0 = Debug|Any CPU
		{93C05D8F-3E75-4221-B7D1-A59C0BFFECFD}.Debug|iPhone.ActiveCfg = Debug|Any CPU
		{93C05D8F-3E75-4221-B7D1-A59C0BFFECFD}.Debug|iPhone.Build.0 = Debug|Any CPU
		{93C05D8F-3E75-4221-B7D1-A59C0BFFECFD}.Debug|iPhoneSimulator.ActiveCfg = Debug|Any CPU
		{93C05D8F-3E75-4221-B7D1-A59C0BFFECFD}.Debug|iPhoneSimulator.Build.0 = Debug|Any CPU
		{93C05D8F-3E75-4221-B7D1-A59C0BFFECFD}.Debug|x64.ActiveCfg = Debug|Any CPU
		{93C05D8F-3E75-4221-B7D1-A59C0BFFECFD}.Debug|x64.Build.0 = Debug|Any CPU
		{93C05D8F-3E75-4221-B7D1-A59C0BFFECFD}.Debug|x86.ActiveCfg = Debug|Any CPU
		{93C05D8F-3E75-4221-B7D1-A59C0BFFECFD}.Debug|x86.Build.0 = Debug|Any CPU
		{93C05D8F-3E75-4221-B7D1-A59C0BFFECFD}.Release|Any CPU.ActiveCfg = Release|Any CPU
		{93C05D8F-3E75-4221-B7D1-A59C0BFFECFD}.Release|Any CPU.Build.0 = Release|Any CPU
		{93C05D8F-3E75-4221-B7D1-A59C0BFFECFD}.Release|ARM.ActiveCfg = Release|Any CPU
		{93C05D8F-3E75-4221-B7D1-A59C0BFFECFD}.Release|ARM.Build.0 = Release|Any CPU
		{93C05D8F-3E75-4221-B7D1-A59C0BFFECFD}.Release|ARM64.ActiveCfg = Release|Any CPU
		{93C05D8F-3E75-4221-B7D1-A59C0BFFECFD}.Release|ARM64.Build.0 = Release|Any CPU
		{93C05D8F-3E75-4221-B7D1-A59C0BFFECFD}.Release|iPhone.ActiveCfg = Release|Any CPU
		{93C05D8F-3E75-4221-B7D1-A59C0BFFECFD}.Release|iPhone.Build.0 = Release|Any CPU
		{93C05D8F-3E75-4221-B7D1-A59C0BFFECFD}.Release|iPhoneSimulator.ActiveCfg = Release|Any CPU
		{93C05D8F-3E75-4221-B7D1-A59C0BFFECFD}.Release|iPhoneSimulator.Build.0 = Release|Any CPU
		{93C05D8F-3E75-4221-B7D1-A59C0BFFECFD}.Release|x64.ActiveCfg = Release|Any CPU
		{93C05D8F-3E75-4221-B7D1-A59C0BFFECFD}.Release|x64.Build.0 = Release|Any CPU
		{93C05D8F-3E75-4221-B7D1-A59C0BFFECFD}.Release|x86.ActiveCfg = Release|Any CPU
		{93C05D8F-3E75-4221-B7D1-A59C0BFFECFD}.Release|x86.Build.0 = Release|Any CPU
		{5A28AAB0-8DE5-423A-A9B7-F003F3801FDE}.Debug|Any CPU.ActiveCfg = Debug|Any CPU
		{5A28AAB0-8DE5-423A-A9B7-F003F3801FDE}.Debug|Any CPU.Build.0 = Debug|Any CPU
		{5A28AAB0-8DE5-423A-A9B7-F003F3801FDE}.Debug|ARM.ActiveCfg = Debug|Any CPU
		{5A28AAB0-8DE5-423A-A9B7-F003F3801FDE}.Debug|ARM.Build.0 = Debug|Any CPU
		{5A28AAB0-8DE5-423A-A9B7-F003F3801FDE}.Debug|ARM64.ActiveCfg = Debug|Any CPU
		{5A28AAB0-8DE5-423A-A9B7-F003F3801FDE}.Debug|ARM64.Build.0 = Debug|Any CPU
		{5A28AAB0-8DE5-423A-A9B7-F003F3801FDE}.Debug|iPhone.ActiveCfg = Debug|Any CPU
		{5A28AAB0-8DE5-423A-A9B7-F003F3801FDE}.Debug|iPhone.Build.0 = Debug|Any CPU
		{5A28AAB0-8DE5-423A-A9B7-F003F3801FDE}.Debug|iPhoneSimulator.ActiveCfg = Debug|Any CPU
		{5A28AAB0-8DE5-423A-A9B7-F003F3801FDE}.Debug|iPhoneSimulator.Build.0 = Debug|Any CPU
		{5A28AAB0-8DE5-423A-A9B7-F003F3801FDE}.Debug|x64.ActiveCfg = Debug|Any CPU
		{5A28AAB0-8DE5-423A-A9B7-F003F3801FDE}.Debug|x64.Build.0 = Debug|Any CPU
		{5A28AAB0-8DE5-423A-A9B7-F003F3801FDE}.Debug|x86.ActiveCfg = Debug|Any CPU
		{5A28AAB0-8DE5-423A-A9B7-F003F3801FDE}.Debug|x86.Build.0 = Debug|Any CPU
		{5A28AAB0-8DE5-423A-A9B7-F003F3801FDE}.Release|Any CPU.ActiveCfg = Release|Any CPU
		{5A28AAB0-8DE5-423A-A9B7-F003F3801FDE}.Release|Any CPU.Build.0 = Release|Any CPU
		{5A28AAB0-8DE5-423A-A9B7-F003F3801FDE}.Release|ARM.ActiveCfg = Release|Any CPU
		{5A28AAB0-8DE5-423A-A9B7-F003F3801FDE}.Release|ARM.Build.0 = Release|Any CPU
		{5A28AAB0-8DE5-423A-A9B7-F003F3801FDE}.Release|ARM64.ActiveCfg = Release|Any CPU
		{5A28AAB0-8DE5-423A-A9B7-F003F3801FDE}.Release|ARM64.Build.0 = Release|Any CPU
		{5A28AAB0-8DE5-423A-A9B7-F003F3801FDE}.Release|iPhone.ActiveCfg = Release|Any CPU
		{5A28AAB0-8DE5-423A-A9B7-F003F3801FDE}.Release|iPhone.Build.0 = Release|Any CPU
		{5A28AAB0-8DE5-423A-A9B7-F003F3801FDE}.Release|iPhoneSimulator.ActiveCfg = Release|Any CPU
		{5A28AAB0-8DE5-423A-A9B7-F003F3801FDE}.Release|iPhoneSimulator.Build.0 = Release|Any CPU
		{5A28AAB0-8DE5-423A-A9B7-F003F3801FDE}.Release|x64.ActiveCfg = Release|Any CPU
		{5A28AAB0-8DE5-423A-A9B7-F003F3801FDE}.Release|x64.Build.0 = Release|Any CPU
		{5A28AAB0-8DE5-423A-A9B7-F003F3801FDE}.Release|x86.ActiveCfg = Release|Any CPU
		{5A28AAB0-8DE5-423A-A9B7-F003F3801FDE}.Release|x86.Build.0 = Release|Any CPU
		{0582B0F2-CD9F-4BE7-94EC-C9DC949EBA12}.Debug|Any CPU.ActiveCfg = Debug|Any CPU
		{0582B0F2-CD9F-4BE7-94EC-C9DC949EBA12}.Debug|Any CPU.Build.0 = Debug|Any CPU
		{0582B0F2-CD9F-4BE7-94EC-C9DC949EBA12}.Debug|ARM.ActiveCfg = Debug|Any CPU
		{0582B0F2-CD9F-4BE7-94EC-C9DC949EBA12}.Debug|ARM.Build.0 = Debug|Any CPU
		{0582B0F2-CD9F-4BE7-94EC-C9DC949EBA12}.Debug|ARM64.ActiveCfg = Debug|Any CPU
		{0582B0F2-CD9F-4BE7-94EC-C9DC949EBA12}.Debug|ARM64.Build.0 = Debug|Any CPU
		{0582B0F2-CD9F-4BE7-94EC-C9DC949EBA12}.Debug|iPhone.ActiveCfg = Debug|Any CPU
		{0582B0F2-CD9F-4BE7-94EC-C9DC949EBA12}.Debug|iPhone.Build.0 = Debug|Any CPU
		{0582B0F2-CD9F-4BE7-94EC-C9DC949EBA12}.Debug|iPhoneSimulator.ActiveCfg = Debug|Any CPU
		{0582B0F2-CD9F-4BE7-94EC-C9DC949EBA12}.Debug|iPhoneSimulator.Build.0 = Debug|Any CPU
		{0582B0F2-CD9F-4BE7-94EC-C9DC949EBA12}.Debug|x64.ActiveCfg = Debug|Any CPU
		{0582B0F2-CD9F-4BE7-94EC-C9DC949EBA12}.Debug|x64.Build.0 = Debug|Any CPU
		{0582B0F2-CD9F-4BE7-94EC-C9DC949EBA12}.Debug|x86.ActiveCfg = Debug|Any CPU
		{0582B0F2-CD9F-4BE7-94EC-C9DC949EBA12}.Debug|x86.Build.0 = Debug|Any CPU
		{0582B0F2-CD9F-4BE7-94EC-C9DC949EBA12}.Release|Any CPU.ActiveCfg = Release|Any CPU
		{0582B0F2-CD9F-4BE7-94EC-C9DC949EBA12}.Release|Any CPU.Build.0 = Release|Any CPU
		{0582B0F2-CD9F-4BE7-94EC-C9DC949EBA12}.Release|ARM.ActiveCfg = Release|Any CPU
		{0582B0F2-CD9F-4BE7-94EC-C9DC949EBA12}.Release|ARM.Build.0 = Release|Any CPU
		{0582B0F2-CD9F-4BE7-94EC-C9DC949EBA12}.Release|ARM64.ActiveCfg = Release|Any CPU
		{0582B0F2-CD9F-4BE7-94EC-C9DC949EBA12}.Release|ARM64.Build.0 = Release|Any CPU
		{0582B0F2-CD9F-4BE7-94EC-C9DC949EBA12}.Release|iPhone.ActiveCfg = Release|Any CPU
		{0582B0F2-CD9F-4BE7-94EC-C9DC949EBA12}.Release|iPhone.Build.0 = Release|Any CPU
		{0582B0F2-CD9F-4BE7-94EC-C9DC949EBA12}.Release|iPhoneSimulator.ActiveCfg = Release|Any CPU
		{0582B0F2-CD9F-4BE7-94EC-C9DC949EBA12}.Release|iPhoneSimulator.Build.0 = Release|Any CPU
		{0582B0F2-CD9F-4BE7-94EC-C9DC949EBA12}.Release|x64.ActiveCfg = Release|Any CPU
		{0582B0F2-CD9F-4BE7-94EC-C9DC949EBA12}.Release|x64.Build.0 = Release|Any CPU
		{0582B0F2-CD9F-4BE7-94EC-C9DC949EBA12}.Release|x86.ActiveCfg = Release|Any CPU
		{0582B0F2-CD9F-4BE7-94EC-C9DC949EBA12}.Release|x86.Build.0 = Release|Any CPU
		{5C2DBA1F-3A32-45D2-884F-49263A06F186}.Debug|Any CPU.ActiveCfg = Debug|Any CPU
		{5C2DBA1F-3A32-45D2-884F-49263A06F186}.Debug|Any CPU.Build.0 = Debug|Any CPU
		{5C2DBA1F-3A32-45D2-884F-49263A06F186}.Debug|ARM.ActiveCfg = Debug|Any CPU
		{5C2DBA1F-3A32-45D2-884F-49263A06F186}.Debug|ARM.Build.0 = Debug|Any CPU
		{5C2DBA1F-3A32-45D2-884F-49263A06F186}.Debug|ARM64.ActiveCfg = Debug|Any CPU
		{5C2DBA1F-3A32-45D2-884F-49263A06F186}.Debug|ARM64.Build.0 = Debug|Any CPU
		{5C2DBA1F-3A32-45D2-884F-49263A06F186}.Debug|iPhone.ActiveCfg = Debug|Any CPU
		{5C2DBA1F-3A32-45D2-884F-49263A06F186}.Debug|iPhone.Build.0 = Debug|Any CPU
		{5C2DBA1F-3A32-45D2-884F-49263A06F186}.Debug|iPhoneSimulator.ActiveCfg = Debug|Any CPU
		{5C2DBA1F-3A32-45D2-884F-49263A06F186}.Debug|iPhoneSimulator.Build.0 = Debug|Any CPU
		{5C2DBA1F-3A32-45D2-884F-49263A06F186}.Debug|x64.ActiveCfg = Debug|Any CPU
		{5C2DBA1F-3A32-45D2-884F-49263A06F186}.Debug|x64.Build.0 = Debug|Any CPU
		{5C2DBA1F-3A32-45D2-884F-49263A06F186}.Debug|x86.ActiveCfg = Debug|Any CPU
		{5C2DBA1F-3A32-45D2-884F-49263A06F186}.Debug|x86.Build.0 = Debug|Any CPU
		{5C2DBA1F-3A32-45D2-884F-49263A06F186}.Release|Any CPU.ActiveCfg = Release|Any CPU
		{5C2DBA1F-3A32-45D2-884F-49263A06F186}.Release|Any CPU.Build.0 = Release|Any CPU
		{5C2DBA1F-3A32-45D2-884F-49263A06F186}.Release|ARM.ActiveCfg = Release|Any CPU
		{5C2DBA1F-3A32-45D2-884F-49263A06F186}.Release|ARM.Build.0 = Release|Any CPU
		{5C2DBA1F-3A32-45D2-884F-49263A06F186}.Release|ARM64.ActiveCfg = Release|Any CPU
		{5C2DBA1F-3A32-45D2-884F-49263A06F186}.Release|ARM64.Build.0 = Release|Any CPU
		{5C2DBA1F-3A32-45D2-884F-49263A06F186}.Release|iPhone.ActiveCfg = Release|Any CPU
		{5C2DBA1F-3A32-45D2-884F-49263A06F186}.Release|iPhone.Build.0 = Release|Any CPU
		{5C2DBA1F-3A32-45D2-884F-49263A06F186}.Release|iPhoneSimulator.ActiveCfg = Release|Any CPU
		{5C2DBA1F-3A32-45D2-884F-49263A06F186}.Release|iPhoneSimulator.Build.0 = Release|Any CPU
		{5C2DBA1F-3A32-45D2-884F-49263A06F186}.Release|x64.ActiveCfg = Release|Any CPU
		{5C2DBA1F-3A32-45D2-884F-49263A06F186}.Release|x64.Build.0 = Release|Any CPU
		{5C2DBA1F-3A32-45D2-884F-49263A06F186}.Release|x86.ActiveCfg = Release|Any CPU
		{5C2DBA1F-3A32-45D2-884F-49263A06F186}.Release|x86.Build.0 = Release|Any CPU
		{B07FBDF3-8919-448B-88DA-480E56CB6837}.Debug|Any CPU.ActiveCfg = Debug|Any CPU
		{B07FBDF3-8919-448B-88DA-480E56CB6837}.Debug|Any CPU.Build.0 = Debug|Any CPU
		{B07FBDF3-8919-448B-88DA-480E56CB6837}.Debug|ARM.ActiveCfg = Debug|Any CPU
		{B07FBDF3-8919-448B-88DA-480E56CB6837}.Debug|ARM.Build.0 = Debug|Any CPU
		{B07FBDF3-8919-448B-88DA-480E56CB6837}.Debug|ARM64.ActiveCfg = Debug|Any CPU
		{B07FBDF3-8919-448B-88DA-480E56CB6837}.Debug|ARM64.Build.0 = Debug|Any CPU
		{B07FBDF3-8919-448B-88DA-480E56CB6837}.Debug|iPhone.ActiveCfg = Debug|Any CPU
		{B07FBDF3-8919-448B-88DA-480E56CB6837}.Debug|iPhone.Build.0 = Debug|Any CPU
		{B07FBDF3-8919-448B-88DA-480E56CB6837}.Debug|iPhoneSimulator.ActiveCfg = Debug|Any CPU
		{B07FBDF3-8919-448B-88DA-480E56CB6837}.Debug|iPhoneSimulator.Build.0 = Debug|Any CPU
		{B07FBDF3-8919-448B-88DA-480E56CB6837}.Debug|x64.ActiveCfg = Debug|Any CPU
		{B07FBDF3-8919-448B-88DA-480E56CB6837}.Debug|x64.Build.0 = Debug|Any CPU
		{B07FBDF3-8919-448B-88DA-480E56CB6837}.Debug|x86.ActiveCfg = Debug|Any CPU
		{B07FBDF3-8919-448B-88DA-480E56CB6837}.Debug|x86.Build.0 = Debug|Any CPU
		{B07FBDF3-8919-448B-88DA-480E56CB6837}.Release|Any CPU.ActiveCfg = Release|Any CPU
		{B07FBDF3-8919-448B-88DA-480E56CB6837}.Release|Any CPU.Build.0 = Release|Any CPU
		{B07FBDF3-8919-448B-88DA-480E56CB6837}.Release|ARM.ActiveCfg = Release|Any CPU
		{B07FBDF3-8919-448B-88DA-480E56CB6837}.Release|ARM.Build.0 = Release|Any CPU
		{B07FBDF3-8919-448B-88DA-480E56CB6837}.Release|ARM64.ActiveCfg = Release|Any CPU
		{B07FBDF3-8919-448B-88DA-480E56CB6837}.Release|ARM64.Build.0 = Release|Any CPU
		{B07FBDF3-8919-448B-88DA-480E56CB6837}.Release|iPhone.ActiveCfg = Release|Any CPU
		{B07FBDF3-8919-448B-88DA-480E56CB6837}.Release|iPhone.Build.0 = Release|Any CPU
		{B07FBDF3-8919-448B-88DA-480E56CB6837}.Release|iPhoneSimulator.ActiveCfg = Release|Any CPU
		{B07FBDF3-8919-448B-88DA-480E56CB6837}.Release|iPhoneSimulator.Build.0 = Release|Any CPU
		{B07FBDF3-8919-448B-88DA-480E56CB6837}.Release|x64.ActiveCfg = Release|Any CPU
		{B07FBDF3-8919-448B-88DA-480E56CB6837}.Release|x64.Build.0 = Release|Any CPU
		{B07FBDF3-8919-448B-88DA-480E56CB6837}.Release|x86.ActiveCfg = Release|Any CPU
		{B07FBDF3-8919-448B-88DA-480E56CB6837}.Release|x86.Build.0 = Release|Any CPU
		{F1011A1C-C9ED-4A8E-9C38-EDA686A3A73B}.Debug|Any CPU.ActiveCfg = Debug|Any CPU
		{F1011A1C-C9ED-4A8E-9C38-EDA686A3A73B}.Debug|Any CPU.Build.0 = Debug|Any CPU
		{F1011A1C-C9ED-4A8E-9C38-EDA686A3A73B}.Debug|ARM.ActiveCfg = Debug|Any CPU
		{F1011A1C-C9ED-4A8E-9C38-EDA686A3A73B}.Debug|ARM.Build.0 = Debug|Any CPU
		{F1011A1C-C9ED-4A8E-9C38-EDA686A3A73B}.Debug|ARM64.ActiveCfg = Debug|Any CPU
		{F1011A1C-C9ED-4A8E-9C38-EDA686A3A73B}.Debug|ARM64.Build.0 = Debug|Any CPU
		{F1011A1C-C9ED-4A8E-9C38-EDA686A3A73B}.Debug|iPhone.ActiveCfg = Debug|Any CPU
		{F1011A1C-C9ED-4A8E-9C38-EDA686A3A73B}.Debug|iPhone.Build.0 = Debug|Any CPU
		{F1011A1C-C9ED-4A8E-9C38-EDA686A3A73B}.Debug|iPhoneSimulator.ActiveCfg = Debug|Any CPU
		{F1011A1C-C9ED-4A8E-9C38-EDA686A3A73B}.Debug|iPhoneSimulator.Build.0 = Debug|Any CPU
		{F1011A1C-C9ED-4A8E-9C38-EDA686A3A73B}.Debug|x64.ActiveCfg = Debug|Any CPU
		{F1011A1C-C9ED-4A8E-9C38-EDA686A3A73B}.Debug|x64.Build.0 = Debug|Any CPU
		{F1011A1C-C9ED-4A8E-9C38-EDA686A3A73B}.Debug|x86.ActiveCfg = Debug|Any CPU
		{F1011A1C-C9ED-4A8E-9C38-EDA686A3A73B}.Debug|x86.Build.0 = Debug|Any CPU
		{F1011A1C-C9ED-4A8E-9C38-EDA686A3A73B}.Release|Any CPU.ActiveCfg = Release|Any CPU
		{F1011A1C-C9ED-4A8E-9C38-EDA686A3A73B}.Release|Any CPU.Build.0 = Release|Any CPU
		{F1011A1C-C9ED-4A8E-9C38-EDA686A3A73B}.Release|ARM.ActiveCfg = Release|Any CPU
		{F1011A1C-C9ED-4A8E-9C38-EDA686A3A73B}.Release|ARM.Build.0 = Release|Any CPU
		{F1011A1C-C9ED-4A8E-9C38-EDA686A3A73B}.Release|ARM64.ActiveCfg = Release|Any CPU
		{F1011A1C-C9ED-4A8E-9C38-EDA686A3A73B}.Release|ARM64.Build.0 = Release|Any CPU
		{F1011A1C-C9ED-4A8E-9C38-EDA686A3A73B}.Release|iPhone.ActiveCfg = Release|Any CPU
		{F1011A1C-C9ED-4A8E-9C38-EDA686A3A73B}.Release|iPhone.Build.0 = Release|Any CPU
		{F1011A1C-C9ED-4A8E-9C38-EDA686A3A73B}.Release|iPhoneSimulator.ActiveCfg = Release|Any CPU
		{F1011A1C-C9ED-4A8E-9C38-EDA686A3A73B}.Release|iPhoneSimulator.Build.0 = Release|Any CPU
		{F1011A1C-C9ED-4A8E-9C38-EDA686A3A73B}.Release|x64.ActiveCfg = Release|Any CPU
		{F1011A1C-C9ED-4A8E-9C38-EDA686A3A73B}.Release|x64.Build.0 = Release|Any CPU
		{F1011A1C-C9ED-4A8E-9C38-EDA686A3A73B}.Release|x86.ActiveCfg = Release|Any CPU
		{F1011A1C-C9ED-4A8E-9C38-EDA686A3A73B}.Release|x86.Build.0 = Release|Any CPU
		{4AD6F9C0-8C08-40F2-86F9-021C1AE2461D}.Debug|Any CPU.ActiveCfg = Debug|Any CPU
		{4AD6F9C0-8C08-40F2-86F9-021C1AE2461D}.Debug|Any CPU.Build.0 = Debug|Any CPU
		{4AD6F9C0-8C08-40F2-86F9-021C1AE2461D}.Debug|ARM.ActiveCfg = Debug|Any CPU
		{4AD6F9C0-8C08-40F2-86F9-021C1AE2461D}.Debug|ARM.Build.0 = Debug|Any CPU
		{4AD6F9C0-8C08-40F2-86F9-021C1AE2461D}.Debug|ARM64.ActiveCfg = Debug|Any CPU
		{4AD6F9C0-8C08-40F2-86F9-021C1AE2461D}.Debug|ARM64.Build.0 = Debug|Any CPU
		{4AD6F9C0-8C08-40F2-86F9-021C1AE2461D}.Debug|iPhone.ActiveCfg = Debug|Any CPU
		{4AD6F9C0-8C08-40F2-86F9-021C1AE2461D}.Debug|iPhone.Build.0 = Debug|Any CPU
		{4AD6F9C0-8C08-40F2-86F9-021C1AE2461D}.Debug|iPhoneSimulator.ActiveCfg = Debug|Any CPU
		{4AD6F9C0-8C08-40F2-86F9-021C1AE2461D}.Debug|iPhoneSimulator.Build.0 = Debug|Any CPU
		{4AD6F9C0-8C08-40F2-86F9-021C1AE2461D}.Debug|x64.ActiveCfg = Debug|Any CPU
		{4AD6F9C0-8C08-40F2-86F9-021C1AE2461D}.Debug|x64.Build.0 = Debug|Any CPU
		{4AD6F9C0-8C08-40F2-86F9-021C1AE2461D}.Debug|x86.ActiveCfg = Debug|Any CPU
		{4AD6F9C0-8C08-40F2-86F9-021C1AE2461D}.Debug|x86.Build.0 = Debug|Any CPU
		{4AD6F9C0-8C08-40F2-86F9-021C1AE2461D}.Release|Any CPU.ActiveCfg = Release|Any CPU
		{4AD6F9C0-8C08-40F2-86F9-021C1AE2461D}.Release|Any CPU.Build.0 = Release|Any CPU
		{4AD6F9C0-8C08-40F2-86F9-021C1AE2461D}.Release|ARM.ActiveCfg = Release|Any CPU
		{4AD6F9C0-8C08-40F2-86F9-021C1AE2461D}.Release|ARM.Build.0 = Release|Any CPU
		{4AD6F9C0-8C08-40F2-86F9-021C1AE2461D}.Release|ARM64.ActiveCfg = Release|Any CPU
		{4AD6F9C0-8C08-40F2-86F9-021C1AE2461D}.Release|ARM64.Build.0 = Release|Any CPU
		{4AD6F9C0-8C08-40F2-86F9-021C1AE2461D}.Release|iPhone.ActiveCfg = Release|Any CPU
		{4AD6F9C0-8C08-40F2-86F9-021C1AE2461D}.Release|iPhone.Build.0 = Release|Any CPU
		{4AD6F9C0-8C08-40F2-86F9-021C1AE2461D}.Release|iPhoneSimulator.ActiveCfg = Release|Any CPU
		{4AD6F9C0-8C08-40F2-86F9-021C1AE2461D}.Release|iPhoneSimulator.Build.0 = Release|Any CPU
		{4AD6F9C0-8C08-40F2-86F9-021C1AE2461D}.Release|x64.ActiveCfg = Release|Any CPU
		{4AD6F9C0-8C08-40F2-86F9-021C1AE2461D}.Release|x64.Build.0 = Release|Any CPU
		{4AD6F9C0-8C08-40F2-86F9-021C1AE2461D}.Release|x86.ActiveCfg = Release|Any CPU
		{4AD6F9C0-8C08-40F2-86F9-021C1AE2461D}.Release|x86.Build.0 = Release|Any CPU
		{13C50EE1-103C-4AAE-A2C4-8D1945B3C6EF}.Debug|Any CPU.ActiveCfg = Debug|Any CPU
		{13C50EE1-103C-4AAE-A2C4-8D1945B3C6EF}.Debug|Any CPU.Build.0 = Debug|Any CPU
		{13C50EE1-103C-4AAE-A2C4-8D1945B3C6EF}.Debug|ARM.ActiveCfg = Debug|Any CPU
		{13C50EE1-103C-4AAE-A2C4-8D1945B3C6EF}.Debug|ARM.Build.0 = Debug|Any CPU
		{13C50EE1-103C-4AAE-A2C4-8D1945B3C6EF}.Debug|ARM64.ActiveCfg = Debug|Any CPU
		{13C50EE1-103C-4AAE-A2C4-8D1945B3C6EF}.Debug|ARM64.Build.0 = Debug|Any CPU
		{13C50EE1-103C-4AAE-A2C4-8D1945B3C6EF}.Debug|iPhone.ActiveCfg = Debug|Any CPU
		{13C50EE1-103C-4AAE-A2C4-8D1945B3C6EF}.Debug|iPhone.Build.0 = Debug|Any CPU
		{13C50EE1-103C-4AAE-A2C4-8D1945B3C6EF}.Debug|iPhoneSimulator.ActiveCfg = Debug|Any CPU
		{13C50EE1-103C-4AAE-A2C4-8D1945B3C6EF}.Debug|iPhoneSimulator.Build.0 = Debug|Any CPU
		{13C50EE1-103C-4AAE-A2C4-8D1945B3C6EF}.Debug|x64.ActiveCfg = Debug|Any CPU
		{13C50EE1-103C-4AAE-A2C4-8D1945B3C6EF}.Debug|x64.Build.0 = Debug|Any CPU
		{13C50EE1-103C-4AAE-A2C4-8D1945B3C6EF}.Debug|x86.ActiveCfg = Debug|Any CPU
		{13C50EE1-103C-4AAE-A2C4-8D1945B3C6EF}.Debug|x86.Build.0 = Debug|Any CPU
		{13C50EE1-103C-4AAE-A2C4-8D1945B3C6EF}.Release|Any CPU.ActiveCfg = Release|Any CPU
		{13C50EE1-103C-4AAE-A2C4-8D1945B3C6EF}.Release|Any CPU.Build.0 = Release|Any CPU
		{13C50EE1-103C-4AAE-A2C4-8D1945B3C6EF}.Release|ARM.ActiveCfg = Release|Any CPU
		{13C50EE1-103C-4AAE-A2C4-8D1945B3C6EF}.Release|ARM.Build.0 = Release|Any CPU
		{13C50EE1-103C-4AAE-A2C4-8D1945B3C6EF}.Release|ARM64.ActiveCfg = Release|Any CPU
		{13C50EE1-103C-4AAE-A2C4-8D1945B3C6EF}.Release|ARM64.Build.0 = Release|Any CPU
		{13C50EE1-103C-4AAE-A2C4-8D1945B3C6EF}.Release|iPhone.ActiveCfg = Release|Any CPU
		{13C50EE1-103C-4AAE-A2C4-8D1945B3C6EF}.Release|iPhone.Build.0 = Release|Any CPU
		{13C50EE1-103C-4AAE-A2C4-8D1945B3C6EF}.Release|iPhoneSimulator.ActiveCfg = Release|Any CPU
		{13C50EE1-103C-4AAE-A2C4-8D1945B3C6EF}.Release|iPhoneSimulator.Build.0 = Release|Any CPU
		{13C50EE1-103C-4AAE-A2C4-8D1945B3C6EF}.Release|x64.ActiveCfg = Release|Any CPU
		{13C50EE1-103C-4AAE-A2C4-8D1945B3C6EF}.Release|x64.Build.0 = Release|Any CPU
		{13C50EE1-103C-4AAE-A2C4-8D1945B3C6EF}.Release|x86.ActiveCfg = Release|Any CPU
		{13C50EE1-103C-4AAE-A2C4-8D1945B3C6EF}.Release|x86.Build.0 = Release|Any CPU
		{83C5C1AF-7F38-4950-B8FB-C3E6C552C217}.Debug|Any CPU.ActiveCfg = Debug|Any CPU
		{83C5C1AF-7F38-4950-B8FB-C3E6C552C217}.Debug|Any CPU.Build.0 = Debug|Any CPU
		{83C5C1AF-7F38-4950-B8FB-C3E6C552C217}.Debug|ARM.ActiveCfg = Debug|Any CPU
		{83C5C1AF-7F38-4950-B8FB-C3E6C552C217}.Debug|ARM.Build.0 = Debug|Any CPU
		{83C5C1AF-7F38-4950-B8FB-C3E6C552C217}.Debug|ARM64.ActiveCfg = Debug|Any CPU
		{83C5C1AF-7F38-4950-B8FB-C3E6C552C217}.Debug|ARM64.Build.0 = Debug|Any CPU
		{83C5C1AF-7F38-4950-B8FB-C3E6C552C217}.Debug|iPhone.ActiveCfg = Debug|Any CPU
		{83C5C1AF-7F38-4950-B8FB-C3E6C552C217}.Debug|iPhone.Build.0 = Debug|Any CPU
		{83C5C1AF-7F38-4950-B8FB-C3E6C552C217}.Debug|iPhoneSimulator.ActiveCfg = Debug|Any CPU
		{83C5C1AF-7F38-4950-B8FB-C3E6C552C217}.Debug|iPhoneSimulator.Build.0 = Debug|Any CPU
		{83C5C1AF-7F38-4950-B8FB-C3E6C552C217}.Debug|x64.ActiveCfg = Debug|x64
		{83C5C1AF-7F38-4950-B8FB-C3E6C552C217}.Debug|x64.Build.0 = Debug|x64
		{83C5C1AF-7F38-4950-B8FB-C3E6C552C217}.Debug|x86.ActiveCfg = Debug|Win32
		{83C5C1AF-7F38-4950-B8FB-C3E6C552C217}.Debug|x86.Build.0 = Debug|Win32
		{83C5C1AF-7F38-4950-B8FB-C3E6C552C217}.Release|Any CPU.ActiveCfg = Release|Any CPU
		{83C5C1AF-7F38-4950-B8FB-C3E6C552C217}.Release|Any CPU.Build.0 = Release|Any CPU
		{83C5C1AF-7F38-4950-B8FB-C3E6C552C217}.Release|ARM.ActiveCfg = Release|Any CPU
		{83C5C1AF-7F38-4950-B8FB-C3E6C552C217}.Release|ARM.Build.0 = Release|Any CPU
		{83C5C1AF-7F38-4950-B8FB-C3E6C552C217}.Release|ARM64.ActiveCfg = Release|Any CPU
		{83C5C1AF-7F38-4950-B8FB-C3E6C552C217}.Release|ARM64.Build.0 = Release|Any CPU
		{83C5C1AF-7F38-4950-B8FB-C3E6C552C217}.Release|iPhone.ActiveCfg = Release|Any CPU
		{83C5C1AF-7F38-4950-B8FB-C3E6C552C217}.Release|iPhone.Build.0 = Release|Any CPU
		{83C5C1AF-7F38-4950-B8FB-C3E6C552C217}.Release|iPhoneSimulator.ActiveCfg = Release|Any CPU
		{83C5C1AF-7F38-4950-B8FB-C3E6C552C217}.Release|iPhoneSimulator.Build.0 = Release|Any CPU
		{83C5C1AF-7F38-4950-B8FB-C3E6C552C217}.Release|x64.ActiveCfg = Release|x64
		{83C5C1AF-7F38-4950-B8FB-C3E6C552C217}.Release|x64.Build.0 = Release|x64
		{83C5C1AF-7F38-4950-B8FB-C3E6C552C217}.Release|x86.ActiveCfg = Release|Win32
		{83C5C1AF-7F38-4950-B8FB-C3E6C552C217}.Release|x86.Build.0 = Release|Win32
		{B71EF5CB-0BC3-4A8E-A9A3-206BF5D3A417}.Debug|Any CPU.ActiveCfg = Debug|Any CPU
		{B71EF5CB-0BC3-4A8E-A9A3-206BF5D3A417}.Debug|Any CPU.Build.0 = Debug|Any CPU
		{B71EF5CB-0BC3-4A8E-A9A3-206BF5D3A417}.Debug|ARM.ActiveCfg = Debug|Any CPU
		{B71EF5CB-0BC3-4A8E-A9A3-206BF5D3A417}.Debug|ARM.Build.0 = Debug|Any CPU
		{B71EF5CB-0BC3-4A8E-A9A3-206BF5D3A417}.Debug|ARM64.ActiveCfg = Debug|Any CPU
		{B71EF5CB-0BC3-4A8E-A9A3-206BF5D3A417}.Debug|ARM64.Build.0 = Debug|Any CPU
		{B71EF5CB-0BC3-4A8E-A9A3-206BF5D3A417}.Debug|iPhone.ActiveCfg = Debug|Any CPU
		{B71EF5CB-0BC3-4A8E-A9A3-206BF5D3A417}.Debug|iPhone.Build.0 = Debug|Any CPU
		{B71EF5CB-0BC3-4A8E-A9A3-206BF5D3A417}.Debug|iPhoneSimulator.ActiveCfg = Debug|Any CPU
		{B71EF5CB-0BC3-4A8E-A9A3-206BF5D3A417}.Debug|iPhoneSimulator.Build.0 = Debug|Any CPU
		{B71EF5CB-0BC3-4A8E-A9A3-206BF5D3A417}.Debug|x64.ActiveCfg = Debug|Any CPU
		{B71EF5CB-0BC3-4A8E-A9A3-206BF5D3A417}.Debug|x64.Build.0 = Debug|Any CPU
		{B71EF5CB-0BC3-4A8E-A9A3-206BF5D3A417}.Debug|x86.ActiveCfg = Debug|Any CPU
		{B71EF5CB-0BC3-4A8E-A9A3-206BF5D3A417}.Debug|x86.Build.0 = Debug|Any CPU
		{B71EF5CB-0BC3-4A8E-A9A3-206BF5D3A417}.Release|Any CPU.ActiveCfg = Release|Any CPU
		{B71EF5CB-0BC3-4A8E-A9A3-206BF5D3A417}.Release|Any CPU.Build.0 = Release|Any CPU
		{B71EF5CB-0BC3-4A8E-A9A3-206BF5D3A417}.Release|ARM.ActiveCfg = Release|Any CPU
		{B71EF5CB-0BC3-4A8E-A9A3-206BF5D3A417}.Release|ARM.Build.0 = Release|Any CPU
		{B71EF5CB-0BC3-4A8E-A9A3-206BF5D3A417}.Release|ARM64.ActiveCfg = Release|Any CPU
		{B71EF5CB-0BC3-4A8E-A9A3-206BF5D3A417}.Release|ARM64.Build.0 = Release|Any CPU
		{B71EF5CB-0BC3-4A8E-A9A3-206BF5D3A417}.Release|iPhone.ActiveCfg = Release|Any CPU
		{B71EF5CB-0BC3-4A8E-A9A3-206BF5D3A417}.Release|iPhone.Build.0 = Release|Any CPU
		{B71EF5CB-0BC3-4A8E-A9A3-206BF5D3A417}.Release|iPhoneSimulator.ActiveCfg = Release|Any CPU
		{B71EF5CB-0BC3-4A8E-A9A3-206BF5D3A417}.Release|iPhoneSimulator.Build.0 = Release|Any CPU
		{B71EF5CB-0BC3-4A8E-A9A3-206BF5D3A417}.Release|x64.ActiveCfg = Release|Any CPU
		{B71EF5CB-0BC3-4A8E-A9A3-206BF5D3A417}.Release|x64.Build.0 = Release|Any CPU
		{B71EF5CB-0BC3-4A8E-A9A3-206BF5D3A417}.Release|x86.ActiveCfg = Release|Any CPU
		{B71EF5CB-0BC3-4A8E-A9A3-206BF5D3A417}.Release|x86.Build.0 = Release|Any CPU
	EndGlobalSection
	GlobalSection(SolutionProperties) = preSolution
		HideSolutionNode = FALSE
	EndGlobalSection
	GlobalSection(NestedProjects) = preSolution
		{E641A0B5-0461-47F3-91BB-340BE880A545} = {E0839402-4D82-4FF2-8778-A2E538ABCEAB}
		{400473EB-9A5B-4E8D-816D-5BC5B315C542} = {E0839402-4D82-4FF2-8778-A2E538ABCEAB}
		{42B33C51-4F2A-4877-A98D-44033E7719EB} = {E0839402-4D82-4FF2-8778-A2E538ABCEAB}
		{6CD27F75-26AB-4A32-9B45-377A4E264A8E} = {E0839402-4D82-4FF2-8778-A2E538ABCEAB}
		{5A28AAB0-8DE5-423A-A9B7-F003F3801FDE} = {D87F8DC2-8DB2-444D-BF8A-2D592009864A}
		{0582B0F2-CD9F-4BE7-94EC-C9DC949EBA12} = {D87F8DC2-8DB2-444D-BF8A-2D592009864A}
		{5C2DBA1F-3A32-45D2-884F-49263A06F186} = {D87F8DC2-8DB2-444D-BF8A-2D592009864A}
		{B07FBDF3-8919-448B-88DA-480E56CB6837} = {D87F8DC2-8DB2-444D-BF8A-2D592009864A}
		{F1011A1C-C9ED-4A8E-9C38-EDA686A3A73B} = {D87F8DC2-8DB2-444D-BF8A-2D592009864A}
		{4AD6F9C0-8C08-40F2-86F9-021C1AE2461D} = {E0839402-4D82-4FF2-8778-A2E538ABCEAB}
	EndGlobalSection
	GlobalSection(ExtensibilityGlobals) = postSolution
		SolutionGuid = {712D1144-9FDB-4394-AE3C-DA16C9FBE394}
	EndGlobalSection
EndGlobal
