
Microsoft Visual Studio Solution File, Format Version 12.00
# Visual Studio Version 16
VisualStudioVersion = 16.0.30128.74
MinimumVisualStudioVersion = 10.0.40219.1
Project("{2150E333-8FDC-42A3-9474-1A3956D46DE8}") = "Solution Items", "Solution Items", "{C56184B6-D260-4411-B257-A11BD4E8DD31}"
	ProjectSection(SolutionItems) = preProject
		.editorconfig = .editorconfig
	EndProjectSection
EndProject
Project("{FAE04EC0-301F-11D3-BF4B-00C04F79EFBC}") = "MonkeyPaste.UWP", "MonkeyPaste\MonkeyPaste.UWP\MonkeyPaste.UWP.csproj", "{30466C94-8356-4AA4-AA30-BF809BB3F7FA}"
EndProject
Project("{FAE04EC0-301F-11D3-BF4B-00C04F79EFBC}") = "MonkeyPaste.Android", "MonkeyPaste\MonkeyPaste.Android\MonkeyPaste.Android.csproj", "{8E3CDCB7-18C2-41E6-8D36-B949BF7300DD}"
EndProject
Project("{FAE04EC0-301F-11D3-BF4B-00C04F79EFBC}") = "MonkeyPaste.iOS", "MonkeyPaste\MonkeyPaste.iOS\MonkeyPaste.iOS.csproj", "{1808457D-E1B4-42B1-9647-BF47B23C6166}"
EndProject
Project("{9A19103F-16F7-4668-BE54-9A1E7A4F7556}") = "MonkeyPaste", "MonkeyPaste\MonkeyPaste\MonkeyPaste.csproj", "{EFFA9E68-C567-4F5A-AE60-0BA2937CF5FA}"
EndProject
Project("{FAE04EC0-301F-11D3-BF4B-00C04F79EFBC}") = "MonkeyPaste.iOS.KeyboardExtension", "MonkeyPaste\MonkeyPaste.iOS.KeyboardExtension\MonkeyPaste.iOS.KeyboardExtension.csproj", "{7D6DFA97-AF05-44A5-9C4B-EEC0B107AFC6}"
	ProjectSection(ProjectDependencies) = postProject
		{EFFA9E68-C567-4F5A-AE60-0BA2937CF5FA} = {EFFA9E68-C567-4F5A-AE60-0BA2937CF5FA}
		{1808457D-E1B4-42B1-9647-BF47B23C6166} = {1808457D-E1B4-42B1-9647-BF47B23C6166}
	EndProjectSection
EndProject
Project("{FAE04EC0-301F-11D3-BF4B-00C04F79EFBC}") = "MonkeyPaste.Mac", "MonkeyPaste\MonkeyPaste.Mac\MonkeyPaste.Mac.csproj", "{77F70064-C0B4-40FF-88FA-CA6795C1B89B}"
EndProject
Project("{9344BDBB-3E7F-41FC-A0DD-8665D75EE146}") = "MonkeyPaste.iOS.ShareExtension", "MonkeyPaste.iOS.ShareExtension\MonkeyPaste.iOS.ShareExtension.csproj", "{A7D92144-E173-4D19-8626-D642F7C3B29B}"
EndProject
Project("{9344BDBB-3E7F-41FC-A0DD-8665D75EE146}") = "MpWpfApp", "MpWpfApp\MpWpfApp.csproj", "{A8FAF9C6-795A-41EA-BD5D-12A37C17CAF9}"
EndProject
Project("{9344BDBB-3E7F-41FC-A0DD-8665D75EE146}") = "MpWpfWap", "MpWpfWap\MpWpfWap.wapproj", "{4D8A37A5-EBC4-43AE-9865-4B16CC9CA48D}"
EndProject
Global
	GlobalSection(SolutionConfigurationPlatforms) = preSolution
		Debug|Any CPU = Debug|Any CPU
		Debug|ARM = Debug|ARM
		Debug|ARM64 = Debug|ARM64
		Debug|iPhone = Debug|iPhone
		Debug|iPhoneSimulator = Debug|iPhoneSimulator
		Debug|x64 = Debug|x64
		Debug|x86 = Debug|x86
		Release|Any CPU = Release|Any CPU
		Release|ARM = Release|ARM
		Release|ARM64 = Release|ARM64
		Release|iPhone = Release|iPhone
		Release|iPhoneSimulator = Release|iPhoneSimulator
		Release|x64 = Release|x64
		Release|x86 = Release|x86
	EndGlobalSection
	GlobalSection(ProjectConfigurationPlatforms) = postSolution
		{30466C94-8356-4AA4-AA30-BF809BB3F7FA}.Debug|Any CPU.ActiveCfg = Debug|x86
		{30466C94-8356-4AA4-AA30-BF809BB3F7FA}.Debug|ARM.ActiveCfg = Debug|ARM
		{30466C94-8356-4AA4-AA30-BF809BB3F7FA}.Debug|ARM.Build.0 = Debug|ARM
		{30466C94-8356-4AA4-AA30-BF809BB3F7FA}.Debug|ARM.Deploy.0 = Debug|ARM
		{30466C94-8356-4AA4-AA30-BF809BB3F7FA}.Debug|ARM64.ActiveCfg = Debug|x86
		{30466C94-8356-4AA4-AA30-BF809BB3F7FA}.Debug|iPhone.ActiveCfg = Debug|x86
		{30466C94-8356-4AA4-AA30-BF809BB3F7FA}.Debug|iPhoneSimulator.ActiveCfg = Debug|x86
		{30466C94-8356-4AA4-AA30-BF809BB3F7FA}.Debug|x64.ActiveCfg = Debug|x64
		{30466C94-8356-4AA4-AA30-BF809BB3F7FA}.Debug|x64.Build.0 = Debug|x64
		{30466C94-8356-4AA4-AA30-BF809BB3F7FA}.Debug|x64.Deploy.0 = Debug|x64
		{30466C94-8356-4AA4-AA30-BF809BB3F7FA}.Debug|x86.ActiveCfg = Debug|x86
		{30466C94-8356-4AA4-AA30-BF809BB3F7FA}.Debug|x86.Build.0 = Debug|x86
		{30466C94-8356-4AA4-AA30-BF809BB3F7FA}.Debug|x86.Deploy.0 = Debug|x86
		{30466C94-8356-4AA4-AA30-BF809BB3F7FA}.Release|Any CPU.ActiveCfg = Release|x86
		{30466C94-8356-4AA4-AA30-BF809BB3F7FA}.Release|ARM.ActiveCfg = Release|ARM
		{30466C94-8356-4AA4-AA30-BF809BB3F7FA}.Release|ARM.Build.0 = Release|ARM
		{30466C94-8356-4AA4-AA30-BF809BB3F7FA}.Release|ARM.Deploy.0 = Release|ARM
		{30466C94-8356-4AA4-AA30-BF809BB3F7FA}.Release|ARM64.ActiveCfg = Release|x86
		{30466C94-8356-4AA4-AA30-BF809BB3F7FA}.Release|iPhone.ActiveCfg = Release|x86
		{30466C94-8356-4AA4-AA30-BF809BB3F7FA}.Release|iPhoneSimulator.ActiveCfg = Release|x86
		{30466C94-8356-4AA4-AA30-BF809BB3F7FA}.Release|x64.ActiveCfg = Release|x64
		{30466C94-8356-4AA4-AA30-BF809BB3F7FA}.Release|x64.Build.0 = Release|x64
		{30466C94-8356-4AA4-AA30-BF809BB3F7FA}.Release|x64.Deploy.0 = Release|x64
		{30466C94-8356-4AA4-AA30-BF809BB3F7FA}.Release|x86.ActiveCfg = Release|x86
		{30466C94-8356-4AA4-AA30-BF809BB3F7FA}.Release|x86.Build.0 = Release|x86
		{30466C94-8356-4AA4-AA30-BF809BB3F7FA}.Release|x86.Deploy.0 = Release|x86
		{8E3CDCB7-18C2-41E6-8D36-B949BF7300DD}.Debug|Any CPU.ActiveCfg = Debug|Any CPU
		{8E3CDCB7-18C2-41E6-8D36-B949BF7300DD}.Debug|Any CPU.Build.0 = Debug|Any CPU
		{8E3CDCB7-18C2-41E6-8D36-B949BF7300DD}.Debug|Any CPU.Deploy.0 = Debug|Any CPU
		{8E3CDCB7-18C2-41E6-8D36-B949BF7300DD}.Debug|ARM.ActiveCfg = Debug|Any CPU
		{8E3CDCB7-18C2-41E6-8D36-B949BF7300DD}.Debug|ARM.Build.0 = Debug|Any CPU
		{8E3CDCB7-18C2-41E6-8D36-B949BF7300DD}.Debug|ARM.Deploy.0 = Debug|Any CPU
		{8E3CDCB7-18C2-41E6-8D36-B949BF7300DD}.Debug|ARM64.ActiveCfg = Debug|Any CPU
		{8E3CDCB7-18C2-41E6-8D36-B949BF7300DD}.Debug|ARM64.Build.0 = Debug|Any CPU
		{8E3CDCB7-18C2-41E6-8D36-B949BF7300DD}.Debug|ARM64.Deploy.0 = Debug|Any CPU
		{8E3CDCB7-18C2-41E6-8D36-B949BF7300DD}.Debug|iPhone.ActiveCfg = Debug|Any CPU
		{8E3CDCB7-18C2-41E6-8D36-B949BF7300DD}.Debug|iPhone.Build.0 = Debug|Any CPU
		{8E3CDCB7-18C2-41E6-8D36-B949BF7300DD}.Debug|iPhone.Deploy.0 = Debug|Any CPU
		{8E3CDCB7-18C2-41E6-8D36-B949BF7300DD}.Debug|iPhoneSimulator.ActiveCfg = Debug|Any CPU
		{8E3CDCB7-18C2-41E6-8D36-B949BF7300DD}.Debug|iPhoneSimulator.Build.0 = Debug|Any CPU
		{8E3CDCB7-18C2-41E6-8D36-B949BF7300DD}.Debug|iPhoneSimulator.Deploy.0 = Debug|Any CPU
		{8E3CDCB7-18C2-41E6-8D36-B949BF7300DD}.Debug|x64.ActiveCfg = Debug|Any CPU
		{8E3CDCB7-18C2-41E6-8D36-B949BF7300DD}.Debug|x64.Build.0 = Debug|Any CPU
		{8E3CDCB7-18C2-41E6-8D36-B949BF7300DD}.Debug|x64.Deploy.0 = Debug|Any CPU
		{8E3CDCB7-18C2-41E6-8D36-B949BF7300DD}.Debug|x86.ActiveCfg = Debug|Any CPU
		{8E3CDCB7-18C2-41E6-8D36-B949BF7300DD}.Debug|x86.Build.0 = Debug|Any CPU
		{8E3CDCB7-18C2-41E6-8D36-B949BF7300DD}.Debug|x86.Deploy.0 = Debug|Any CPU
		{8E3CDCB7-18C2-41E6-8D36-B949BF7300DD}.Release|Any CPU.ActiveCfg = Release|Any CPU
		{8E3CDCB7-18C2-41E6-8D36-B949BF7300DD}.Release|Any CPU.Build.0 = Release|Any CPU
		{8E3CDCB7-18C2-41E6-8D36-B949BF7300DD}.Release|Any CPU.Deploy.0 = Release|Any CPU
		{8E3CDCB7-18C2-41E6-8D36-B949BF7300DD}.Release|ARM.ActiveCfg = Release|Any CPU
		{8E3CDCB7-18C2-41E6-8D36-B949BF7300DD}.Release|ARM.Build.0 = Release|Any CPU
		{8E3CDCB7-18C2-41E6-8D36-B949BF7300DD}.Release|ARM.Deploy.0 = Release|Any CPU
		{8E3CDCB7-18C2-41E6-8D36-B949BF7300DD}.Release|ARM64.ActiveCfg = Release|Any CPU
		{8E3CDCB7-18C2-41E6-8D36-B949BF7300DD}.Release|ARM64.Build.0 = Release|Any CPU
		{8E3CDCB7-18C2-41E6-8D36-B949BF7300DD}.Release|ARM64.Deploy.0 = Release|Any CPU
		{8E3CDCB7-18C2-41E6-8D36-B949BF7300DD}.Release|iPhone.ActiveCfg = Release|Any CPU
		{8E3CDCB7-18C2-41E6-8D36-B949BF7300DD}.Release|iPhone.Build.0 = Release|Any CPU
		{8E3CDCB7-18C2-41E6-8D36-B949BF7300DD}.Release|iPhone.Deploy.0 = Release|Any CPU
		{8E3CDCB7-18C2-41E6-8D36-B949BF7300DD}.Release|iPhoneSimulator.ActiveCfg = Release|Any CPU
		{8E3CDCB7-18C2-41E6-8D36-B949BF7300DD}.Release|iPhoneSimulator.Build.0 = Release|Any CPU
		{8E3CDCB7-18C2-41E6-8D36-B949BF7300DD}.Release|iPhoneSimulator.Deploy.0 = Release|Any CPU
		{8E3CDCB7-18C2-41E6-8D36-B949BF7300DD}.Release|x64.ActiveCfg = Release|Any CPU
		{8E3CDCB7-18C2-41E6-8D36-B949BF7300DD}.Release|x64.Build.0 = Release|Any CPU
		{8E3CDCB7-18C2-41E6-8D36-B949BF7300DD}.Release|x64.Deploy.0 = Release|Any CPU
		{8E3CDCB7-18C2-41E6-8D36-B949BF7300DD}.Release|x86.ActiveCfg = Release|Any CPU
		{8E3CDCB7-18C2-41E6-8D36-B949BF7300DD}.Release|x86.Build.0 = Release|Any CPU
		{8E3CDCB7-18C2-41E6-8D36-B949BF7300DD}.Release|x86.Deploy.0 = Release|Any CPU
		{1808457D-E1B4-42B1-9647-BF47B23C6166}.Debug|Any CPU.ActiveCfg = Debug|iPhoneSimulator
		{1808457D-E1B4-42B1-9647-BF47B23C6166}.Debug|ARM.ActiveCfg = Debug|iPhoneSimulator
		{1808457D-E1B4-42B1-9647-BF47B23C6166}.Debug|ARM64.ActiveCfg = Debug|iPhoneSimulator
		{1808457D-E1B4-42B1-9647-BF47B23C6166}.Debug|iPhone.ActiveCfg = Debug|iPhone
		{1808457D-E1B4-42B1-9647-BF47B23C6166}.Debug|iPhone.Build.0 = Debug|iPhone
		{1808457D-E1B4-42B1-9647-BF47B23C6166}.Debug|iPhone.Deploy.0 = Debug|iPhone
		{1808457D-E1B4-42B1-9647-BF47B23C6166}.Debug|iPhoneSimulator.ActiveCfg = Debug|iPhoneSimulator
		{1808457D-E1B4-42B1-9647-BF47B23C6166}.Debug|iPhoneSimulator.Build.0 = Debug|iPhoneSimulator
		{1808457D-E1B4-42B1-9647-BF47B23C6166}.Debug|x64.ActiveCfg = Debug|iPhoneSimulator
		{1808457D-E1B4-42B1-9647-BF47B23C6166}.Debug|x86.ActiveCfg = Debug|iPhoneSimulator
		{1808457D-E1B4-42B1-9647-BF47B23C6166}.Release|Any CPU.ActiveCfg = Release|iPhoneSimulator
		{1808457D-E1B4-42B1-9647-BF47B23C6166}.Release|ARM.ActiveCfg = Release|iPhoneSimulator
		{1808457D-E1B4-42B1-9647-BF47B23C6166}.Release|ARM64.ActiveCfg = Release|iPhoneSimulator
		{1808457D-E1B4-42B1-9647-BF47B23C6166}.Release|iPhone.ActiveCfg = Release|iPhone
		{1808457D-E1B4-42B1-9647-BF47B23C6166}.Release|iPhone.Build.0 = Release|iPhone
		{1808457D-E1B4-42B1-9647-BF47B23C6166}.Release|iPhoneSimulator.ActiveCfg = Release|iPhoneSimulator
		{1808457D-E1B4-42B1-9647-BF47B23C6166}.Release|iPhoneSimulator.Build.0 = Release|iPhoneSimulator
		{1808457D-E1B4-42B1-9647-BF47B23C6166}.Release|x64.ActiveCfg = Release|iPhoneSimulator
		{1808457D-E1B4-42B1-9647-BF47B23C6166}.Release|x86.ActiveCfg = Release|iPhoneSimulator
		{EFFA9E68-C567-4F5A-AE60-0BA2937CF5FA}.Debug|Any CPU.ActiveCfg = Debug|Any CPU
		{EFFA9E68-C567-4F5A-AE60-0BA2937CF5FA}.Debug|Any CPU.Build.0 = Debug|Any CPU
		{EFFA9E68-C567-4F5A-AE60-0BA2937CF5FA}.Debug|ARM.ActiveCfg = Debug|Any CPU
		{EFFA9E68-C567-4F5A-AE60-0BA2937CF5FA}.Debug|ARM.Build.0 = Debug|Any CPU
		{EFFA9E68-C567-4F5A-AE60-0BA2937CF5FA}.Debug|ARM64.ActiveCfg = Debug|Any CPU
		{EFFA9E68-C567-4F5A-AE60-0BA2937CF5FA}.Debug|ARM64.Build.0 = Debug|Any CPU
		{EFFA9E68-C567-4F5A-AE60-0BA2937CF5FA}.Debug|iPhone.ActiveCfg = Debug|Any CPU
		{EFFA9E68-C567-4F5A-AE60-0BA2937CF5FA}.Debug|iPhone.Build.0 = Debug|Any CPU
		{EFFA9E68-C567-4F5A-AE60-0BA2937CF5FA}.Debug|iPhoneSimulator.ActiveCfg = Debug|Any CPU
		{EFFA9E68-C567-4F5A-AE60-0BA2937CF5FA}.Debug|iPhoneSimulator.Build.0 = Debug|Any CPU
		{EFFA9E68-C567-4F5A-AE60-0BA2937CF5FA}.Debug|x64.ActiveCfg = Debug|Any CPU
		{EFFA9E68-C567-4F5A-AE60-0BA2937CF5FA}.Debug|x64.Build.0 = Debug|Any CPU
		{EFFA9E68-C567-4F5A-AE60-0BA2937CF5FA}.Debug|x86.ActiveCfg = Debug|Any CPU
		{EFFA9E68-C567-4F5A-AE60-0BA2937CF5FA}.Debug|x86.Build.0 = Debug|Any CPU
		{EFFA9E68-C567-4F5A-AE60-0BA2937CF5FA}.Release|Any CPU.ActiveCfg = Release|Any CPU
		{EFFA9E68-C567-4F5A-AE60-0BA2937CF5FA}.Release|Any CPU.Build.0 = Release|Any CPU
		{EFFA9E68-C567-4F5A-AE60-0BA2937CF5FA}.Release|ARM.ActiveCfg = Release|Any CPU
		{EFFA9E68-C567-4F5A-AE60-0BA2937CF5FA}.Release|ARM.Build.0 = Release|Any CPU
		{EFFA9E68-C567-4F5A-AE60-0BA2937CF5FA}.Release|ARM64.ActiveCfg = Release|Any CPU
		{EFFA9E68-C567-4F5A-AE60-0BA2937CF5FA}.Release|ARM64.Build.0 = Release|Any CPU
		{EFFA9E68-C567-4F5A-AE60-0BA2937CF5FA}.Release|iPhone.ActiveCfg = Release|Any CPU
		{EFFA9E68-C567-4F5A-AE60-0BA2937CF5FA}.Release|iPhone.Build.0 = Release|Any CPU
		{EFFA9E68-C567-4F5A-AE60-0BA2937CF5FA}.Release|iPhoneSimulator.ActiveCfg = Release|Any CPU
		{EFFA9E68-C567-4F5A-AE60-0BA2937CF5FA}.Release|iPhoneSimulator.Build.0 = Release|Any CPU
		{EFFA9E68-C567-4F5A-AE60-0BA2937CF5FA}.Release|x64.ActiveCfg = Release|Any CPU
		{EFFA9E68-C567-4F5A-AE60-0BA2937CF5FA}.Release|x64.Build.0 = Release|Any CPU
		{EFFA9E68-C567-4F5A-AE60-0BA2937CF5FA}.Release|x86.ActiveCfg = Release|Any CPU
		{EFFA9E68-C567-4F5A-AE60-0BA2937CF5FA}.Release|x86.Build.0 = Release|Any CPU
		{7D6DFA97-AF05-44A5-9C4B-EEC0B107AFC6}.Debug|Any CPU.ActiveCfg = Debug|iPhoneSimulator
		{7D6DFA97-AF05-44A5-9C4B-EEC0B107AFC6}.Debug|ARM.ActiveCfg = Debug|iPhoneSimulator
		{7D6DFA97-AF05-44A5-9C4B-EEC0B107AFC6}.Debug|ARM64.ActiveCfg = Debug|iPhoneSimulator
		{7D6DFA97-AF05-44A5-9C4B-EEC0B107AFC6}.Debug|iPhone.ActiveCfg = Debug|iPhone
		{7D6DFA97-AF05-44A5-9C4B-EEC0B107AFC6}.Debug|iPhone.Build.0 = Debug|iPhone
		{7D6DFA97-AF05-44A5-9C4B-EEC0B107AFC6}.Debug|iPhoneSimulator.ActiveCfg = Debug|iPhoneSimulator
		{7D6DFA97-AF05-44A5-9C4B-EEC0B107AFC6}.Debug|iPhoneSimulator.Build.0 = Debug|iPhoneSimulator
		{7D6DFA97-AF05-44A5-9C4B-EEC0B107AFC6}.Debug|x64.ActiveCfg = Debug|iPhoneSimulator
		{7D6DFA97-AF05-44A5-9C4B-EEC0B107AFC6}.Debug|x86.ActiveCfg = Debug|iPhoneSimulator
		{7D6DFA97-AF05-44A5-9C4B-EEC0B107AFC6}.Release|Any CPU.ActiveCfg = Release|iPhoneSimulator
		{7D6DFA97-AF05-44A5-9C4B-EEC0B107AFC6}.Release|ARM.ActiveCfg = Release|iPhoneSimulator
		{7D6DFA97-AF05-44A5-9C4B-EEC0B107AFC6}.Release|ARM64.ActiveCfg = Release|iPhoneSimulator
		{7D6DFA97-AF05-44A5-9C4B-EEC0B107AFC6}.Release|iPhone.ActiveCfg = Release|iPhone
		{7D6DFA97-AF05-44A5-9C4B-EEC0B107AFC6}.Release|iPhone.Build.0 = Release|iPhone
		{7D6DFA97-AF05-44A5-9C4B-EEC0B107AFC6}.Release|iPhoneSimulator.ActiveCfg = Release|iPhoneSimulator
		{7D6DFA97-AF05-44A5-9C4B-EEC0B107AFC6}.Release|iPhoneSimulator.Build.0 = Release|iPhoneSimulator
		{7D6DFA97-AF05-44A5-9C4B-EEC0B107AFC6}.Release|x64.ActiveCfg = Release|iPhoneSimulator
		{7D6DFA97-AF05-44A5-9C4B-EEC0B107AFC6}.Release|x86.ActiveCfg = Release|iPhoneSimulator
		{77F70064-C0B4-40FF-88FA-CA6795C1B89B}.Debug|Any CPU.ActiveCfg = Debug|Any CPU
		{77F70064-C0B4-40FF-88FA-CA6795C1B89B}.Debug|Any CPU.Build.0 = Debug|Any CPU
		{77F70064-C0B4-40FF-88FA-CA6795C1B89B}.Debug|ARM.ActiveCfg = Debug|Any CPU
		{77F70064-C0B4-40FF-88FA-CA6795C1B89B}.Debug|ARM.Build.0 = Debug|Any CPU
		{77F70064-C0B4-40FF-88FA-CA6795C1B89B}.Debug|ARM64.ActiveCfg = Debug|Any CPU
		{77F70064-C0B4-40FF-88FA-CA6795C1B89B}.Debug|ARM64.Build.0 = Debug|Any CPU
		{77F70064-C0B4-40FF-88FA-CA6795C1B89B}.Debug|iPhone.ActiveCfg = Debug|Any CPU
		{77F70064-C0B4-40FF-88FA-CA6795C1B89B}.Debug|iPhone.Build.0 = Debug|Any CPU
		{77F70064-C0B4-40FF-88FA-CA6795C1B89B}.Debug|iPhoneSimulator.ActiveCfg = Debug|Any CPU
		{77F70064-C0B4-40FF-88FA-CA6795C1B89B}.Debug|iPhoneSimulator.Build.0 = Debug|Any CPU
		{77F70064-C0B4-40FF-88FA-CA6795C1B89B}.Debug|x64.ActiveCfg = Debug|Any CPU
		{77F70064-C0B4-40FF-88FA-CA6795C1B89B}.Debug|x64.Build.0 = Debug|Any CPU
		{77F70064-C0B4-40FF-88FA-CA6795C1B89B}.Debug|x86.ActiveCfg = Debug|Any CPU
		{77F70064-C0B4-40FF-88FA-CA6795C1B89B}.Debug|x86.Build.0 = Debug|Any CPU
		{77F70064-C0B4-40FF-88FA-CA6795C1B89B}.Release|Any CPU.ActiveCfg = Release|Any CPU
		{77F70064-C0B4-40FF-88FA-CA6795C1B89B}.Release|Any CPU.Build.0 = Release|Any CPU
		{77F70064-C0B4-40FF-88FA-CA6795C1B89B}.Release|ARM.ActiveCfg = Release|Any CPU
		{77F70064-C0B4-40FF-88FA-CA6795C1B89B}.Release|ARM.Build.0 = Release|Any CPU
		{77F70064-C0B4-40FF-88FA-CA6795C1B89B}.Release|ARM64.ActiveCfg = Release|Any CPU
		{77F70064-C0B4-40FF-88FA-CA6795C1B89B}.Release|ARM64.Build.0 = Release|Any CPU
		{77F70064-C0B4-40FF-88FA-CA6795C1B89B}.Release|iPhone.ActiveCfg = Release|Any CPU
		{77F70064-C0B4-40FF-88FA-CA6795C1B89B}.Release|iPhone.Build.0 = Release|Any CPU
		{77F70064-C0B4-40FF-88FA-CA6795C1B89B}.Release|iPhoneSimulator.ActiveCfg = Release|Any CPU
		{77F70064-C0B4-40FF-88FA-CA6795C1B89B}.Release|iPhoneSimulator.Build.0 = Release|Any CPU
		{77F70064-C0B4-40FF-88FA-CA6795C1B89B}.Release|x64.ActiveCfg = Release|Any CPU
		{77F70064-C0B4-40FF-88FA-CA6795C1B89B}.Release|x64.Build.0 = Release|Any CPU
		{77F70064-C0B4-40FF-88FA-CA6795C1B89B}.Release|x86.ActiveCfg = Release|Any CPU
		{77F70064-C0B4-40FF-88FA-CA6795C1B89B}.Release|x86.Build.0 = Release|Any CPU
		{A7D92144-E173-4D19-8626-D642F7C3B29B}.Debug|Any CPU.ActiveCfg = Debug|iPhoneSimulator
		{A7D92144-E173-4D19-8626-D642F7C3B29B}.Debug|ARM.ActiveCfg = Debug|iPhoneSimulator
		{A7D92144-E173-4D19-8626-D642F7C3B29B}.Debug|ARM64.ActiveCfg = Debug|iPhoneSimulator
		{A7D92144-E173-4D19-8626-D642F7C3B29B}.Debug|iPhone.ActiveCfg = Debug|iPhone
		{A7D92144-E173-4D19-8626-D642F7C3B29B}.Debug|iPhone.Build.0 = Debug|iPhone
		{A7D92144-E173-4D19-8626-D642F7C3B29B}.Debug|iPhoneSimulator.ActiveCfg = Debug|iPhoneSimulator
		{A7D92144-E173-4D19-8626-D642F7C3B29B}.Debug|iPhoneSimulator.Build.0 = Debug|iPhoneSimulator
		{A7D92144-E173-4D19-8626-D642F7C3B29B}.Debug|x64.ActiveCfg = Debug|iPhoneSimulator
		{A7D92144-E173-4D19-8626-D642F7C3B29B}.Debug|x86.ActiveCfg = Debug|iPhoneSimulator
		{A7D92144-E173-4D19-8626-D642F7C3B29B}.Release|Any CPU.ActiveCfg = Release|iPhoneSimulator
		{A7D92144-E173-4D19-8626-D642F7C3B29B}.Release|ARM.ActiveCfg = Release|iPhoneSimulator
		{A7D92144-E173-4D19-8626-D642F7C3B29B}.Release|ARM64.ActiveCfg = Release|iPhoneSimulator
		{A7D92144-E173-4D19-8626-D642F7C3B29B}.Release|iPhone.ActiveCfg = Release|iPhone
		{A7D92144-E173-4D19-8626-D642F7C3B29B}.Release|iPhone.Build.0 = Release|iPhone
		{A7D92144-E173-4D19-8626-D642F7C3B29B}.Release|iPhoneSimulator.ActiveCfg = Release|iPhoneSimulator
		{A7D92144-E173-4D19-8626-D642F7C3B29B}.Release|iPhoneSimulator.Build.0 = Release|iPhoneSimulator
		{A7D92144-E173-4D19-8626-D642F7C3B29B}.Release|x64.ActiveCfg = Release|iPhoneSimulator
		{A7D92144-E173-4D19-8626-D642F7C3B29B}.Release|x86.ActiveCfg = Release|iPhoneSimulator
		{A8FAF9C6-795A-41EA-BD5D-12A37C17CAF9}.Debug|Any CPU.ActiveCfg = Debug|Any CPU
		{A8FAF9C6-795A-41EA-BD5D-12A37C17CAF9}.Debug|Any CPU.Build.0 = Debug|Any CPU
		{A8FAF9C6-795A-41EA-BD5D-12A37C17CAF9}.Debug|ARM.ActiveCfg = Debug|Any CPU
		{A8FAF9C6-795A-41EA-BD5D-12A37C17CAF9}.Debug|ARM.Build.0 = Debug|Any CPU
		{A8FAF9C6-795A-41EA-BD5D-12A37C17CAF9}.Debug|ARM64.ActiveCfg = Debug|Any CPU
		{A8FAF9C6-795A-41EA-BD5D-12A37C17CAF9}.Debug|ARM64.Build.0 = Debug|Any CPU
		{A8FAF9C6-795A-41EA-BD5D-12A37C17CAF9}.Debug|iPhone.ActiveCfg = Debug|Any CPU
		{A8FAF9C6-795A-41EA-BD5D-12A37C17CAF9}.Debug|iPhone.Build.0 = Debug|Any CPU
		{A8FAF9C6-795A-41EA-BD5D-12A37C17CAF9}.Debug|iPhoneSimulator.ActiveCfg = Debug|Any CPU
		{A8FAF9C6-795A-41EA-BD5D-12A37C17CAF9}.Debug|iPhoneSimulator.Build.0 = Debug|Any CPU
		{A8FAF9C6-795A-41EA-BD5D-12A37C17CAF9}.Debug|x64.ActiveCfg = Debug|Any CPU
		{A8FAF9C6-795A-41EA-BD5D-12A37C17CAF9}.Debug|x64.Build.0 = Debug|Any CPU
		{A8FAF9C6-795A-41EA-BD5D-12A37C17CAF9}.Debug|x86.ActiveCfg = Debug|Any CPU
		{A8FAF9C6-795A-41EA-BD5D-12A37C17CAF9}.Release|Any CPU.ActiveCfg = Release|Any CPU
		{A8FAF9C6-795A-41EA-BD5D-12A37C17CAF9}.Release|Any CPU.Build.0 = Release|Any CPU
		{A8FAF9C6-795A-41EA-BD5D-12A37C17CAF9}.Release|ARM.ActiveCfg = Release|Any CPU
		{A8FAF9C6-795A-41EA-BD5D-12A37C17CAF9}.Release|ARM.Build.0 = Release|Any CPU
		{A8FAF9C6-795A-41EA-BD5D-12A37C17CAF9}.Release|ARM64.ActiveCfg = Release|Any CPU
		{A8FAF9C6-795A-41EA-BD5D-12A37C17CAF9}.Release|ARM64.Build.0 = Release|Any CPU
		{A8FAF9C6-795A-41EA-BD5D-12A37C17CAF9}.Release|iPhone.ActiveCfg = Release|Any CPU
		{A8FAF9C6-795A-41EA-BD5D-12A37C17CAF9}.Release|iPhone.Build.0 = Release|Any CPU
		{A8FAF9C6-795A-41EA-BD5D-12A37C17CAF9}.Release|iPhoneSimulator.ActiveCfg = Release|Any CPU
		{A8FAF9C6-795A-41EA-BD5D-12A37C17CAF9}.Release|iPhoneSimulator.Build.0 = Release|Any CPU
		{A8FAF9C6-795A-41EA-BD5D-12A37C17CAF9}.Release|x64.ActiveCfg = Release|Any CPU
		{A8FAF9C6-795A-41EA-BD5D-12A37C17CAF9}.Release|x64.Build.0 = Release|Any CPU
		{A8FAF9C6-795A-41EA-BD5D-12A37C17CAF9}.Release|x86.ActiveCfg = Release|Any CPU
		{A8FAF9C6-795A-41EA-BD5D-12A37C17CAF9}.Release|x86.Build.0 = Release|Any CPU
		{4D8A37A5-EBC4-43AE-9865-4B16CC9CA48D}.Debug|Any CPU.ActiveCfg = Debug|Any CPU
		{4D8A37A5-EBC4-43AE-9865-4B16CC9CA48D}.Debug|Any CPU.Build.0 = Debug|Any CPU
		{4D8A37A5-EBC4-43AE-9865-4B16CC9CA48D}.Debug|Any CPU.Deploy.0 = Debug|Any CPU
		{4D8A37A5-EBC4-43AE-9865-4B16CC9CA48D}.Debug|ARM.ActiveCfg = Debug|ARM
		{4D8A37A5-EBC4-43AE-9865-4B16CC9CA48D}.Debug|ARM.Build.0 = Debug|ARM
		{4D8A37A5-EBC4-43AE-9865-4B16CC9CA48D}.Debug|ARM.Deploy.0 = Debug|ARM
		{4D8A37A5-EBC4-43AE-9865-4B16CC9CA48D}.Debug|ARM64.ActiveCfg = Debug|ARM64
		{4D8A37A5-EBC4-43AE-9865-4B16CC9CA48D}.Debug|ARM64.Build.0 = Debug|ARM64
		{4D8A37A5-EBC4-43AE-9865-4B16CC9CA48D}.Debug|ARM64.Deploy.0 = Debug|ARM64
		{4D8A37A5-EBC4-43AE-9865-4B16CC9CA48D}.Debug|iPhone.ActiveCfg = Debug|Any CPU
		{4D8A37A5-EBC4-43AE-9865-4B16CC9CA48D}.Debug|iPhone.Build.0 = Debug|Any CPU
		{4D8A37A5-EBC4-43AE-9865-4B16CC9CA48D}.Debug|iPhone.Deploy.0 = Debug|Any CPU
		{4D8A37A5-EBC4-43AE-9865-4B16CC9CA48D}.Debug|iPhoneSimulator.ActiveCfg = Debug|Any CPU
		{4D8A37A5-EBC4-43AE-9865-4B16CC9CA48D}.Debug|iPhoneSimulator.Build.0 = Debug|Any CPU
		{4D8A37A5-EBC4-43AE-9865-4B16CC9CA48D}.Debug|iPhoneSimulator.Deploy.0 = Debug|Any CPU
		{4D8A37A5-EBC4-43AE-9865-4B16CC9CA48D}.Debug|x64.ActiveCfg = Debug|Any CPU
		{4D8A37A5-EBC4-43AE-9865-4B16CC9CA48D}.Debug|x64.Build.0 = Debug|Any CPU
		{4D8A37A5-EBC4-43AE-9865-4B16CC9CA48D}.Debug|x64.Deploy.0 = Debug|Any CPU
		{4D8A37A5-EBC4-43AE-9865-4B16CC9CA48D}.Debug|x86.ActiveCfg = Debug|x86
		{4D8A37A5-EBC4-43AE-9865-4B16CC9CA48D}.Debug|x86.Build.0 = Debug|x86
		{4D8A37A5-EBC4-43AE-9865-4B16CC9CA48D}.Debug|x86.Deploy.0 = Debug|x86
		{4D8A37A5-EBC4-43AE-9865-4B16CC9CA48D}.Release|Any CPU.ActiveCfg = Release|Any CPU
		{4D8A37A5-EBC4-43AE-9865-4B16CC9CA48D}.Release|Any CPU.Build.0 = Release|Any CPU
		{4D8A37A5-EBC4-43AE-9865-4B16CC9CA48D}.Release|Any CPU.Deploy.0 = Release|Any CPU
		{4D8A37A5-EBC4-43AE-9865-4B16CC9CA48D}.Release|ARM.ActiveCfg = Release|ARM
		{4D8A37A5-EBC4-43AE-9865-4B16CC9CA48D}.Release|ARM.Build.0 = Release|ARM
		{4D8A37A5-EBC4-43AE-9865-4B16CC9CA48D}.Release|ARM.Deploy.0 = Release|ARM
		{4D8A37A5-EBC4-43AE-9865-4B16CC9CA48D}.Release|ARM64.ActiveCfg = Release|ARM64
		{4D8A37A5-EBC4-43AE-9865-4B16CC9CA48D}.Release|ARM64.Build.0 = Release|ARM64
		{4D8A37A5-EBC4-43AE-9865-4B16CC9CA48D}.Release|ARM64.Deploy.0 = Release|ARM64
		{4D8A37A5-EBC4-43AE-9865-4B16CC9CA48D}.Release|iPhone.ActiveCfg = Release|Any CPU
		{4D8A37A5-EBC4-43AE-9865-4B16CC9CA48D}.Release|iPhone.Build.0 = Release|Any CPU
		{4D8A37A5-EBC4-43AE-9865-4B16CC9CA48D}.Release|iPhone.Deploy.0 = Release|Any CPU
		{4D8A37A5-EBC4-43AE-9865-4B16CC9CA48D}.Release|iPhoneSimulator.ActiveCfg = Release|Any CPU
		{4D8A37A5-EBC4-43AE-9865-4B16CC9CA48D}.Release|iPhoneSimulator.Build.0 = Release|Any CPU
		{4D8A37A5-EBC4-43AE-9865-4B16CC9CA48D}.Release|iPhoneSimulator.Deploy.0 = Release|Any CPU
		{4D8A37A5-EBC4-43AE-9865-4B16CC9CA48D}.Release|x64.ActiveCfg = Release|x64
		{4D8A37A5-EBC4-43AE-9865-4B16CC9CA48D}.Release|x64.Build.0 = Release|x64
		{4D8A37A5-EBC4-43AE-9865-4B16CC9CA48D}.Release|x64.Deploy.0 = Release|x64
		{4D8A37A5-EBC4-43AE-9865-4B16CC9CA48D}.Release|x86.ActiveCfg = Release|x86
		{4D8A37A5-EBC4-43AE-9865-4B16CC9CA48D}.Release|x86.Build.0 = Release|x86
		{4D8A37A5-EBC4-43AE-9865-4B16CC9CA48D}.Release|x86.Deploy.0 = Release|x86
	EndGlobalSection
	GlobalSection(SolutionProperties) = preSolution
		HideSolutionNode = FALSE
	EndGlobalSection
	GlobalSection(ExtensibilityGlobals) = postSolution
		SolutionGuid = {712D1144-9FDB-4394-AE3C-DA16C9FBE394}
	EndGlobalSection
EndGlobal
