
Microsoft Visual Studio Solution File, Format Version 12.00
# Visual Studio Version 16
VisualStudioVersion = 16.0.31402.337
MinimumVisualStudioVersion = 10.0.40219.1
Project("{FAE04EC0-301F-11D3-BF4B-00C04F79EFBC}") = "MonkeyPaste.Server", "MonkeyPaste.Server.csproj", "{8C3E1BB3-2C0F-4389-A8A4-B168F6E97094}"
EndProject
Global
	GlobalSection(SolutionConfigurationPlatforms) = preSolution
		Debug|Any CPU = Debug|Any CPU
		Release|Any CPU = Release|Any CPU
	EndGlobalSection
	GlobalSection(ProjectConfigurationPlatforms) = postSolution
		{8C3E1BB3-2C0F-4389-A8A4-B168F6E97094}.Debug|Any CPU.ActiveCfg = Debug|Any CPU
		{8C3E1BB3-2C0F-4389-A8A4-B168F6E97094}.Debug|Any CPU.Build.0 = Debug|Any CPU
		{8C3E1BB3-2C0F-4389-A8A4-B168F6E97094}.Release|Any CPU.ActiveCfg = Release|Any CPU
		{8C3E1BB3-2C0F-4389-A8A4-B168F6E97094}.Release|Any CPU.Build.0 = Release|Any CPU
	EndGlobalSection
	GlobalSection(SolutionProperties) = preSolution
		HideSolutionNode = FALSE
	EndGlobalSection
	GlobalSection(ExtensibilityGlobals) = postSolution
		SolutionGuid = {B43652CE-13FF-4C3C-B973-31981C7460C7}
	EndGlobalSection
EndGlobal
