
Microsoft Visual Studio Solution File, Format Version 12.00
# Visual Studio Version 16
VisualStudioVersion = 16.0.31321.278
MinimumVisualStudioVersion = 10.0.40219.1
Project("{FAE04EC0-301F-11D3-BF4B-00C04F79EFBC}") = "MonkeyPaste.Server", "MonkeyPaste.Server.csproj", "{24070383-4ADF-40FD-999B-F31ED00657B3}"
EndProject
Global
	GlobalSection(SolutionConfigurationPlatforms) = preSolution
		Debug|Any CPU = Debug|Any CPU
		Release|Any CPU = Release|Any CPU
	EndGlobalSection
	GlobalSection(ProjectConfigurationPlatforms) = postSolution
		{24070383-4ADF-40FD-999B-F31ED00657B3}.Debug|Any CPU.ActiveCfg = Debug|Any CPU
		{24070383-4ADF-40FD-999B-F31ED00657B3}.Debug|Any CPU.Build.0 = Debug|Any CPU
		{24070383-4ADF-40FD-999B-F31ED00657B3}.Release|Any CPU.ActiveCfg = Release|Any CPU
		{24070383-4ADF-40FD-999B-F31ED00657B3}.Release|Any CPU.Build.0 = Release|Any CPU
	EndGlobalSection
	GlobalSection(SolutionProperties) = preSolution
		HideSolutionNode = FALSE
	EndGlobalSection
	GlobalSection(ExtensibilityGlobals) = postSolution
		SolutionGuid = {349DAB54-9918-40E7-83E0-FCCC8B2A5434}
	EndGlobalSection
EndGlobal
