
Microsoft Visual Studio Solution File, Format Version 12.00
# Visual Studio Version 16
VisualStudioVersion = 16.0.30503.244
MinimumVisualStudioVersion = 10.0.40219.1
Project("{FAE04EC0-301F-11D3-BF4B-00C04F79EFBC}") = "WpfShareSource", "WpfShareSource\WpfShareSource.csproj", "{EA312D52-E025-4F8D-8469-B6D7D8574468}"
EndProject
Project("{8BC9CEB8-8B4A-11D0-8D11-00A0C91BC942}") = "Win32_Share_Desktop", "Win32_Share_Desktop\Win32_Share_Desktop\Win32_Share_Desktop.vcxproj", "{74CA8B6F-043E-4DE1-98C3-EAD1212B8312}"
EndProject
Global
	GlobalSection(SolutionConfigurationPlatforms) = preSolution
		Debug|Any CPU = Debug|Any CPU
		Debug|x86 = Debug|x86
		Release|Any CPU = Release|Any CPU
		Release|x86 = Release|x86
	EndGlobalSection
	GlobalSection(ProjectConfigurationPlatforms) = postSolution
		{EA312D52-E025-4F8D-8469-B6D7D8574468}.Debug|Any CPU.ActiveCfg = Debug|Any CPU
		{EA312D52-E025-4F8D-8469-B6D7D8574468}.Debug|Any CPU.Build.0 = Debug|Any CPU
		{EA312D52-E025-4F8D-8469-B6D7D8574468}.Debug|x86.ActiveCfg = Debug|Any CPU
		{EA312D52-E025-4F8D-8469-B6D7D8574468}.Debug|x86.Build.0 = Debug|Any CPU
		{EA312D52-E025-4F8D-8469-B6D7D8574468}.Release|Any CPU.ActiveCfg = Release|Any CPU
		{EA312D52-E025-4F8D-8469-B6D7D8574468}.Release|Any CPU.Build.0 = Release|Any CPU
		{EA312D52-E025-4F8D-8469-B6D7D8574468}.Release|x86.ActiveCfg = Release|Any CPU
		{EA312D52-E025-4F8D-8469-B6D7D8574468}.Release|x86.Build.0 = Release|Any CPU
		{74CA8B6F-043E-4DE1-98C3-EAD1212B8312}.Debug|Any CPU.ActiveCfg = Debug|Win32
		{74CA8B6F-043E-4DE1-98C3-EAD1212B8312}.Debug|x86.ActiveCfg = Debug|Win32
		{74CA8B6F-043E-4DE1-98C3-EAD1212B8312}.Debug|x86.Build.0 = Debug|Win32
		{74CA8B6F-043E-4DE1-98C3-EAD1212B8312}.Release|Any CPU.ActiveCfg = Release|Win32
		{74CA8B6F-043E-4DE1-98C3-EAD1212B8312}.Release|x86.ActiveCfg = Release|Win32
		{74CA8B6F-043E-4DE1-98C3-EAD1212B8312}.Release|x86.Build.0 = Release|Win32
	EndGlobalSection
	GlobalSection(SolutionProperties) = preSolution
		HideSolutionNode = FALSE
	EndGlobalSection
	GlobalSection(ExtensibilityGlobals) = postSolution
		SolutionGuid = {306C4040-0251-4F5A-B289-DB7892DE9524}
	EndGlobalSection
EndGlobal
